
Microsoft Visual Studio Solution File, Format Version 12.00
# Visual Studio Version 17
VisualStudioVersion = 17.0.32112.339
MinimumVisualStudioVersion = 10.0.40219.1
Project("{2150E333-8FDC-42A3-9474-1A3956D46DE8}") = "src", "src", "{1DF0F472-E4CA-4EFD-9459-F5B90E2E8E67}"
EndProject
Project("{9A19103F-16F7-4668-BE54-9A1E7A4F7556}") = "Bellatrix.Web", "src\Bellatrix.Web\Bellatrix.Web.csproj", "{BD61AD2E-71C8-4E3D-9B79-C34660CD6CD7}"
EndProject
Project("{2150E333-8FDC-42A3-9474-1A3956D46DE8}") = "shared", "shared", "{49ABB9ED-76B9-4A05-8DE8-648923CF792B}"
	ProjectSection(SolutionItems) = preProject
		.editorconfig = .editorconfig
		.gitignore = .gitignore
		.tfignore = .tfignore
		shared\bellatrix_icon.png = shared\bellatrix_icon.png
		LICENSE = LICENSE
		shared\LICENSE.txt = shared\LICENSE.txt
		shared\SharedAssemblyInfo.targets = shared\SharedAssemblyInfo.targets
	EndProjectSection
EndProject
Project("{2150E333-8FDC-42A3-9474-1A3956D46DE8}") = "frameworktests", "frameworktests", "{A48D5A62-96E5-4D44-818C-18748101CCC5}"
EndProject
Project("{9A19103F-16F7-4668-BE54-9A1E7A4F7556}") = "Bellatrix.API", "src\Bellatrix.Api\Bellatrix.API.csproj", "{B1DF9A0A-2218-4F91-83AB-2830EA2B2014}"
EndProject
Project("{9A19103F-16F7-4668-BE54-9A1E7A4F7556}") = "Bellatrix.Layout", "src\Bellatrix.Layout\Bellatrix.Layout.csproj", "{49932FF4-0BB7-4B74-99DB-5E8D78D8051E}"
EndProject
Project("{9A19103F-16F7-4668-BE54-9A1E7A4F7556}") = "Bellatrix.Desktop", "src\Bellatrix.Desktop\Bellatrix.Desktop.csproj", "{3C224657-2F76-4997-BE2E-B8CC8D8F98D5}"
EndProject
Project("{2150E333-8FDC-42A3-9474-1A3956D46DE8}") = "starthere", "starthere", "{1BC68BA5-84FB-42A9-B733-6BFBB327EF8B}"
EndProject
Project("{9A19103F-16F7-4668-BE54-9A1E7A4F7556}") = "Bellatrix.Mobile", "src\Bellatrix.Mobile\Bellatrix.Mobile.csproj", "{782C017B-03B5-491A-8058-0E98A56A7730}"
EndProject
Project("{9A19103F-16F7-4668-BE54-9A1E7A4F7556}") = "Bellatrix.Results.Allure", "src\Bellatrix.Allure\Bellatrix.Results.Allure.csproj", "{066E5471-7F04-4DB7-85D3-69D6D6464F46}"
EndProject
Project("{9A19103F-16F7-4668-BE54-9A1E7A4F7556}") = "Bellatrix.API.GettingStarted", "templates\Bellatrix.API.GettingStarted\Bellatrix.API.GettingStarted.csproj", "{BE3F14A5-B8E0-4D4F-B873-8D21DD8D1F0B}"
EndProject
Project("{9A19103F-16F7-4668-BE54-9A1E7A4F7556}") = "Bellatrix.Desktop.GettingStarted", "templates\Bellatrix.Desktop.GettingStarted\Bellatrix.Desktop.GettingStarted.csproj", "{52921B2D-65F6-4069-B5B5-5BC2E36823D3}"
EndProject
Project("{9A19103F-16F7-4668-BE54-9A1E7A4F7556}") = "Bellatrix.IOS.GettingStarted", "templates\Bellatrix.IOS.GettingStarted\Bellatrix.IOS.GettingStarted.csproj", "{AFA64BA1-DEC5-4CE5-84BC-C1984EF08539}"
EndProject
Project("{9A19103F-16F7-4668-BE54-9A1E7A4F7556}") = "Bellatrix.Android.GettingStarted", "templates\Bellatrix.Android.GettingStarted\Bellatrix.Android.GettingStarted.csproj", "{63C58E46-5934-446F-ABF9-08D9395FCA89}"
EndProject
Project("{9A19103F-16F7-4668-BE54-9A1E7A4F7556}") = "Bellatrix.Web.GettingStarted", "templates\Bellatrix.Web.GettingStarted\Bellatrix.Web.GettingStarted.csproj", "{3F76EC74-87E9-41EB-A4BF-14B42D7BEC13}"
EndProject
Project("{9A19103F-16F7-4668-BE54-9A1E7A4F7556}") = "Bellatrix.API.Tests", "tests\Bellatrix.API.tests\Bellatrix.API.Tests.csproj", "{0AF83D6C-F5BE-420E-A60B-6C0A5BA32198}"
EndProject
Project("{9A19103F-16F7-4668-BE54-9A1E7A4F7556}") = "Bellatrix.Desktop.Tests", "tests\Bellatrix.Desktop.tests\Bellatrix.Desktop.Tests.csproj", "{98C10EF5-874B-4E97-8996-62AE5E4ADF57}"
EndProject
Project("{9A19103F-16F7-4668-BE54-9A1E7A4F7556}") = "Bellatrix.Mobile.Android.Tests", "tests\Bellatrix.Mobile.Android.tests\Bellatrix.Mobile.Android.Tests.csproj", "{B1CB28FF-86E6-4989-BB10-F790E96452BC}"
EndProject
Project("{9A19103F-16F7-4668-BE54-9A1E7A4F7556}") = "Bellatrix.Mobile.IOS.Tests", "tests\Bellatrix.Mobile.IOS.tests\Bellatrix.Mobile.IOS.Tests.csproj", "{D6DE1943-0BBA-48B7-A9CF-42B122837E01}"
EndProject
Project("{9A19103F-16F7-4668-BE54-9A1E7A4F7556}") = "Bellatrix.Web.Tests", "tests\Bellatrix.Web.tests\Bellatrix.Web.Tests.csproj", "{D78AD8D0-5D1E-468B-9406-3F501A24F30F}"
EndProject
Project("{9A19103F-16F7-4668-BE54-9A1E7A4F7556}") = "Bellatrix.ImageRecognition", "src\Bellatrix.ImageRecognition\Bellatrix.ImageRecognition.csproj", "{7C6F2754-83B4-499D-916A-01D4DF9B2F42}"
EndProject
Project("{9A19103F-16F7-4668-BE54-9A1E7A4F7556}") = "Bellatrix.DynamicTestCases", "src\Bellatrix.DynamicTestCases\Bellatrix.DynamicTestCases.csproj", "{FEB95B08-B353-4446-9756-ACC6B363F505}"
EndProject
Project("{9A19103F-16F7-4668-BE54-9A1E7A4F7556}") = "Bellatrix.BugReporting", "src\Bellatrix.BugReporting\Bellatrix.BugReporting.csproj", "{2CF946A9-5E40-46F4-821B-E9F7F2A71032}"
EndProject
Project("{2150E333-8FDC-42A3-9474-1A3956D46DE8}") = "integrations", "integrations", "{E8AA67CB-09C6-4E4B-AFF1-0D5875903C34}"
EndProject
Project("{9A19103F-16F7-4668-BE54-9A1E7A4F7556}") = "Bellatrix.Core", "src\Bellatrix.Core\Bellatrix.Core.csproj", "{41D201A3-7C12-42F7-9208-BF2A8224DE3C}"
EndProject
Project("{9A19103F-16F7-4668-BE54-9A1E7A4F7556}") = "Bellatrix.Plugins.Screenshots", "src\Bellatrix.Plugins.Screenshots\Bellatrix.Plugins.Screenshots.csproj", "{FB3976A8-B006-4458-9309-74C1DC0527CF}"
EndProject
Project("{9A19103F-16F7-4668-BE54-9A1E7A4F7556}") = "Bellatrix.Plugins.Video", "src\Bellatrix.Plugins.Video\Bellatrix.Plugins.Video.csproj", "{1655D07C-3977-421E-96EF-818B33F4582F}"
EndProject
Project("{9A19103F-16F7-4668-BE54-9A1E7A4F7556}") = "Bellatrix.API.Tests", "templates\Bellatrix.API.Tests\Bellatrix.API.Tests.csproj", "{1324787E-16DD-40DD-B81E-62C750A4CE0B}"
EndProject
Project("{9A19103F-16F7-4668-BE54-9A1E7A4F7556}") = "Bellatrix.Desktop.Tests", "templates\Bellatrix.Desktop.Tests\Bellatrix.Desktop.Tests.csproj", "{E979D9FB-3C1F-40BC-A135-207DE454F35D}"
EndProject
Project("{2150E333-8FDC-42A3-9474-1A3956D46DE8}") = "starterkits", "starterkits", "{74747D87-4B09-479B-B2FC-63F2CCAC4201}"
EndProject
Project("{9A19103F-16F7-4668-BE54-9A1E7A4F7556}") = "Bellatrix.Web.Tests", "templates\Bellatrix.Web.Tests\Bellatrix.Web.Tests.csproj", "{35D95A27-61C9-4951-B5F9-5D087B7E3570}"
EndProject
Project("{9A19103F-16F7-4668-BE54-9A1E7A4F7556}") = "Bellatrix.Mobile.Tests", "templates\Bellatrix.Mobile.Tests\Bellatrix.Mobile.Tests.csproj", "{27D8C2B5-1977-4990-AC21-7B775918FD97}"
EndProject
Project("{9A19103F-16F7-4668-BE54-9A1E7A4F7556}") = "Bellatrix.CognitiveServices", "src\Bellatrix.CognitiveServices\Bellatrix.CognitiveServices.csproj", "{DBA0A06A-9557-4ECD-82B4-9E859F7B5D81}"
EndProject
Project("{9A19103F-16F7-4668-BE54-9A1E7A4F7556}") = "Bellatrix.KeyVault", "src\Bellatrix.KeyVault\Bellatrix.KeyVault.csproj", "{CD72BD04-655A-45B6-9BF3-DB6F1C6FDA3D}"
EndProject
Project("{9A19103F-16F7-4668-BE54-9A1E7A4F7556}") = "Bellatrix.AppInsights", "src\Bellatrix.AppInsights\Bellatrix.AppInsights.csproj", "{0D8E9CEB-A9B3-4A89-8A47-04417D46DAB2}"
EndProject
Project("{9A19103F-16F7-4668-BE54-9A1E7A4F7556}") = "Bellatrix.Email", "src\Bellatrix.Email\Bellatrix.Email.csproj", "{282955A5-8980-48F5-8F6E-4AE9E74AE189}"
EndProject
Project("{9A19103F-16F7-4668-BE54-9A1E7A4F7556}") = "Bellatrix.AWS", "src\Bellatrix.AWS\Bellatrix.AWS.csproj", "{1AFF3507-F2C7-4240-A9D4-B166BEAC9B6F}"
EndProject
Global
	GlobalSection(SolutionConfigurationPlatforms) = preSolution
		DEBUG|Any CPU = DEBUG|Any CPU
		DEBUG|ARM = DEBUG|ARM
		DEBUG|x64 = DEBUG|x64
		DEBUG|x86 = DEBUG|x86
		QA|Any CPU = QA|Any CPU
		QA|ARM = QA|ARM
		QA|x64 = QA|x64
		QA|x86 = QA|x86
		STAGE|Any CPU = STAGE|Any CPU
		STAGE|ARM = STAGE|ARM
		STAGE|x64 = STAGE|x64
		STAGE|x86 = STAGE|x86
	EndGlobalSection
	GlobalSection(ProjectConfigurationPlatforms) = postSolution
		{BD61AD2E-71C8-4E3D-9B79-C34660CD6CD7}.DEBUG|Any CPU.ActiveCfg = Debug|Any CPU
		{BD61AD2E-71C8-4E3D-9B79-C34660CD6CD7}.DEBUG|Any CPU.Build.0 = Debug|Any CPU
		{BD61AD2E-71C8-4E3D-9B79-C34660CD6CD7}.DEBUG|ARM.ActiveCfg = Debug|Any CPU
		{BD61AD2E-71C8-4E3D-9B79-C34660CD6CD7}.DEBUG|ARM.Build.0 = Debug|Any CPU
		{BD61AD2E-71C8-4E3D-9B79-C34660CD6CD7}.DEBUG|x64.ActiveCfg = Debug|Any CPU
		{BD61AD2E-71C8-4E3D-9B79-C34660CD6CD7}.DEBUG|x64.Build.0 = Debug|Any CPU
		{BD61AD2E-71C8-4E3D-9B79-C34660CD6CD7}.DEBUG|x86.ActiveCfg = Debug|Any CPU
		{BD61AD2E-71C8-4E3D-9B79-C34660CD6CD7}.DEBUG|x86.Build.0 = Debug|Any CPU
		{BD61AD2E-71C8-4E3D-9B79-C34660CD6CD7}.QA|Any CPU.ActiveCfg = Release|Any CPU
		{BD61AD2E-71C8-4E3D-9B79-C34660CD6CD7}.QA|Any CPU.Build.0 = Release|Any CPU
		{BD61AD2E-71C8-4E3D-9B79-C34660CD6CD7}.QA|ARM.ActiveCfg = Release|Any CPU
		{BD61AD2E-71C8-4E3D-9B79-C34660CD6CD7}.QA|ARM.Build.0 = Release|Any CPU
		{BD61AD2E-71C8-4E3D-9B79-C34660CD6CD7}.QA|x64.ActiveCfg = Release|Any CPU
		{BD61AD2E-71C8-4E3D-9B79-C34660CD6CD7}.QA|x64.Build.0 = Release|Any CPU
		{BD61AD2E-71C8-4E3D-9B79-C34660CD6CD7}.QA|x86.ActiveCfg = Release|Any CPU
		{BD61AD2E-71C8-4E3D-9B79-C34660CD6CD7}.QA|x86.Build.0 = Release|Any CPU
		{BD61AD2E-71C8-4E3D-9B79-C34660CD6CD7}.STAGE|Any CPU.ActiveCfg = Debug|Any CPU
		{BD61AD2E-71C8-4E3D-9B79-C34660CD6CD7}.STAGE|Any CPU.Build.0 = Debug|Any CPU
		{BD61AD2E-71C8-4E3D-9B79-C34660CD6CD7}.STAGE|ARM.ActiveCfg = Debug|Any CPU
		{BD61AD2E-71C8-4E3D-9B79-C34660CD6CD7}.STAGE|ARM.Build.0 = Debug|Any CPU
		{BD61AD2E-71C8-4E3D-9B79-C34660CD6CD7}.STAGE|x64.ActiveCfg = Debug|Any CPU
		{BD61AD2E-71C8-4E3D-9B79-C34660CD6CD7}.STAGE|x64.Build.0 = Debug|Any CPU
		{BD61AD2E-71C8-4E3D-9B79-C34660CD6CD7}.STAGE|x86.ActiveCfg = Debug|Any CPU
		{BD61AD2E-71C8-4E3D-9B79-C34660CD6CD7}.STAGE|x86.Build.0 = Debug|Any CPU
		{B1DF9A0A-2218-4F91-83AB-2830EA2B2014}.DEBUG|Any CPU.ActiveCfg = Debug|Any CPU
		{B1DF9A0A-2218-4F91-83AB-2830EA2B2014}.DEBUG|Any CPU.Build.0 = Debug|Any CPU
		{B1DF9A0A-2218-4F91-83AB-2830EA2B2014}.DEBUG|ARM.ActiveCfg = Debug|Any CPU
		{B1DF9A0A-2218-4F91-83AB-2830EA2B2014}.DEBUG|ARM.Build.0 = Debug|Any CPU
		{B1DF9A0A-2218-4F91-83AB-2830EA2B2014}.DEBUG|x64.ActiveCfg = Debug|Any CPU
		{B1DF9A0A-2218-4F91-83AB-2830EA2B2014}.DEBUG|x64.Build.0 = Debug|Any CPU
		{B1DF9A0A-2218-4F91-83AB-2830EA2B2014}.DEBUG|x86.ActiveCfg = Debug|Any CPU
		{B1DF9A0A-2218-4F91-83AB-2830EA2B2014}.DEBUG|x86.Build.0 = Debug|Any CPU
		{B1DF9A0A-2218-4F91-83AB-2830EA2B2014}.QA|Any CPU.ActiveCfg = Release|Any CPU
		{B1DF9A0A-2218-4F91-83AB-2830EA2B2014}.QA|Any CPU.Build.0 = Release|Any CPU
		{B1DF9A0A-2218-4F91-83AB-2830EA2B2014}.QA|ARM.ActiveCfg = Release|Any CPU
		{B1DF9A0A-2218-4F91-83AB-2830EA2B2014}.QA|ARM.Build.0 = Release|Any CPU
		{B1DF9A0A-2218-4F91-83AB-2830EA2B2014}.QA|x64.ActiveCfg = Release|Any CPU
		{B1DF9A0A-2218-4F91-83AB-2830EA2B2014}.QA|x64.Build.0 = Release|Any CPU
		{B1DF9A0A-2218-4F91-83AB-2830EA2B2014}.QA|x86.ActiveCfg = Release|Any CPU
		{B1DF9A0A-2218-4F91-83AB-2830EA2B2014}.QA|x86.Build.0 = Release|Any CPU
		{B1DF9A0A-2218-4F91-83AB-2830EA2B2014}.STAGE|Any CPU.ActiveCfg = Debug|Any CPU
		{B1DF9A0A-2218-4F91-83AB-2830EA2B2014}.STAGE|Any CPU.Build.0 = Debug|Any CPU
		{B1DF9A0A-2218-4F91-83AB-2830EA2B2014}.STAGE|ARM.ActiveCfg = Debug|Any CPU
		{B1DF9A0A-2218-4F91-83AB-2830EA2B2014}.STAGE|ARM.Build.0 = Debug|Any CPU
		{B1DF9A0A-2218-4F91-83AB-2830EA2B2014}.STAGE|x64.ActiveCfg = Debug|Any CPU
		{B1DF9A0A-2218-4F91-83AB-2830EA2B2014}.STAGE|x64.Build.0 = Debug|Any CPU
		{B1DF9A0A-2218-4F91-83AB-2830EA2B2014}.STAGE|x86.ActiveCfg = Debug|Any CPU
		{B1DF9A0A-2218-4F91-83AB-2830EA2B2014}.STAGE|x86.Build.0 = Debug|Any CPU
		{49932FF4-0BB7-4B74-99DB-5E8D78D8051E}.DEBUG|Any CPU.ActiveCfg = Debug|Any CPU
		{49932FF4-0BB7-4B74-99DB-5E8D78D8051E}.DEBUG|Any CPU.Build.0 = Debug|Any CPU
		{49932FF4-0BB7-4B74-99DB-5E8D78D8051E}.DEBUG|ARM.ActiveCfg = Debug|Any CPU
		{49932FF4-0BB7-4B74-99DB-5E8D78D8051E}.DEBUG|ARM.Build.0 = Debug|Any CPU
		{49932FF4-0BB7-4B74-99DB-5E8D78D8051E}.DEBUG|x64.ActiveCfg = Debug|Any CPU
		{49932FF4-0BB7-4B74-99DB-5E8D78D8051E}.DEBUG|x64.Build.0 = Debug|Any CPU
		{49932FF4-0BB7-4B74-99DB-5E8D78D8051E}.DEBUG|x86.ActiveCfg = Debug|Any CPU
		{49932FF4-0BB7-4B74-99DB-5E8D78D8051E}.DEBUG|x86.Build.0 = Debug|Any CPU
		{49932FF4-0BB7-4B74-99DB-5E8D78D8051E}.QA|Any CPU.ActiveCfg = Release|Any CPU
		{49932FF4-0BB7-4B74-99DB-5E8D78D8051E}.QA|Any CPU.Build.0 = Release|Any CPU
		{49932FF4-0BB7-4B74-99DB-5E8D78D8051E}.QA|ARM.ActiveCfg = Release|Any CPU
		{49932FF4-0BB7-4B74-99DB-5E8D78D8051E}.QA|ARM.Build.0 = Release|Any CPU
		{49932FF4-0BB7-4B74-99DB-5E8D78D8051E}.QA|x64.ActiveCfg = Release|Any CPU
		{49932FF4-0BB7-4B74-99DB-5E8D78D8051E}.QA|x64.Build.0 = Release|Any CPU
		{49932FF4-0BB7-4B74-99DB-5E8D78D8051E}.QA|x86.ActiveCfg = Release|Any CPU
		{49932FF4-0BB7-4B74-99DB-5E8D78D8051E}.QA|x86.Build.0 = Release|Any CPU
		{49932FF4-0BB7-4B74-99DB-5E8D78D8051E}.STAGE|Any CPU.ActiveCfg = Debug|Any CPU
		{49932FF4-0BB7-4B74-99DB-5E8D78D8051E}.STAGE|Any CPU.Build.0 = Debug|Any CPU
		{49932FF4-0BB7-4B74-99DB-5E8D78D8051E}.STAGE|ARM.ActiveCfg = Debug|Any CPU
		{49932FF4-0BB7-4B74-99DB-5E8D78D8051E}.STAGE|ARM.Build.0 = Debug|Any CPU
		{49932FF4-0BB7-4B74-99DB-5E8D78D8051E}.STAGE|x64.ActiveCfg = Debug|Any CPU
		{49932FF4-0BB7-4B74-99DB-5E8D78D8051E}.STAGE|x64.Build.0 = Debug|Any CPU
		{49932FF4-0BB7-4B74-99DB-5E8D78D8051E}.STAGE|x86.ActiveCfg = Debug|Any CPU
		{49932FF4-0BB7-4B74-99DB-5E8D78D8051E}.STAGE|x86.Build.0 = Debug|Any CPU
		{3C224657-2F76-4997-BE2E-B8CC8D8F98D5}.DEBUG|Any CPU.ActiveCfg = Debug|Any CPU
		{3C224657-2F76-4997-BE2E-B8CC8D8F98D5}.DEBUG|Any CPU.Build.0 = Debug|Any CPU
		{3C224657-2F76-4997-BE2E-B8CC8D8F98D5}.DEBUG|ARM.ActiveCfg = Debug|Any CPU
		{3C224657-2F76-4997-BE2E-B8CC8D8F98D5}.DEBUG|ARM.Build.0 = Debug|Any CPU
		{3C224657-2F76-4997-BE2E-B8CC8D8F98D5}.DEBUG|x64.ActiveCfg = Debug|Any CPU
		{3C224657-2F76-4997-BE2E-B8CC8D8F98D5}.DEBUG|x64.Build.0 = Debug|Any CPU
		{3C224657-2F76-4997-BE2E-B8CC8D8F98D5}.DEBUG|x86.ActiveCfg = Debug|Any CPU
		{3C224657-2F76-4997-BE2E-B8CC8D8F98D5}.DEBUG|x86.Build.0 = Debug|Any CPU
		{3C224657-2F76-4997-BE2E-B8CC8D8F98D5}.QA|Any CPU.ActiveCfg = Release|Any CPU
		{3C224657-2F76-4997-BE2E-B8CC8D8F98D5}.QA|Any CPU.Build.0 = Release|Any CPU
		{3C224657-2F76-4997-BE2E-B8CC8D8F98D5}.QA|ARM.ActiveCfg = Release|Any CPU
		{3C224657-2F76-4997-BE2E-B8CC8D8F98D5}.QA|ARM.Build.0 = Release|Any CPU
		{3C224657-2F76-4997-BE2E-B8CC8D8F98D5}.QA|x64.ActiveCfg = Release|Any CPU
		{3C224657-2F76-4997-BE2E-B8CC8D8F98D5}.QA|x64.Build.0 = Release|Any CPU
		{3C224657-2F76-4997-BE2E-B8CC8D8F98D5}.QA|x86.ActiveCfg = Release|Any CPU
		{3C224657-2F76-4997-BE2E-B8CC8D8F98D5}.QA|x86.Build.0 = Release|Any CPU
		{3C224657-2F76-4997-BE2E-B8CC8D8F98D5}.STAGE|Any CPU.ActiveCfg = Debug|Any CPU
		{3C224657-2F76-4997-BE2E-B8CC8D8F98D5}.STAGE|Any CPU.Build.0 = Debug|Any CPU
		{3C224657-2F76-4997-BE2E-B8CC8D8F98D5}.STAGE|ARM.ActiveCfg = Debug|Any CPU
		{3C224657-2F76-4997-BE2E-B8CC8D8F98D5}.STAGE|ARM.Build.0 = Debug|Any CPU
		{3C224657-2F76-4997-BE2E-B8CC8D8F98D5}.STAGE|x64.ActiveCfg = Debug|Any CPU
		{3C224657-2F76-4997-BE2E-B8CC8D8F98D5}.STAGE|x64.Build.0 = Debug|Any CPU
		{3C224657-2F76-4997-BE2E-B8CC8D8F98D5}.STAGE|x86.ActiveCfg = Debug|Any CPU
		{3C224657-2F76-4997-BE2E-B8CC8D8F98D5}.STAGE|x86.Build.0 = Debug|Any CPU
		{782C017B-03B5-491A-8058-0E98A56A7730}.DEBUG|Any CPU.ActiveCfg = Debug|Any CPU
		{782C017B-03B5-491A-8058-0E98A56A7730}.DEBUG|Any CPU.Build.0 = Debug|Any CPU
		{782C017B-03B5-491A-8058-0E98A56A7730}.DEBUG|ARM.ActiveCfg = Debug|Any CPU
		{782C017B-03B5-491A-8058-0E98A56A7730}.DEBUG|ARM.Build.0 = Debug|Any CPU
		{782C017B-03B5-491A-8058-0E98A56A7730}.DEBUG|x64.ActiveCfg = Debug|Any CPU
		{782C017B-03B5-491A-8058-0E98A56A7730}.DEBUG|x64.Build.0 = Debug|Any CPU
		{782C017B-03B5-491A-8058-0E98A56A7730}.DEBUG|x86.ActiveCfg = Debug|Any CPU
		{782C017B-03B5-491A-8058-0E98A56A7730}.DEBUG|x86.Build.0 = Debug|Any CPU
		{782C017B-03B5-491A-8058-0E98A56A7730}.QA|Any CPU.ActiveCfg = Release|Any CPU
		{782C017B-03B5-491A-8058-0E98A56A7730}.QA|Any CPU.Build.0 = Release|Any CPU
		{782C017B-03B5-491A-8058-0E98A56A7730}.QA|ARM.ActiveCfg = Release|Any CPU
		{782C017B-03B5-491A-8058-0E98A56A7730}.QA|ARM.Build.0 = Release|Any CPU
		{782C017B-03B5-491A-8058-0E98A56A7730}.QA|x64.ActiveCfg = Release|Any CPU
		{782C017B-03B5-491A-8058-0E98A56A7730}.QA|x64.Build.0 = Release|Any CPU
		{782C017B-03B5-491A-8058-0E98A56A7730}.QA|x86.ActiveCfg = Release|Any CPU
		{782C017B-03B5-491A-8058-0E98A56A7730}.QA|x86.Build.0 = Release|Any CPU
		{782C017B-03B5-491A-8058-0E98A56A7730}.STAGE|Any CPU.ActiveCfg = Debug|Any CPU
		{782C017B-03B5-491A-8058-0E98A56A7730}.STAGE|Any CPU.Build.0 = Debug|Any CPU
		{782C017B-03B5-491A-8058-0E98A56A7730}.STAGE|ARM.ActiveCfg = Debug|Any CPU
		{782C017B-03B5-491A-8058-0E98A56A7730}.STAGE|ARM.Build.0 = Debug|Any CPU
		{782C017B-03B5-491A-8058-0E98A56A7730}.STAGE|x64.ActiveCfg = Debug|Any CPU
		{782C017B-03B5-491A-8058-0E98A56A7730}.STAGE|x64.Build.0 = Debug|Any CPU
		{782C017B-03B5-491A-8058-0E98A56A7730}.STAGE|x86.ActiveCfg = Debug|Any CPU
		{782C017B-03B5-491A-8058-0E98A56A7730}.STAGE|x86.Build.0 = Debug|Any CPU
		{066E5471-7F04-4DB7-85D3-69D6D6464F46}.DEBUG|Any CPU.ActiveCfg = Debug|Any CPU
		{066E5471-7F04-4DB7-85D3-69D6D6464F46}.DEBUG|Any CPU.Build.0 = Debug|Any CPU
		{066E5471-7F04-4DB7-85D3-69D6D6464F46}.DEBUG|ARM.ActiveCfg = Debug|Any CPU
		{066E5471-7F04-4DB7-85D3-69D6D6464F46}.DEBUG|ARM.Build.0 = Debug|Any CPU
		{066E5471-7F04-4DB7-85D3-69D6D6464F46}.DEBUG|x64.ActiveCfg = Debug|Any CPU
		{066E5471-7F04-4DB7-85D3-69D6D6464F46}.DEBUG|x64.Build.0 = Debug|Any CPU
		{066E5471-7F04-4DB7-85D3-69D6D6464F46}.DEBUG|x86.ActiveCfg = Debug|Any CPU
		{066E5471-7F04-4DB7-85D3-69D6D6464F46}.DEBUG|x86.Build.0 = Debug|Any CPU
		{066E5471-7F04-4DB7-85D3-69D6D6464F46}.QA|Any CPU.ActiveCfg = Release|Any CPU
		{066E5471-7F04-4DB7-85D3-69D6D6464F46}.QA|Any CPU.Build.0 = Release|Any CPU
		{066E5471-7F04-4DB7-85D3-69D6D6464F46}.QA|ARM.ActiveCfg = Release|Any CPU
		{066E5471-7F04-4DB7-85D3-69D6D6464F46}.QA|ARM.Build.0 = Release|Any CPU
		{066E5471-7F04-4DB7-85D3-69D6D6464F46}.QA|x64.ActiveCfg = Release|Any CPU
		{066E5471-7F04-4DB7-85D3-69D6D6464F46}.QA|x64.Build.0 = Release|Any CPU
		{066E5471-7F04-4DB7-85D3-69D6D6464F46}.QA|x86.ActiveCfg = Release|Any CPU
		{066E5471-7F04-4DB7-85D3-69D6D6464F46}.QA|x86.Build.0 = Release|Any CPU
		{066E5471-7F04-4DB7-85D3-69D6D6464F46}.STAGE|Any CPU.ActiveCfg = Debug|Any CPU
		{066E5471-7F04-4DB7-85D3-69D6D6464F46}.STAGE|Any CPU.Build.0 = Debug|Any CPU
		{066E5471-7F04-4DB7-85D3-69D6D6464F46}.STAGE|ARM.ActiveCfg = Debug|Any CPU
		{066E5471-7F04-4DB7-85D3-69D6D6464F46}.STAGE|ARM.Build.0 = Debug|Any CPU
		{066E5471-7F04-4DB7-85D3-69D6D6464F46}.STAGE|x64.ActiveCfg = Debug|Any CPU
		{066E5471-7F04-4DB7-85D3-69D6D6464F46}.STAGE|x64.Build.0 = Debug|Any CPU
		{066E5471-7F04-4DB7-85D3-69D6D6464F46}.STAGE|x86.ActiveCfg = Debug|Any CPU
		{066E5471-7F04-4DB7-85D3-69D6D6464F46}.STAGE|x86.Build.0 = Debug|Any CPU
		{BE3F14A5-B8E0-4D4F-B873-8D21DD8D1F0B}.DEBUG|Any CPU.ActiveCfg = Debug|Any CPU
		{BE3F14A5-B8E0-4D4F-B873-8D21DD8D1F0B}.DEBUG|Any CPU.Build.0 = Debug|Any CPU
		{BE3F14A5-B8E0-4D4F-B873-8D21DD8D1F0B}.DEBUG|ARM.ActiveCfg = Debug|Any CPU
		{BE3F14A5-B8E0-4D4F-B873-8D21DD8D1F0B}.DEBUG|ARM.Build.0 = Debug|Any CPU
		{BE3F14A5-B8E0-4D4F-B873-8D21DD8D1F0B}.DEBUG|x64.ActiveCfg = Debug|Any CPU
		{BE3F14A5-B8E0-4D4F-B873-8D21DD8D1F0B}.DEBUG|x64.Build.0 = Debug|Any CPU
		{BE3F14A5-B8E0-4D4F-B873-8D21DD8D1F0B}.DEBUG|x86.ActiveCfg = Debug|Any CPU
		{BE3F14A5-B8E0-4D4F-B873-8D21DD8D1F0B}.DEBUG|x86.Build.0 = Debug|Any CPU
		{BE3F14A5-B8E0-4D4F-B873-8D21DD8D1F0B}.QA|Any CPU.ActiveCfg = Release|Any CPU
		{BE3F14A5-B8E0-4D4F-B873-8D21DD8D1F0B}.QA|Any CPU.Build.0 = Release|Any CPU
		{BE3F14A5-B8E0-4D4F-B873-8D21DD8D1F0B}.QA|ARM.ActiveCfg = Release|Any CPU
		{BE3F14A5-B8E0-4D4F-B873-8D21DD8D1F0B}.QA|ARM.Build.0 = Release|Any CPU
		{BE3F14A5-B8E0-4D4F-B873-8D21DD8D1F0B}.QA|x64.ActiveCfg = Release|Any CPU
		{BE3F14A5-B8E0-4D4F-B873-8D21DD8D1F0B}.QA|x64.Build.0 = Release|Any CPU
		{BE3F14A5-B8E0-4D4F-B873-8D21DD8D1F0B}.QA|x86.ActiveCfg = Release|Any CPU
		{BE3F14A5-B8E0-4D4F-B873-8D21DD8D1F0B}.QA|x86.Build.0 = Release|Any CPU
		{BE3F14A5-B8E0-4D4F-B873-8D21DD8D1F0B}.STAGE|Any CPU.ActiveCfg = Debug|Any CPU
		{BE3F14A5-B8E0-4D4F-B873-8D21DD8D1F0B}.STAGE|Any CPU.Build.0 = Debug|Any CPU
		{BE3F14A5-B8E0-4D4F-B873-8D21DD8D1F0B}.STAGE|ARM.ActiveCfg = Debug|Any CPU
		{BE3F14A5-B8E0-4D4F-B873-8D21DD8D1F0B}.STAGE|ARM.Build.0 = Debug|Any CPU
		{BE3F14A5-B8E0-4D4F-B873-8D21DD8D1F0B}.STAGE|x64.ActiveCfg = Debug|Any CPU
		{BE3F14A5-B8E0-4D4F-B873-8D21DD8D1F0B}.STAGE|x64.Build.0 = Debug|Any CPU
		{BE3F14A5-B8E0-4D4F-B873-8D21DD8D1F0B}.STAGE|x86.ActiveCfg = Debug|Any CPU
		{BE3F14A5-B8E0-4D4F-B873-8D21DD8D1F0B}.STAGE|x86.Build.0 = Debug|Any CPU
		{52921B2D-65F6-4069-B5B5-5BC2E36823D3}.DEBUG|Any CPU.ActiveCfg = Debug|Any CPU
		{52921B2D-65F6-4069-B5B5-5BC2E36823D3}.DEBUG|Any CPU.Build.0 = Debug|Any CPU
		{52921B2D-65F6-4069-B5B5-5BC2E36823D3}.DEBUG|ARM.ActiveCfg = Debug|Any CPU
		{52921B2D-65F6-4069-B5B5-5BC2E36823D3}.DEBUG|ARM.Build.0 = Debug|Any CPU
		{52921B2D-65F6-4069-B5B5-5BC2E36823D3}.DEBUG|x64.ActiveCfg = Debug|Any CPU
		{52921B2D-65F6-4069-B5B5-5BC2E36823D3}.DEBUG|x64.Build.0 = Debug|Any CPU
		{52921B2D-65F6-4069-B5B5-5BC2E36823D3}.DEBUG|x86.ActiveCfg = Debug|Any CPU
		{52921B2D-65F6-4069-B5B5-5BC2E36823D3}.DEBUG|x86.Build.0 = Debug|Any CPU
		{52921B2D-65F6-4069-B5B5-5BC2E36823D3}.QA|Any CPU.ActiveCfg = Release|Any CPU
		{52921B2D-65F6-4069-B5B5-5BC2E36823D3}.QA|Any CPU.Build.0 = Release|Any CPU
		{52921B2D-65F6-4069-B5B5-5BC2E36823D3}.QA|ARM.ActiveCfg = Release|Any CPU
		{52921B2D-65F6-4069-B5B5-5BC2E36823D3}.QA|ARM.Build.0 = Release|Any CPU
		{52921B2D-65F6-4069-B5B5-5BC2E36823D3}.QA|x64.ActiveCfg = Release|Any CPU
		{52921B2D-65F6-4069-B5B5-5BC2E36823D3}.QA|x64.Build.0 = Release|Any CPU
		{52921B2D-65F6-4069-B5B5-5BC2E36823D3}.QA|x86.ActiveCfg = Release|Any CPU
		{52921B2D-65F6-4069-B5B5-5BC2E36823D3}.QA|x86.Build.0 = Release|Any CPU
		{52921B2D-65F6-4069-B5B5-5BC2E36823D3}.STAGE|Any CPU.ActiveCfg = Debug|Any CPU
		{52921B2D-65F6-4069-B5B5-5BC2E36823D3}.STAGE|Any CPU.Build.0 = Debug|Any CPU
		{52921B2D-65F6-4069-B5B5-5BC2E36823D3}.STAGE|ARM.ActiveCfg = Debug|Any CPU
		{52921B2D-65F6-4069-B5B5-5BC2E36823D3}.STAGE|ARM.Build.0 = Debug|Any CPU
		{52921B2D-65F6-4069-B5B5-5BC2E36823D3}.STAGE|x64.ActiveCfg = Debug|Any CPU
		{52921B2D-65F6-4069-B5B5-5BC2E36823D3}.STAGE|x64.Build.0 = Debug|Any CPU
		{52921B2D-65F6-4069-B5B5-5BC2E36823D3}.STAGE|x86.ActiveCfg = Debug|Any CPU
		{52921B2D-65F6-4069-B5B5-5BC2E36823D3}.STAGE|x86.Build.0 = Debug|Any CPU
		{AFA64BA1-DEC5-4CE5-84BC-C1984EF08539}.DEBUG|Any CPU.ActiveCfg = Debug|Any CPU
		{AFA64BA1-DEC5-4CE5-84BC-C1984EF08539}.DEBUG|Any CPU.Build.0 = Debug|Any CPU
		{AFA64BA1-DEC5-4CE5-84BC-C1984EF08539}.DEBUG|ARM.ActiveCfg = Debug|Any CPU
		{AFA64BA1-DEC5-4CE5-84BC-C1984EF08539}.DEBUG|ARM.Build.0 = Debug|Any CPU
		{AFA64BA1-DEC5-4CE5-84BC-C1984EF08539}.DEBUG|x64.ActiveCfg = Debug|Any CPU
		{AFA64BA1-DEC5-4CE5-84BC-C1984EF08539}.DEBUG|x64.Build.0 = Debug|Any CPU
		{AFA64BA1-DEC5-4CE5-84BC-C1984EF08539}.DEBUG|x86.ActiveCfg = Debug|Any CPU
		{AFA64BA1-DEC5-4CE5-84BC-C1984EF08539}.DEBUG|x86.Build.0 = Debug|Any CPU
		{AFA64BA1-DEC5-4CE5-84BC-C1984EF08539}.QA|Any CPU.ActiveCfg = Release|Any CPU
		{AFA64BA1-DEC5-4CE5-84BC-C1984EF08539}.QA|Any CPU.Build.0 = Release|Any CPU
		{AFA64BA1-DEC5-4CE5-84BC-C1984EF08539}.QA|ARM.ActiveCfg = Release|Any CPU
		{AFA64BA1-DEC5-4CE5-84BC-C1984EF08539}.QA|ARM.Build.0 = Release|Any CPU
		{AFA64BA1-DEC5-4CE5-84BC-C1984EF08539}.QA|x64.ActiveCfg = Release|Any CPU
		{AFA64BA1-DEC5-4CE5-84BC-C1984EF08539}.QA|x64.Build.0 = Release|Any CPU
		{AFA64BA1-DEC5-4CE5-84BC-C1984EF08539}.QA|x86.ActiveCfg = Release|Any CPU
		{AFA64BA1-DEC5-4CE5-84BC-C1984EF08539}.QA|x86.Build.0 = Release|Any CPU
		{AFA64BA1-DEC5-4CE5-84BC-C1984EF08539}.STAGE|Any CPU.ActiveCfg = Debug|Any CPU
		{AFA64BA1-DEC5-4CE5-84BC-C1984EF08539}.STAGE|Any CPU.Build.0 = Debug|Any CPU
		{AFA64BA1-DEC5-4CE5-84BC-C1984EF08539}.STAGE|ARM.ActiveCfg = Debug|Any CPU
		{AFA64BA1-DEC5-4CE5-84BC-C1984EF08539}.STAGE|ARM.Build.0 = Debug|Any CPU
		{AFA64BA1-DEC5-4CE5-84BC-C1984EF08539}.STAGE|x64.ActiveCfg = Debug|Any CPU
		{AFA64BA1-DEC5-4CE5-84BC-C1984EF08539}.STAGE|x64.Build.0 = Debug|Any CPU
		{AFA64BA1-DEC5-4CE5-84BC-C1984EF08539}.STAGE|x86.ActiveCfg = Debug|Any CPU
		{AFA64BA1-DEC5-4CE5-84BC-C1984EF08539}.STAGE|x86.Build.0 = Debug|Any CPU
		{63C58E46-5934-446F-ABF9-08D9395FCA89}.DEBUG|Any CPU.ActiveCfg = Debug|Any CPU
		{63C58E46-5934-446F-ABF9-08D9395FCA89}.DEBUG|Any CPU.Build.0 = Debug|Any CPU
		{63C58E46-5934-446F-ABF9-08D9395FCA89}.DEBUG|ARM.ActiveCfg = Debug|Any CPU
		{63C58E46-5934-446F-ABF9-08D9395FCA89}.DEBUG|ARM.Build.0 = Debug|Any CPU
		{63C58E46-5934-446F-ABF9-08D9395FCA89}.DEBUG|x64.ActiveCfg = Debug|Any CPU
		{63C58E46-5934-446F-ABF9-08D9395FCA89}.DEBUG|x64.Build.0 = Debug|Any CPU
		{63C58E46-5934-446F-ABF9-08D9395FCA89}.DEBUG|x86.ActiveCfg = Debug|Any CPU
		{63C58E46-5934-446F-ABF9-08D9395FCA89}.DEBUG|x86.Build.0 = Debug|Any CPU
		{63C58E46-5934-446F-ABF9-08D9395FCA89}.QA|Any CPU.ActiveCfg = Release|Any CPU
		{63C58E46-5934-446F-ABF9-08D9395FCA89}.QA|Any CPU.Build.0 = Release|Any CPU
		{63C58E46-5934-446F-ABF9-08D9395FCA89}.QA|ARM.ActiveCfg = Release|Any CPU
		{63C58E46-5934-446F-ABF9-08D9395FCA89}.QA|ARM.Build.0 = Release|Any CPU
		{63C58E46-5934-446F-ABF9-08D9395FCA89}.QA|x64.ActiveCfg = Release|Any CPU
		{63C58E46-5934-446F-ABF9-08D9395FCA89}.QA|x64.Build.0 = Release|Any CPU
		{63C58E46-5934-446F-ABF9-08D9395FCA89}.QA|x86.ActiveCfg = Release|Any CPU
		{63C58E46-5934-446F-ABF9-08D9395FCA89}.QA|x86.Build.0 = Release|Any CPU
		{63C58E46-5934-446F-ABF9-08D9395FCA89}.STAGE|Any CPU.ActiveCfg = Debug|Any CPU
		{63C58E46-5934-446F-ABF9-08D9395FCA89}.STAGE|Any CPU.Build.0 = Debug|Any CPU
		{63C58E46-5934-446F-ABF9-08D9395FCA89}.STAGE|ARM.ActiveCfg = Debug|Any CPU
		{63C58E46-5934-446F-ABF9-08D9395FCA89}.STAGE|ARM.Build.0 = Debug|Any CPU
		{63C58E46-5934-446F-ABF9-08D9395FCA89}.STAGE|x64.ActiveCfg = Debug|Any CPU
		{63C58E46-5934-446F-ABF9-08D9395FCA89}.STAGE|x64.Build.0 = Debug|Any CPU
		{63C58E46-5934-446F-ABF9-08D9395FCA89}.STAGE|x86.ActiveCfg = Debug|Any CPU
		{63C58E46-5934-446F-ABF9-08D9395FCA89}.STAGE|x86.Build.0 = Debug|Any CPU
		{3F76EC74-87E9-41EB-A4BF-14B42D7BEC13}.DEBUG|Any CPU.ActiveCfg = Debug|Any CPU
		{3F76EC74-87E9-41EB-A4BF-14B42D7BEC13}.DEBUG|Any CPU.Build.0 = Debug|Any CPU
		{3F76EC74-87E9-41EB-A4BF-14B42D7BEC13}.DEBUG|ARM.ActiveCfg = Debug|Any CPU
		{3F76EC74-87E9-41EB-A4BF-14B42D7BEC13}.DEBUG|ARM.Build.0 = Debug|Any CPU
		{3F76EC74-87E9-41EB-A4BF-14B42D7BEC13}.DEBUG|x64.ActiveCfg = Debug|Any CPU
		{3F76EC74-87E9-41EB-A4BF-14B42D7BEC13}.DEBUG|x64.Build.0 = Debug|Any CPU
		{3F76EC74-87E9-41EB-A4BF-14B42D7BEC13}.DEBUG|x86.ActiveCfg = Debug|Any CPU
		{3F76EC74-87E9-41EB-A4BF-14B42D7BEC13}.DEBUG|x86.Build.0 = Debug|Any CPU
		{3F76EC74-87E9-41EB-A4BF-14B42D7BEC13}.QA|Any CPU.ActiveCfg = Release|Any CPU
		{3F76EC74-87E9-41EB-A4BF-14B42D7BEC13}.QA|Any CPU.Build.0 = Release|Any CPU
		{3F76EC74-87E9-41EB-A4BF-14B42D7BEC13}.QA|ARM.ActiveCfg = Release|Any CPU
		{3F76EC74-87E9-41EB-A4BF-14B42D7BEC13}.QA|ARM.Build.0 = Release|Any CPU
		{3F76EC74-87E9-41EB-A4BF-14B42D7BEC13}.QA|x64.ActiveCfg = Release|Any CPU
		{3F76EC74-87E9-41EB-A4BF-14B42D7BEC13}.QA|x64.Build.0 = Release|Any CPU
		{3F76EC74-87E9-41EB-A4BF-14B42D7BEC13}.QA|x86.ActiveCfg = Release|Any CPU
		{3F76EC74-87E9-41EB-A4BF-14B42D7BEC13}.QA|x86.Build.0 = Release|Any CPU
		{3F76EC74-87E9-41EB-A4BF-14B42D7BEC13}.STAGE|Any CPU.ActiveCfg = Debug|Any CPU
		{3F76EC74-87E9-41EB-A4BF-14B42D7BEC13}.STAGE|Any CPU.Build.0 = Debug|Any CPU
		{3F76EC74-87E9-41EB-A4BF-14B42D7BEC13}.STAGE|ARM.ActiveCfg = Debug|Any CPU
		{3F76EC74-87E9-41EB-A4BF-14B42D7BEC13}.STAGE|ARM.Build.0 = Debug|Any CPU
		{3F76EC74-87E9-41EB-A4BF-14B42D7BEC13}.STAGE|x64.ActiveCfg = Debug|Any CPU
		{3F76EC74-87E9-41EB-A4BF-14B42D7BEC13}.STAGE|x64.Build.0 = Debug|Any CPU
		{3F76EC74-87E9-41EB-A4BF-14B42D7BEC13}.STAGE|x86.ActiveCfg = Debug|Any CPU
		{3F76EC74-87E9-41EB-A4BF-14B42D7BEC13}.STAGE|x86.Build.0 = Debug|Any CPU
		{0AF83D6C-F5BE-420E-A60B-6C0A5BA32198}.DEBUG|Any CPU.ActiveCfg = Debug|Any CPU
		{0AF83D6C-F5BE-420E-A60B-6C0A5BA32198}.DEBUG|Any CPU.Build.0 = Debug|Any CPU
		{0AF83D6C-F5BE-420E-A60B-6C0A5BA32198}.DEBUG|ARM.ActiveCfg = Debug|Any CPU
		{0AF83D6C-F5BE-420E-A60B-6C0A5BA32198}.DEBUG|ARM.Build.0 = Debug|Any CPU
		{0AF83D6C-F5BE-420E-A60B-6C0A5BA32198}.DEBUG|x64.ActiveCfg = Debug|Any CPU
		{0AF83D6C-F5BE-420E-A60B-6C0A5BA32198}.DEBUG|x64.Build.0 = Debug|Any CPU
		{0AF83D6C-F5BE-420E-A60B-6C0A5BA32198}.DEBUG|x86.ActiveCfg = Debug|Any CPU
		{0AF83D6C-F5BE-420E-A60B-6C0A5BA32198}.DEBUG|x86.Build.0 = Debug|Any CPU
		{0AF83D6C-F5BE-420E-A60B-6C0A5BA32198}.QA|Any CPU.ActiveCfg = Release|Any CPU
		{0AF83D6C-F5BE-420E-A60B-6C0A5BA32198}.QA|Any CPU.Build.0 = Release|Any CPU
		{0AF83D6C-F5BE-420E-A60B-6C0A5BA32198}.QA|ARM.ActiveCfg = Release|Any CPU
		{0AF83D6C-F5BE-420E-A60B-6C0A5BA32198}.QA|ARM.Build.0 = Release|Any CPU
		{0AF83D6C-F5BE-420E-A60B-6C0A5BA32198}.QA|x64.ActiveCfg = Release|Any CPU
		{0AF83D6C-F5BE-420E-A60B-6C0A5BA32198}.QA|x64.Build.0 = Release|Any CPU
		{0AF83D6C-F5BE-420E-A60B-6C0A5BA32198}.QA|x86.ActiveCfg = Release|Any CPU
		{0AF83D6C-F5BE-420E-A60B-6C0A5BA32198}.QA|x86.Build.0 = Release|Any CPU
		{0AF83D6C-F5BE-420E-A60B-6C0A5BA32198}.STAGE|Any CPU.ActiveCfg = Debug|Any CPU
		{0AF83D6C-F5BE-420E-A60B-6C0A5BA32198}.STAGE|Any CPU.Build.0 = Debug|Any CPU
		{0AF83D6C-F5BE-420E-A60B-6C0A5BA32198}.STAGE|ARM.ActiveCfg = Debug|Any CPU
		{0AF83D6C-F5BE-420E-A60B-6C0A5BA32198}.STAGE|ARM.Build.0 = Debug|Any CPU
		{0AF83D6C-F5BE-420E-A60B-6C0A5BA32198}.STAGE|x64.ActiveCfg = Debug|Any CPU
		{0AF83D6C-F5BE-420E-A60B-6C0A5BA32198}.STAGE|x64.Build.0 = Debug|Any CPU
		{0AF83D6C-F5BE-420E-A60B-6C0A5BA32198}.STAGE|x86.ActiveCfg = Debug|Any CPU
		{0AF83D6C-F5BE-420E-A60B-6C0A5BA32198}.STAGE|x86.Build.0 = Debug|Any CPU
		{98C10EF5-874B-4E97-8996-62AE5E4ADF57}.DEBUG|Any CPU.ActiveCfg = Debug|Any CPU
		{98C10EF5-874B-4E97-8996-62AE5E4ADF57}.DEBUG|Any CPU.Build.0 = Debug|Any CPU
		{98C10EF5-874B-4E97-8996-62AE5E4ADF57}.DEBUG|ARM.ActiveCfg = Debug|Any CPU
		{98C10EF5-874B-4E97-8996-62AE5E4ADF57}.DEBUG|ARM.Build.0 = Debug|Any CPU
		{98C10EF5-874B-4E97-8996-62AE5E4ADF57}.DEBUG|x64.ActiveCfg = Debug|Any CPU
		{98C10EF5-874B-4E97-8996-62AE5E4ADF57}.DEBUG|x64.Build.0 = Debug|Any CPU
		{98C10EF5-874B-4E97-8996-62AE5E4ADF57}.DEBUG|x86.ActiveCfg = Debug|Any CPU
		{98C10EF5-874B-4E97-8996-62AE5E4ADF57}.DEBUG|x86.Build.0 = Debug|Any CPU
		{98C10EF5-874B-4E97-8996-62AE5E4ADF57}.QA|Any CPU.ActiveCfg = Release|Any CPU
		{98C10EF5-874B-4E97-8996-62AE5E4ADF57}.QA|Any CPU.Build.0 = Release|Any CPU
		{98C10EF5-874B-4E97-8996-62AE5E4ADF57}.QA|ARM.ActiveCfg = Release|Any CPU
		{98C10EF5-874B-4E97-8996-62AE5E4ADF57}.QA|ARM.Build.0 = Release|Any CPU
		{98C10EF5-874B-4E97-8996-62AE5E4ADF57}.QA|x64.ActiveCfg = Release|Any CPU
		{98C10EF5-874B-4E97-8996-62AE5E4ADF57}.QA|x64.Build.0 = Release|Any CPU
		{98C10EF5-874B-4E97-8996-62AE5E4ADF57}.QA|x86.ActiveCfg = Release|Any CPU
		{98C10EF5-874B-4E97-8996-62AE5E4ADF57}.QA|x86.Build.0 = Release|Any CPU
		{98C10EF5-874B-4E97-8996-62AE5E4ADF57}.STAGE|Any CPU.ActiveCfg = Debug|Any CPU
		{98C10EF5-874B-4E97-8996-62AE5E4ADF57}.STAGE|Any CPU.Build.0 = Debug|Any CPU
		{98C10EF5-874B-4E97-8996-62AE5E4ADF57}.STAGE|ARM.ActiveCfg = Debug|Any CPU
		{98C10EF5-874B-4E97-8996-62AE5E4ADF57}.STAGE|ARM.Build.0 = Debug|Any CPU
		{98C10EF5-874B-4E97-8996-62AE5E4ADF57}.STAGE|x64.ActiveCfg = Debug|Any CPU
		{98C10EF5-874B-4E97-8996-62AE5E4ADF57}.STAGE|x64.Build.0 = Debug|Any CPU
		{98C10EF5-874B-4E97-8996-62AE5E4ADF57}.STAGE|x86.ActiveCfg = Debug|Any CPU
		{98C10EF5-874B-4E97-8996-62AE5E4ADF57}.STAGE|x86.Build.0 = Debug|Any CPU
		{B1CB28FF-86E6-4989-BB10-F790E96452BC}.DEBUG|Any CPU.ActiveCfg = Debug|Any CPU
		{B1CB28FF-86E6-4989-BB10-F790E96452BC}.DEBUG|Any CPU.Build.0 = Debug|Any CPU
		{B1CB28FF-86E6-4989-BB10-F790E96452BC}.DEBUG|ARM.ActiveCfg = Debug|Any CPU
		{B1CB28FF-86E6-4989-BB10-F790E96452BC}.DEBUG|ARM.Build.0 = Debug|Any CPU
		{B1CB28FF-86E6-4989-BB10-F790E96452BC}.DEBUG|x64.ActiveCfg = Debug|Any CPU
		{B1CB28FF-86E6-4989-BB10-F790E96452BC}.DEBUG|x64.Build.0 = Debug|Any CPU
		{B1CB28FF-86E6-4989-BB10-F790E96452BC}.DEBUG|x86.ActiveCfg = Debug|Any CPU
		{B1CB28FF-86E6-4989-BB10-F790E96452BC}.DEBUG|x86.Build.0 = Debug|Any CPU
		{B1CB28FF-86E6-4989-BB10-F790E96452BC}.QA|Any CPU.ActiveCfg = Release|Any CPU
		{B1CB28FF-86E6-4989-BB10-F790E96452BC}.QA|Any CPU.Build.0 = Release|Any CPU
		{B1CB28FF-86E6-4989-BB10-F790E96452BC}.QA|ARM.ActiveCfg = Release|Any CPU
		{B1CB28FF-86E6-4989-BB10-F790E96452BC}.QA|ARM.Build.0 = Release|Any CPU
		{B1CB28FF-86E6-4989-BB10-F790E96452BC}.QA|x64.ActiveCfg = Release|Any CPU
		{B1CB28FF-86E6-4989-BB10-F790E96452BC}.QA|x64.Build.0 = Release|Any CPU
		{B1CB28FF-86E6-4989-BB10-F790E96452BC}.QA|x86.ActiveCfg = Release|Any CPU
		{B1CB28FF-86E6-4989-BB10-F790E96452BC}.QA|x86.Build.0 = Release|Any CPU
		{B1CB28FF-86E6-4989-BB10-F790E96452BC}.STAGE|Any CPU.ActiveCfg = Debug|Any CPU
		{B1CB28FF-86E6-4989-BB10-F790E96452BC}.STAGE|Any CPU.Build.0 = Debug|Any CPU
		{B1CB28FF-86E6-4989-BB10-F790E96452BC}.STAGE|ARM.ActiveCfg = Debug|Any CPU
		{B1CB28FF-86E6-4989-BB10-F790E96452BC}.STAGE|ARM.Build.0 = Debug|Any CPU
		{B1CB28FF-86E6-4989-BB10-F790E96452BC}.STAGE|x64.ActiveCfg = Debug|Any CPU
		{B1CB28FF-86E6-4989-BB10-F790E96452BC}.STAGE|x64.Build.0 = Debug|Any CPU
		{B1CB28FF-86E6-4989-BB10-F790E96452BC}.STAGE|x86.ActiveCfg = Debug|Any CPU
		{B1CB28FF-86E6-4989-BB10-F790E96452BC}.STAGE|x86.Build.0 = Debug|Any CPU
		{D6DE1943-0BBA-48B7-A9CF-42B122837E01}.DEBUG|Any CPU.ActiveCfg = Debug|Any CPU
		{D6DE1943-0BBA-48B7-A9CF-42B122837E01}.DEBUG|Any CPU.Build.0 = Debug|Any CPU
		{D6DE1943-0BBA-48B7-A9CF-42B122837E01}.DEBUG|ARM.ActiveCfg = Debug|Any CPU
		{D6DE1943-0BBA-48B7-A9CF-42B122837E01}.DEBUG|ARM.Build.0 = Debug|Any CPU
		{D6DE1943-0BBA-48B7-A9CF-42B122837E01}.DEBUG|x64.ActiveCfg = Debug|Any CPU
		{D6DE1943-0BBA-48B7-A9CF-42B122837E01}.DEBUG|x64.Build.0 = Debug|Any CPU
		{D6DE1943-0BBA-48B7-A9CF-42B122837E01}.DEBUG|x86.ActiveCfg = Debug|Any CPU
		{D6DE1943-0BBA-48B7-A9CF-42B122837E01}.DEBUG|x86.Build.0 = Debug|Any CPU
		{D6DE1943-0BBA-48B7-A9CF-42B122837E01}.QA|Any CPU.ActiveCfg = Release|Any CPU
		{D6DE1943-0BBA-48B7-A9CF-42B122837E01}.QA|Any CPU.Build.0 = Release|Any CPU
		{D6DE1943-0BBA-48B7-A9CF-42B122837E01}.QA|ARM.ActiveCfg = Release|Any CPU
		{D6DE1943-0BBA-48B7-A9CF-42B122837E01}.QA|ARM.Build.0 = Release|Any CPU
		{D6DE1943-0BBA-48B7-A9CF-42B122837E01}.QA|x64.ActiveCfg = Release|Any CPU
		{D6DE1943-0BBA-48B7-A9CF-42B122837E01}.QA|x64.Build.0 = Release|Any CPU
		{D6DE1943-0BBA-48B7-A9CF-42B122837E01}.QA|x86.ActiveCfg = Release|Any CPU
		{D6DE1943-0BBA-48B7-A9CF-42B122837E01}.QA|x86.Build.0 = Release|Any CPU
		{D6DE1943-0BBA-48B7-A9CF-42B122837E01}.STAGE|Any CPU.ActiveCfg = Debug|Any CPU
		{D6DE1943-0BBA-48B7-A9CF-42B122837E01}.STAGE|Any CPU.Build.0 = Debug|Any CPU
		{D6DE1943-0BBA-48B7-A9CF-42B122837E01}.STAGE|ARM.ActiveCfg = Debug|Any CPU
		{D6DE1943-0BBA-48B7-A9CF-42B122837E01}.STAGE|ARM.Build.0 = Debug|Any CPU
		{D6DE1943-0BBA-48B7-A9CF-42B122837E01}.STAGE|x64.ActiveCfg = Debug|Any CPU
		{D6DE1943-0BBA-48B7-A9CF-42B122837E01}.STAGE|x64.Build.0 = Debug|Any CPU
		{D6DE1943-0BBA-48B7-A9CF-42B122837E01}.STAGE|x86.ActiveCfg = Debug|Any CPU
		{D6DE1943-0BBA-48B7-A9CF-42B122837E01}.STAGE|x86.Build.0 = Debug|Any CPU
		{D78AD8D0-5D1E-468B-9406-3F501A24F30F}.DEBUG|Any CPU.ActiveCfg = Debug|Any CPU
		{D78AD8D0-5D1E-468B-9406-3F501A24F30F}.DEBUG|Any CPU.Build.0 = Debug|Any CPU
		{D78AD8D0-5D1E-468B-9406-3F501A24F30F}.DEBUG|ARM.ActiveCfg = Debug|Any CPU
		{D78AD8D0-5D1E-468B-9406-3F501A24F30F}.DEBUG|ARM.Build.0 = Debug|Any CPU
		{D78AD8D0-5D1E-468B-9406-3F501A24F30F}.DEBUG|x64.ActiveCfg = Debug|Any CPU
		{D78AD8D0-5D1E-468B-9406-3F501A24F30F}.DEBUG|x64.Build.0 = Debug|Any CPU
		{D78AD8D0-5D1E-468B-9406-3F501A24F30F}.DEBUG|x86.ActiveCfg = Debug|Any CPU
		{D78AD8D0-5D1E-468B-9406-3F501A24F30F}.DEBUG|x86.Build.0 = Debug|Any CPU
		{D78AD8D0-5D1E-468B-9406-3F501A24F30F}.QA|Any CPU.ActiveCfg = Release|Any CPU
		{D78AD8D0-5D1E-468B-9406-3F501A24F30F}.QA|Any CPU.Build.0 = Release|Any CPU
		{D78AD8D0-5D1E-468B-9406-3F501A24F30F}.QA|ARM.ActiveCfg = Release|Any CPU
		{D78AD8D0-5D1E-468B-9406-3F501A24F30F}.QA|ARM.Build.0 = Release|Any CPU
		{D78AD8D0-5D1E-468B-9406-3F501A24F30F}.QA|x64.ActiveCfg = Release|Any CPU
		{D78AD8D0-5D1E-468B-9406-3F501A24F30F}.QA|x64.Build.0 = Release|Any CPU
		{D78AD8D0-5D1E-468B-9406-3F501A24F30F}.QA|x86.ActiveCfg = Release|Any CPU
		{D78AD8D0-5D1E-468B-9406-3F501A24F30F}.QA|x86.Build.0 = Release|Any CPU
		{D78AD8D0-5D1E-468B-9406-3F501A24F30F}.STAGE|Any CPU.ActiveCfg = Debug|Any CPU
		{D78AD8D0-5D1E-468B-9406-3F501A24F30F}.STAGE|Any CPU.Build.0 = Debug|Any CPU
		{D78AD8D0-5D1E-468B-9406-3F501A24F30F}.STAGE|ARM.ActiveCfg = Debug|Any CPU
		{D78AD8D0-5D1E-468B-9406-3F501A24F30F}.STAGE|ARM.Build.0 = Debug|Any CPU
		{D78AD8D0-5D1E-468B-9406-3F501A24F30F}.STAGE|x64.ActiveCfg = Debug|Any CPU
		{D78AD8D0-5D1E-468B-9406-3F501A24F30F}.STAGE|x64.Build.0 = Debug|Any CPU
		{D78AD8D0-5D1E-468B-9406-3F501A24F30F}.STAGE|x86.ActiveCfg = Debug|Any CPU
		{D78AD8D0-5D1E-468B-9406-3F501A24F30F}.STAGE|x86.Build.0 = Debug|Any CPU
		{7C6F2754-83B4-499D-916A-01D4DF9B2F42}.DEBUG|Any CPU.ActiveCfg = Debug|Any CPU
		{7C6F2754-83B4-499D-916A-01D4DF9B2F42}.DEBUG|Any CPU.Build.0 = Debug|Any CPU
		{7C6F2754-83B4-499D-916A-01D4DF9B2F42}.DEBUG|ARM.ActiveCfg = Debug|Any CPU
		{7C6F2754-83B4-499D-916A-01D4DF9B2F42}.DEBUG|ARM.Build.0 = Debug|Any CPU
		{7C6F2754-83B4-499D-916A-01D4DF9B2F42}.DEBUG|x64.ActiveCfg = Debug|Any CPU
		{7C6F2754-83B4-499D-916A-01D4DF9B2F42}.DEBUG|x64.Build.0 = Debug|Any CPU
		{7C6F2754-83B4-499D-916A-01D4DF9B2F42}.DEBUG|x86.ActiveCfg = Debug|Any CPU
		{7C6F2754-83B4-499D-916A-01D4DF9B2F42}.DEBUG|x86.Build.0 = Debug|Any CPU
		{7C6F2754-83B4-499D-916A-01D4DF9B2F42}.QA|Any CPU.ActiveCfg = Release|Any CPU
		{7C6F2754-83B4-499D-916A-01D4DF9B2F42}.QA|Any CPU.Build.0 = Release|Any CPU
		{7C6F2754-83B4-499D-916A-01D4DF9B2F42}.QA|ARM.ActiveCfg = Release|Any CPU
		{7C6F2754-83B4-499D-916A-01D4DF9B2F42}.QA|ARM.Build.0 = Release|Any CPU
		{7C6F2754-83B4-499D-916A-01D4DF9B2F42}.QA|x64.ActiveCfg = Release|Any CPU
		{7C6F2754-83B4-499D-916A-01D4DF9B2F42}.QA|x64.Build.0 = Release|Any CPU
		{7C6F2754-83B4-499D-916A-01D4DF9B2F42}.QA|x86.ActiveCfg = Release|Any CPU
		{7C6F2754-83B4-499D-916A-01D4DF9B2F42}.QA|x86.Build.0 = Release|Any CPU
		{7C6F2754-83B4-499D-916A-01D4DF9B2F42}.STAGE|Any CPU.ActiveCfg = Debug|Any CPU
		{7C6F2754-83B4-499D-916A-01D4DF9B2F42}.STAGE|Any CPU.Build.0 = Debug|Any CPU
		{7C6F2754-83B4-499D-916A-01D4DF9B2F42}.STAGE|ARM.ActiveCfg = Debug|Any CPU
		{7C6F2754-83B4-499D-916A-01D4DF9B2F42}.STAGE|ARM.Build.0 = Debug|Any CPU
		{7C6F2754-83B4-499D-916A-01D4DF9B2F42}.STAGE|x64.ActiveCfg = Debug|Any CPU
		{7C6F2754-83B4-499D-916A-01D4DF9B2F42}.STAGE|x64.Build.0 = Debug|Any CPU
		{7C6F2754-83B4-499D-916A-01D4DF9B2F42}.STAGE|x86.ActiveCfg = Debug|Any CPU
		{7C6F2754-83B4-499D-916A-01D4DF9B2F42}.STAGE|x86.Build.0 = Debug|Any CPU
		{FEB95B08-B353-4446-9756-ACC6B363F505}.DEBUG|Any CPU.ActiveCfg = Debug|Any CPU
		{FEB95B08-B353-4446-9756-ACC6B363F505}.DEBUG|Any CPU.Build.0 = Debug|Any CPU
		{FEB95B08-B353-4446-9756-ACC6B363F505}.DEBUG|ARM.ActiveCfg = Debug|Any CPU
		{FEB95B08-B353-4446-9756-ACC6B363F505}.DEBUG|ARM.Build.0 = Debug|Any CPU
		{FEB95B08-B353-4446-9756-ACC6B363F505}.DEBUG|x64.ActiveCfg = Debug|Any CPU
		{FEB95B08-B353-4446-9756-ACC6B363F505}.DEBUG|x64.Build.0 = Debug|Any CPU
		{FEB95B08-B353-4446-9756-ACC6B363F505}.DEBUG|x86.ActiveCfg = Debug|Any CPU
		{FEB95B08-B353-4446-9756-ACC6B363F505}.DEBUG|x86.Build.0 = Debug|Any CPU
		{FEB95B08-B353-4446-9756-ACC6B363F505}.QA|Any CPU.ActiveCfg = Release|Any CPU
		{FEB95B08-B353-4446-9756-ACC6B363F505}.QA|Any CPU.Build.0 = Release|Any CPU
		{FEB95B08-B353-4446-9756-ACC6B363F505}.QA|ARM.ActiveCfg = Release|Any CPU
		{FEB95B08-B353-4446-9756-ACC6B363F505}.QA|ARM.Build.0 = Release|Any CPU
		{FEB95B08-B353-4446-9756-ACC6B363F505}.QA|x64.ActiveCfg = Release|Any CPU
		{FEB95B08-B353-4446-9756-ACC6B363F505}.QA|x64.Build.0 = Release|Any CPU
		{FEB95B08-B353-4446-9756-ACC6B363F505}.QA|x86.ActiveCfg = Release|Any CPU
		{FEB95B08-B353-4446-9756-ACC6B363F505}.QA|x86.Build.0 = Release|Any CPU
		{FEB95B08-B353-4446-9756-ACC6B363F505}.STAGE|Any CPU.ActiveCfg = Debug|Any CPU
		{FEB95B08-B353-4446-9756-ACC6B363F505}.STAGE|Any CPU.Build.0 = Debug|Any CPU
		{FEB95B08-B353-4446-9756-ACC6B363F505}.STAGE|ARM.ActiveCfg = Debug|Any CPU
		{FEB95B08-B353-4446-9756-ACC6B363F505}.STAGE|ARM.Build.0 = Debug|Any CPU
		{FEB95B08-B353-4446-9756-ACC6B363F505}.STAGE|x64.ActiveCfg = Debug|Any CPU
		{FEB95B08-B353-4446-9756-ACC6B363F505}.STAGE|x64.Build.0 = Debug|Any CPU
		{FEB95B08-B353-4446-9756-ACC6B363F505}.STAGE|x86.ActiveCfg = Debug|Any CPU
		{FEB95B08-B353-4446-9756-ACC6B363F505}.STAGE|x86.Build.0 = Debug|Any CPU
		{2CF946A9-5E40-46F4-821B-E9F7F2A71032}.DEBUG|Any CPU.ActiveCfg = Debug|Any CPU
		{2CF946A9-5E40-46F4-821B-E9F7F2A71032}.DEBUG|Any CPU.Build.0 = Debug|Any CPU
		{2CF946A9-5E40-46F4-821B-E9F7F2A71032}.DEBUG|ARM.ActiveCfg = Debug|Any CPU
		{2CF946A9-5E40-46F4-821B-E9F7F2A71032}.DEBUG|ARM.Build.0 = Debug|Any CPU
		{2CF946A9-5E40-46F4-821B-E9F7F2A71032}.DEBUG|x64.ActiveCfg = Debug|Any CPU
		{2CF946A9-5E40-46F4-821B-E9F7F2A71032}.DEBUG|x64.Build.0 = Debug|Any CPU
		{2CF946A9-5E40-46F4-821B-E9F7F2A71032}.DEBUG|x86.ActiveCfg = Debug|Any CPU
		{2CF946A9-5E40-46F4-821B-E9F7F2A71032}.DEBUG|x86.Build.0 = Debug|Any CPU
		{2CF946A9-5E40-46F4-821B-E9F7F2A71032}.QA|Any CPU.ActiveCfg = Release|Any CPU
		{2CF946A9-5E40-46F4-821B-E9F7F2A71032}.QA|Any CPU.Build.0 = Release|Any CPU
		{2CF946A9-5E40-46F4-821B-E9F7F2A71032}.QA|ARM.ActiveCfg = Release|Any CPU
		{2CF946A9-5E40-46F4-821B-E9F7F2A71032}.QA|ARM.Build.0 = Release|Any CPU
		{2CF946A9-5E40-46F4-821B-E9F7F2A71032}.QA|x64.ActiveCfg = Release|Any CPU
		{2CF946A9-5E40-46F4-821B-E9F7F2A71032}.QA|x64.Build.0 = Release|Any CPU
		{2CF946A9-5E40-46F4-821B-E9F7F2A71032}.QA|x86.ActiveCfg = Release|Any CPU
		{2CF946A9-5E40-46F4-821B-E9F7F2A71032}.QA|x86.Build.0 = Release|Any CPU
		{2CF946A9-5E40-46F4-821B-E9F7F2A71032}.STAGE|Any CPU.ActiveCfg = Debug|Any CPU
		{2CF946A9-5E40-46F4-821B-E9F7F2A71032}.STAGE|Any CPU.Build.0 = Debug|Any CPU
		{2CF946A9-5E40-46F4-821B-E9F7F2A71032}.STAGE|ARM.ActiveCfg = Debug|Any CPU
		{2CF946A9-5E40-46F4-821B-E9F7F2A71032}.STAGE|ARM.Build.0 = Debug|Any CPU
		{2CF946A9-5E40-46F4-821B-E9F7F2A71032}.STAGE|x64.ActiveCfg = Debug|Any CPU
		{2CF946A9-5E40-46F4-821B-E9F7F2A71032}.STAGE|x64.Build.0 = Debug|Any CPU
		{2CF946A9-5E40-46F4-821B-E9F7F2A71032}.STAGE|x86.ActiveCfg = Debug|Any CPU
		{2CF946A9-5E40-46F4-821B-E9F7F2A71032}.STAGE|x86.Build.0 = Debug|Any CPU
		{41D201A3-7C12-42F7-9208-BF2A8224DE3C}.DEBUG|Any CPU.ActiveCfg = Debug|Any CPU
		{41D201A3-7C12-42F7-9208-BF2A8224DE3C}.DEBUG|Any CPU.Build.0 = Debug|Any CPU
		{41D201A3-7C12-42F7-9208-BF2A8224DE3C}.DEBUG|ARM.ActiveCfg = Debug|Any CPU
		{41D201A3-7C12-42F7-9208-BF2A8224DE3C}.DEBUG|ARM.Build.0 = Debug|Any CPU
		{41D201A3-7C12-42F7-9208-BF2A8224DE3C}.DEBUG|x64.ActiveCfg = Debug|Any CPU
		{41D201A3-7C12-42F7-9208-BF2A8224DE3C}.DEBUG|x64.Build.0 = Debug|Any CPU
		{41D201A3-7C12-42F7-9208-BF2A8224DE3C}.DEBUG|x86.ActiveCfg = Debug|Any CPU
		{41D201A3-7C12-42F7-9208-BF2A8224DE3C}.DEBUG|x86.Build.0 = Debug|Any CPU
		{41D201A3-7C12-42F7-9208-BF2A8224DE3C}.QA|Any CPU.ActiveCfg = Release|Any CPU
		{41D201A3-7C12-42F7-9208-BF2A8224DE3C}.QA|Any CPU.Build.0 = Release|Any CPU
		{41D201A3-7C12-42F7-9208-BF2A8224DE3C}.QA|ARM.ActiveCfg = Release|Any CPU
		{41D201A3-7C12-42F7-9208-BF2A8224DE3C}.QA|ARM.Build.0 = Release|Any CPU
		{41D201A3-7C12-42F7-9208-BF2A8224DE3C}.QA|x64.ActiveCfg = Release|Any CPU
		{41D201A3-7C12-42F7-9208-BF2A8224DE3C}.QA|x64.Build.0 = Release|Any CPU
		{41D201A3-7C12-42F7-9208-BF2A8224DE3C}.QA|x86.ActiveCfg = Release|Any CPU
		{41D201A3-7C12-42F7-9208-BF2A8224DE3C}.QA|x86.Build.0 = Release|Any CPU
		{41D201A3-7C12-42F7-9208-BF2A8224DE3C}.STAGE|Any CPU.ActiveCfg = Debug|Any CPU
		{41D201A3-7C12-42F7-9208-BF2A8224DE3C}.STAGE|Any CPU.Build.0 = Debug|Any CPU
		{41D201A3-7C12-42F7-9208-BF2A8224DE3C}.STAGE|ARM.ActiveCfg = Debug|Any CPU
		{41D201A3-7C12-42F7-9208-BF2A8224DE3C}.STAGE|ARM.Build.0 = Debug|Any CPU
		{41D201A3-7C12-42F7-9208-BF2A8224DE3C}.STAGE|x64.ActiveCfg = Debug|Any CPU
		{41D201A3-7C12-42F7-9208-BF2A8224DE3C}.STAGE|x64.Build.0 = Debug|Any CPU
		{41D201A3-7C12-42F7-9208-BF2A8224DE3C}.STAGE|x86.ActiveCfg = Debug|Any CPU
		{41D201A3-7C12-42F7-9208-BF2A8224DE3C}.STAGE|x86.Build.0 = Debug|Any CPU
		{FB3976A8-B006-4458-9309-74C1DC0527CF}.DEBUG|Any CPU.ActiveCfg = Debug|Any CPU
		{FB3976A8-B006-4458-9309-74C1DC0527CF}.DEBUG|Any CPU.Build.0 = Debug|Any CPU
		{FB3976A8-B006-4458-9309-74C1DC0527CF}.DEBUG|ARM.ActiveCfg = Debug|Any CPU
		{FB3976A8-B006-4458-9309-74C1DC0527CF}.DEBUG|ARM.Build.0 = Debug|Any CPU
		{FB3976A8-B006-4458-9309-74C1DC0527CF}.DEBUG|x64.ActiveCfg = Debug|Any CPU
		{FB3976A8-B006-4458-9309-74C1DC0527CF}.DEBUG|x64.Build.0 = Debug|Any CPU
		{FB3976A8-B006-4458-9309-74C1DC0527CF}.DEBUG|x86.ActiveCfg = Debug|Any CPU
		{FB3976A8-B006-4458-9309-74C1DC0527CF}.DEBUG|x86.Build.0 = Debug|Any CPU
		{FB3976A8-B006-4458-9309-74C1DC0527CF}.QA|Any CPU.ActiveCfg = Release|Any CPU
		{FB3976A8-B006-4458-9309-74C1DC0527CF}.QA|Any CPU.Build.0 = Release|Any CPU
		{FB3976A8-B006-4458-9309-74C1DC0527CF}.QA|ARM.ActiveCfg = Release|Any CPU
		{FB3976A8-B006-4458-9309-74C1DC0527CF}.QA|ARM.Build.0 = Release|Any CPU
		{FB3976A8-B006-4458-9309-74C1DC0527CF}.QA|x64.ActiveCfg = Release|Any CPU
		{FB3976A8-B006-4458-9309-74C1DC0527CF}.QA|x64.Build.0 = Release|Any CPU
		{FB3976A8-B006-4458-9309-74C1DC0527CF}.QA|x86.ActiveCfg = Release|Any CPU
		{FB3976A8-B006-4458-9309-74C1DC0527CF}.QA|x86.Build.0 = Release|Any CPU
		{FB3976A8-B006-4458-9309-74C1DC0527CF}.STAGE|Any CPU.ActiveCfg = Debug|Any CPU
		{FB3976A8-B006-4458-9309-74C1DC0527CF}.STAGE|Any CPU.Build.0 = Debug|Any CPU
		{FB3976A8-B006-4458-9309-74C1DC0527CF}.STAGE|ARM.ActiveCfg = Debug|Any CPU
		{FB3976A8-B006-4458-9309-74C1DC0527CF}.STAGE|ARM.Build.0 = Debug|Any CPU
		{FB3976A8-B006-4458-9309-74C1DC0527CF}.STAGE|x64.ActiveCfg = Debug|Any CPU
		{FB3976A8-B006-4458-9309-74C1DC0527CF}.STAGE|x64.Build.0 = Debug|Any CPU
		{FB3976A8-B006-4458-9309-74C1DC0527CF}.STAGE|x86.ActiveCfg = Debug|Any CPU
		{FB3976A8-B006-4458-9309-74C1DC0527CF}.STAGE|x86.Build.0 = Debug|Any CPU
		{1655D07C-3977-421E-96EF-818B33F4582F}.DEBUG|Any CPU.ActiveCfg = Debug|Any CPU
		{1655D07C-3977-421E-96EF-818B33F4582F}.DEBUG|Any CPU.Build.0 = Debug|Any CPU
		{1655D07C-3977-421E-96EF-818B33F4582F}.DEBUG|ARM.ActiveCfg = Debug|Any CPU
		{1655D07C-3977-421E-96EF-818B33F4582F}.DEBUG|ARM.Build.0 = Debug|Any CPU
		{1655D07C-3977-421E-96EF-818B33F4582F}.DEBUG|x64.ActiveCfg = Debug|Any CPU
		{1655D07C-3977-421E-96EF-818B33F4582F}.DEBUG|x64.Build.0 = Debug|Any CPU
		{1655D07C-3977-421E-96EF-818B33F4582F}.DEBUG|x86.ActiveCfg = Debug|Any CPU
		{1655D07C-3977-421E-96EF-818B33F4582F}.DEBUG|x86.Build.0 = Debug|Any CPU
		{1655D07C-3977-421E-96EF-818B33F4582F}.QA|Any CPU.ActiveCfg = Release|Any CPU
		{1655D07C-3977-421E-96EF-818B33F4582F}.QA|Any CPU.Build.0 = Release|Any CPU
		{1655D07C-3977-421E-96EF-818B33F4582F}.QA|ARM.ActiveCfg = Release|Any CPU
		{1655D07C-3977-421E-96EF-818B33F4582F}.QA|ARM.Build.0 = Release|Any CPU
		{1655D07C-3977-421E-96EF-818B33F4582F}.QA|x64.ActiveCfg = Release|Any CPU
		{1655D07C-3977-421E-96EF-818B33F4582F}.QA|x64.Build.0 = Release|Any CPU
		{1655D07C-3977-421E-96EF-818B33F4582F}.QA|x86.ActiveCfg = Release|Any CPU
		{1655D07C-3977-421E-96EF-818B33F4582F}.QA|x86.Build.0 = Release|Any CPU
		{1655D07C-3977-421E-96EF-818B33F4582F}.STAGE|Any CPU.ActiveCfg = Debug|Any CPU
		{1655D07C-3977-421E-96EF-818B33F4582F}.STAGE|Any CPU.Build.0 = Debug|Any CPU
		{1655D07C-3977-421E-96EF-818B33F4582F}.STAGE|ARM.ActiveCfg = Debug|Any CPU
		{1655D07C-3977-421E-96EF-818B33F4582F}.STAGE|ARM.Build.0 = Debug|Any CPU
		{1655D07C-3977-421E-96EF-818B33F4582F}.STAGE|x64.ActiveCfg = Debug|Any CPU
		{1655D07C-3977-421E-96EF-818B33F4582F}.STAGE|x64.Build.0 = Debug|Any CPU
		{1655D07C-3977-421E-96EF-818B33F4582F}.STAGE|x86.ActiveCfg = Debug|Any CPU
		{1655D07C-3977-421E-96EF-818B33F4582F}.STAGE|x86.Build.0 = Debug|Any CPU
		{1324787E-16DD-40DD-B81E-62C750A4CE0B}.DEBUG|Any CPU.ActiveCfg = Debug|Any CPU
		{1324787E-16DD-40DD-B81E-62C750A4CE0B}.DEBUG|Any CPU.Build.0 = Debug|Any CPU
		{1324787E-16DD-40DD-B81E-62C750A4CE0B}.DEBUG|ARM.ActiveCfg = Debug|Any CPU
		{1324787E-16DD-40DD-B81E-62C750A4CE0B}.DEBUG|ARM.Build.0 = Debug|Any CPU
		{1324787E-16DD-40DD-B81E-62C750A4CE0B}.DEBUG|x64.ActiveCfg = Debug|Any CPU
		{1324787E-16DD-40DD-B81E-62C750A4CE0B}.DEBUG|x64.Build.0 = Debug|Any CPU
		{1324787E-16DD-40DD-B81E-62C750A4CE0B}.DEBUG|x86.ActiveCfg = Debug|Any CPU
		{1324787E-16DD-40DD-B81E-62C750A4CE0B}.DEBUG|x86.Build.0 = Debug|Any CPU
		{1324787E-16DD-40DD-B81E-62C750A4CE0B}.QA|Any CPU.ActiveCfg = Release|Any CPU
		{1324787E-16DD-40DD-B81E-62C750A4CE0B}.QA|Any CPU.Build.0 = Release|Any CPU
		{1324787E-16DD-40DD-B81E-62C750A4CE0B}.QA|ARM.ActiveCfg = Release|Any CPU
		{1324787E-16DD-40DD-B81E-62C750A4CE0B}.QA|ARM.Build.0 = Release|Any CPU
		{1324787E-16DD-40DD-B81E-62C750A4CE0B}.QA|x64.ActiveCfg = Release|Any CPU
		{1324787E-16DD-40DD-B81E-62C750A4CE0B}.QA|x64.Build.0 = Release|Any CPU
		{1324787E-16DD-40DD-B81E-62C750A4CE0B}.QA|x86.ActiveCfg = Release|Any CPU
		{1324787E-16DD-40DD-B81E-62C750A4CE0B}.QA|x86.Build.0 = Release|Any CPU
		{1324787E-16DD-40DD-B81E-62C750A4CE0B}.STAGE|Any CPU.ActiveCfg = Debug|Any CPU
		{1324787E-16DD-40DD-B81E-62C750A4CE0B}.STAGE|Any CPU.Build.0 = Debug|Any CPU
		{1324787E-16DD-40DD-B81E-62C750A4CE0B}.STAGE|ARM.ActiveCfg = Debug|Any CPU
		{1324787E-16DD-40DD-B81E-62C750A4CE0B}.STAGE|ARM.Build.0 = Debug|Any CPU
		{1324787E-16DD-40DD-B81E-62C750A4CE0B}.STAGE|x64.ActiveCfg = Debug|Any CPU
		{1324787E-16DD-40DD-B81E-62C750A4CE0B}.STAGE|x64.Build.0 = Debug|Any CPU
		{1324787E-16DD-40DD-B81E-62C750A4CE0B}.STAGE|x86.ActiveCfg = Debug|Any CPU
		{1324787E-16DD-40DD-B81E-62C750A4CE0B}.STAGE|x86.Build.0 = Debug|Any CPU
		{E979D9FB-3C1F-40BC-A135-207DE454F35D}.DEBUG|Any CPU.ActiveCfg = Debug|Any CPU
		{E979D9FB-3C1F-40BC-A135-207DE454F35D}.DEBUG|Any CPU.Build.0 = Debug|Any CPU
		{E979D9FB-3C1F-40BC-A135-207DE454F35D}.DEBUG|ARM.ActiveCfg = Debug|Any CPU
		{E979D9FB-3C1F-40BC-A135-207DE454F35D}.DEBUG|ARM.Build.0 = Debug|Any CPU
		{E979D9FB-3C1F-40BC-A135-207DE454F35D}.DEBUG|x64.ActiveCfg = Debug|Any CPU
		{E979D9FB-3C1F-40BC-A135-207DE454F35D}.DEBUG|x64.Build.0 = Debug|Any CPU
		{E979D9FB-3C1F-40BC-A135-207DE454F35D}.DEBUG|x86.ActiveCfg = Debug|Any CPU
		{E979D9FB-3C1F-40BC-A135-207DE454F35D}.DEBUG|x86.Build.0 = Debug|Any CPU
		{E979D9FB-3C1F-40BC-A135-207DE454F35D}.QA|Any CPU.ActiveCfg = Release|Any CPU
		{E979D9FB-3C1F-40BC-A135-207DE454F35D}.QA|Any CPU.Build.0 = Release|Any CPU
		{E979D9FB-3C1F-40BC-A135-207DE454F35D}.QA|ARM.ActiveCfg = Release|Any CPU
		{E979D9FB-3C1F-40BC-A135-207DE454F35D}.QA|ARM.Build.0 = Release|Any CPU
		{E979D9FB-3C1F-40BC-A135-207DE454F35D}.QA|x64.ActiveCfg = Release|Any CPU
		{E979D9FB-3C1F-40BC-A135-207DE454F35D}.QA|x64.Build.0 = Release|Any CPU
		{E979D9FB-3C1F-40BC-A135-207DE454F35D}.QA|x86.ActiveCfg = Release|Any CPU
		{E979D9FB-3C1F-40BC-A135-207DE454F35D}.QA|x86.Build.0 = Release|Any CPU
		{E979D9FB-3C1F-40BC-A135-207DE454F35D}.STAGE|Any CPU.ActiveCfg = Debug|Any CPU
		{E979D9FB-3C1F-40BC-A135-207DE454F35D}.STAGE|Any CPU.Build.0 = Debug|Any CPU
		{E979D9FB-3C1F-40BC-A135-207DE454F35D}.STAGE|ARM.ActiveCfg = Debug|Any CPU
		{E979D9FB-3C1F-40BC-A135-207DE454F35D}.STAGE|ARM.Build.0 = Debug|Any CPU
		{E979D9FB-3C1F-40BC-A135-207DE454F35D}.STAGE|x64.ActiveCfg = Debug|Any CPU
		{E979D9FB-3C1F-40BC-A135-207DE454F35D}.STAGE|x64.Build.0 = Debug|Any CPU
		{E979D9FB-3C1F-40BC-A135-207DE454F35D}.STAGE|x86.ActiveCfg = Debug|Any CPU
		{E979D9FB-3C1F-40BC-A135-207DE454F35D}.STAGE|x86.Build.0 = Debug|Any CPU
		{35D95A27-61C9-4951-B5F9-5D087B7E3570}.DEBUG|Any CPU.ActiveCfg = Debug|Any CPU
		{35D95A27-61C9-4951-B5F9-5D087B7E3570}.DEBUG|Any CPU.Build.0 = Debug|Any CPU
		{35D95A27-61C9-4951-B5F9-5D087B7E3570}.DEBUG|ARM.ActiveCfg = Debug|Any CPU
		{35D95A27-61C9-4951-B5F9-5D087B7E3570}.DEBUG|ARM.Build.0 = Debug|Any CPU
		{35D95A27-61C9-4951-B5F9-5D087B7E3570}.DEBUG|x64.ActiveCfg = Debug|Any CPU
		{35D95A27-61C9-4951-B5F9-5D087B7E3570}.DEBUG|x64.Build.0 = Debug|Any CPU
		{35D95A27-61C9-4951-B5F9-5D087B7E3570}.DEBUG|x86.ActiveCfg = Debug|Any CPU
		{35D95A27-61C9-4951-B5F9-5D087B7E3570}.DEBUG|x86.Build.0 = Debug|Any CPU
		{35D95A27-61C9-4951-B5F9-5D087B7E3570}.QA|Any CPU.ActiveCfg = Release|Any CPU
		{35D95A27-61C9-4951-B5F9-5D087B7E3570}.QA|Any CPU.Build.0 = Release|Any CPU
		{35D95A27-61C9-4951-B5F9-5D087B7E3570}.QA|ARM.ActiveCfg = Release|Any CPU
		{35D95A27-61C9-4951-B5F9-5D087B7E3570}.QA|ARM.Build.0 = Release|Any CPU
		{35D95A27-61C9-4951-B5F9-5D087B7E3570}.QA|x64.ActiveCfg = Release|Any CPU
		{35D95A27-61C9-4951-B5F9-5D087B7E3570}.QA|x64.Build.0 = Release|Any CPU
		{35D95A27-61C9-4951-B5F9-5D087B7E3570}.QA|x86.ActiveCfg = Release|Any CPU
		{35D95A27-61C9-4951-B5F9-5D087B7E3570}.QA|x86.Build.0 = Release|Any CPU
		{35D95A27-61C9-4951-B5F9-5D087B7E3570}.STAGE|Any CPU.ActiveCfg = Debug|Any CPU
		{35D95A27-61C9-4951-B5F9-5D087B7E3570}.STAGE|Any CPU.Build.0 = Debug|Any CPU
		{35D95A27-61C9-4951-B5F9-5D087B7E3570}.STAGE|ARM.ActiveCfg = Debug|Any CPU
		{35D95A27-61C9-4951-B5F9-5D087B7E3570}.STAGE|ARM.Build.0 = Debug|Any CPU
		{35D95A27-61C9-4951-B5F9-5D087B7E3570}.STAGE|x64.ActiveCfg = Debug|Any CPU
		{35D95A27-61C9-4951-B5F9-5D087B7E3570}.STAGE|x64.Build.0 = Debug|Any CPU
		{35D95A27-61C9-4951-B5F9-5D087B7E3570}.STAGE|x86.ActiveCfg = Debug|Any CPU
		{35D95A27-61C9-4951-B5F9-5D087B7E3570}.STAGE|x86.Build.0 = Debug|Any CPU
		{27D8C2B5-1977-4990-AC21-7B775918FD97}.DEBUG|Any CPU.ActiveCfg = Debug|Any CPU
		{27D8C2B5-1977-4990-AC21-7B775918FD97}.DEBUG|Any CPU.Build.0 = Debug|Any CPU
		{27D8C2B5-1977-4990-AC21-7B775918FD97}.DEBUG|ARM.ActiveCfg = Debug|Any CPU
		{27D8C2B5-1977-4990-AC21-7B775918FD97}.DEBUG|ARM.Build.0 = Debug|Any CPU
		{27D8C2B5-1977-4990-AC21-7B775918FD97}.DEBUG|x64.ActiveCfg = Debug|Any CPU
		{27D8C2B5-1977-4990-AC21-7B775918FD97}.DEBUG|x64.Build.0 = Debug|Any CPU
		{27D8C2B5-1977-4990-AC21-7B775918FD97}.DEBUG|x86.ActiveCfg = Debug|Any CPU
		{27D8C2B5-1977-4990-AC21-7B775918FD97}.DEBUG|x86.Build.0 = Debug|Any CPU
		{27D8C2B5-1977-4990-AC21-7B775918FD97}.QA|Any CPU.ActiveCfg = Release|Any CPU
		{27D8C2B5-1977-4990-AC21-7B775918FD97}.QA|Any CPU.Build.0 = Release|Any CPU
		{27D8C2B5-1977-4990-AC21-7B775918FD97}.QA|ARM.ActiveCfg = Release|Any CPU
		{27D8C2B5-1977-4990-AC21-7B775918FD97}.QA|ARM.Build.0 = Release|Any CPU
		{27D8C2B5-1977-4990-AC21-7B775918FD97}.QA|x64.ActiveCfg = Release|Any CPU
		{27D8C2B5-1977-4990-AC21-7B775918FD97}.QA|x64.Build.0 = Release|Any CPU
		{27D8C2B5-1977-4990-AC21-7B775918FD97}.QA|x86.ActiveCfg = Release|Any CPU
		{27D8C2B5-1977-4990-AC21-7B775918FD97}.QA|x86.Build.0 = Release|Any CPU
		{27D8C2B5-1977-4990-AC21-7B775918FD97}.STAGE|Any CPU.ActiveCfg = Debug|Any CPU
		{27D8C2B5-1977-4990-AC21-7B775918FD97}.STAGE|Any CPU.Build.0 = Debug|Any CPU
		{27D8C2B5-1977-4990-AC21-7B775918FD97}.STAGE|ARM.ActiveCfg = Debug|Any CPU
		{27D8C2B5-1977-4990-AC21-7B775918FD97}.STAGE|ARM.Build.0 = Debug|Any CPU
		{27D8C2B5-1977-4990-AC21-7B775918FD97}.STAGE|x64.ActiveCfg = Debug|Any CPU
		{27D8C2B5-1977-4990-AC21-7B775918FD97}.STAGE|x64.Build.0 = Debug|Any CPU
		{27D8C2B5-1977-4990-AC21-7B775918FD97}.STAGE|x86.ActiveCfg = Debug|Any CPU
		{27D8C2B5-1977-4990-AC21-7B775918FD97}.STAGE|x86.Build.0 = Debug|Any CPU
		{DBA0A06A-9557-4ECD-82B4-9E859F7B5D81}.DEBUG|Any CPU.ActiveCfg = Debug|Any CPU
		{DBA0A06A-9557-4ECD-82B4-9E859F7B5D81}.DEBUG|Any CPU.Build.0 = Debug|Any CPU
		{DBA0A06A-9557-4ECD-82B4-9E859F7B5D81}.DEBUG|ARM.ActiveCfg = Debug|Any CPU
		{DBA0A06A-9557-4ECD-82B4-9E859F7B5D81}.DEBUG|ARM.Build.0 = Debug|Any CPU
		{DBA0A06A-9557-4ECD-82B4-9E859F7B5D81}.DEBUG|x64.ActiveCfg = Debug|Any CPU
		{DBA0A06A-9557-4ECD-82B4-9E859F7B5D81}.DEBUG|x64.Build.0 = Debug|Any CPU
		{DBA0A06A-9557-4ECD-82B4-9E859F7B5D81}.DEBUG|x86.ActiveCfg = Debug|Any CPU
		{DBA0A06A-9557-4ECD-82B4-9E859F7B5D81}.DEBUG|x86.Build.0 = Debug|Any CPU
		{DBA0A06A-9557-4ECD-82B4-9E859F7B5D81}.QA|Any CPU.ActiveCfg = Release|Any CPU
		{DBA0A06A-9557-4ECD-82B4-9E859F7B5D81}.QA|Any CPU.Build.0 = Release|Any CPU
		{DBA0A06A-9557-4ECD-82B4-9E859F7B5D81}.QA|ARM.ActiveCfg = Release|Any CPU
		{DBA0A06A-9557-4ECD-82B4-9E859F7B5D81}.QA|ARM.Build.0 = Release|Any CPU
		{DBA0A06A-9557-4ECD-82B4-9E859F7B5D81}.QA|x64.ActiveCfg = Release|Any CPU
		{DBA0A06A-9557-4ECD-82B4-9E859F7B5D81}.QA|x64.Build.0 = Release|Any CPU
		{DBA0A06A-9557-4ECD-82B4-9E859F7B5D81}.QA|x86.ActiveCfg = Release|Any CPU
		{DBA0A06A-9557-4ECD-82B4-9E859F7B5D81}.QA|x86.Build.0 = Release|Any CPU
		{DBA0A06A-9557-4ECD-82B4-9E859F7B5D81}.STAGE|Any CPU.ActiveCfg = Debug|Any CPU
		{DBA0A06A-9557-4ECD-82B4-9E859F7B5D81}.STAGE|Any CPU.Build.0 = Debug|Any CPU
		{DBA0A06A-9557-4ECD-82B4-9E859F7B5D81}.STAGE|ARM.ActiveCfg = Debug|Any CPU
		{DBA0A06A-9557-4ECD-82B4-9E859F7B5D81}.STAGE|ARM.Build.0 = Debug|Any CPU
		{DBA0A06A-9557-4ECD-82B4-9E859F7B5D81}.STAGE|x64.ActiveCfg = Debug|Any CPU
		{DBA0A06A-9557-4ECD-82B4-9E859F7B5D81}.STAGE|x64.Build.0 = Debug|Any CPU
		{DBA0A06A-9557-4ECD-82B4-9E859F7B5D81}.STAGE|x86.ActiveCfg = Debug|Any CPU
		{DBA0A06A-9557-4ECD-82B4-9E859F7B5D81}.STAGE|x86.Build.0 = Debug|Any CPU
		{CD72BD04-655A-45B6-9BF3-DB6F1C6FDA3D}.DEBUG|Any CPU.ActiveCfg = DEBUG|Any CPU
		{CD72BD04-655A-45B6-9BF3-DB6F1C6FDA3D}.DEBUG|Any CPU.Build.0 = DEBUG|Any CPU
		{CD72BD04-655A-45B6-9BF3-DB6F1C6FDA3D}.DEBUG|ARM.ActiveCfg = DEBUG|Any CPU
		{CD72BD04-655A-45B6-9BF3-DB6F1C6FDA3D}.DEBUG|ARM.Build.0 = DEBUG|Any CPU
		{CD72BD04-655A-45B6-9BF3-DB6F1C6FDA3D}.DEBUG|x64.ActiveCfg = DEBUG|Any CPU
		{CD72BD04-655A-45B6-9BF3-DB6F1C6FDA3D}.DEBUG|x64.Build.0 = DEBUG|Any CPU
		{CD72BD04-655A-45B6-9BF3-DB6F1C6FDA3D}.DEBUG|x86.ActiveCfg = DEBUG|Any CPU
		{CD72BD04-655A-45B6-9BF3-DB6F1C6FDA3D}.DEBUG|x86.Build.0 = DEBUG|Any CPU
		{CD72BD04-655A-45B6-9BF3-DB6F1C6FDA3D}.QA|Any CPU.ActiveCfg = QA|Any CPU
		{CD72BD04-655A-45B6-9BF3-DB6F1C6FDA3D}.QA|Any CPU.Build.0 = QA|Any CPU
		{CD72BD04-655A-45B6-9BF3-DB6F1C6FDA3D}.QA|ARM.ActiveCfg = QA|Any CPU
		{CD72BD04-655A-45B6-9BF3-DB6F1C6FDA3D}.QA|ARM.Build.0 = QA|Any CPU
		{CD72BD04-655A-45B6-9BF3-DB6F1C6FDA3D}.QA|x64.ActiveCfg = QA|Any CPU
		{CD72BD04-655A-45B6-9BF3-DB6F1C6FDA3D}.QA|x64.Build.0 = QA|Any CPU
		{CD72BD04-655A-45B6-9BF3-DB6F1C6FDA3D}.QA|x86.ActiveCfg = QA|Any CPU
		{CD72BD04-655A-45B6-9BF3-DB6F1C6FDA3D}.QA|x86.Build.0 = QA|Any CPU
		{CD72BD04-655A-45B6-9BF3-DB6F1C6FDA3D}.STAGE|Any CPU.ActiveCfg = STAGE|Any CPU
		{CD72BD04-655A-45B6-9BF3-DB6F1C6FDA3D}.STAGE|Any CPU.Build.0 = STAGE|Any CPU
		{CD72BD04-655A-45B6-9BF3-DB6F1C6FDA3D}.STAGE|ARM.ActiveCfg = STAGE|Any CPU
		{CD72BD04-655A-45B6-9BF3-DB6F1C6FDA3D}.STAGE|ARM.Build.0 = STAGE|Any CPU
		{CD72BD04-655A-45B6-9BF3-DB6F1C6FDA3D}.STAGE|x64.ActiveCfg = STAGE|Any CPU
		{CD72BD04-655A-45B6-9BF3-DB6F1C6FDA3D}.STAGE|x64.Build.0 = STAGE|Any CPU
		{CD72BD04-655A-45B6-9BF3-DB6F1C6FDA3D}.STAGE|x86.ActiveCfg = STAGE|Any CPU
		{CD72BD04-655A-45B6-9BF3-DB6F1C6FDA3D}.STAGE|x86.Build.0 = STAGE|Any CPU
		{0D8E9CEB-A9B3-4A89-8A47-04417D46DAB2}.DEBUG|Any CPU.ActiveCfg = DEBUG|Any CPU
		{0D8E9CEB-A9B3-4A89-8A47-04417D46DAB2}.DEBUG|Any CPU.Build.0 = DEBUG|Any CPU
		{0D8E9CEB-A9B3-4A89-8A47-04417D46DAB2}.DEBUG|ARM.ActiveCfg = DEBUG|Any CPU
		{0D8E9CEB-A9B3-4A89-8A47-04417D46DAB2}.DEBUG|ARM.Build.0 = DEBUG|Any CPU
		{0D8E9CEB-A9B3-4A89-8A47-04417D46DAB2}.DEBUG|x64.ActiveCfg = DEBUG|Any CPU
		{0D8E9CEB-A9B3-4A89-8A47-04417D46DAB2}.DEBUG|x64.Build.0 = DEBUG|Any CPU
		{0D8E9CEB-A9B3-4A89-8A47-04417D46DAB2}.DEBUG|x86.ActiveCfg = DEBUG|Any CPU
		{0D8E9CEB-A9B3-4A89-8A47-04417D46DAB2}.DEBUG|x86.Build.0 = DEBUG|Any CPU
		{0D8E9CEB-A9B3-4A89-8A47-04417D46DAB2}.QA|Any CPU.ActiveCfg = QA|Any CPU
		{0D8E9CEB-A9B3-4A89-8A47-04417D46DAB2}.QA|Any CPU.Build.0 = QA|Any CPU
		{0D8E9CEB-A9B3-4A89-8A47-04417D46DAB2}.QA|ARM.ActiveCfg = QA|Any CPU
		{0D8E9CEB-A9B3-4A89-8A47-04417D46DAB2}.QA|ARM.Build.0 = QA|Any CPU
		{0D8E9CEB-A9B3-4A89-8A47-04417D46DAB2}.QA|x64.ActiveCfg = QA|Any CPU
		{0D8E9CEB-A9B3-4A89-8A47-04417D46DAB2}.QA|x64.Build.0 = QA|Any CPU
		{0D8E9CEB-A9B3-4A89-8A47-04417D46DAB2}.QA|x86.ActiveCfg = QA|Any CPU
		{0D8E9CEB-A9B3-4A89-8A47-04417D46DAB2}.QA|x86.Build.0 = QA|Any CPU
		{0D8E9CEB-A9B3-4A89-8A47-04417D46DAB2}.STAGE|Any CPU.ActiveCfg = STAGE|Any CPU
		{0D8E9CEB-A9B3-4A89-8A47-04417D46DAB2}.STAGE|Any CPU.Build.0 = STAGE|Any CPU
		{0D8E9CEB-A9B3-4A89-8A47-04417D46DAB2}.STAGE|ARM.ActiveCfg = STAGE|Any CPU
		{0D8E9CEB-A9B3-4A89-8A47-04417D46DAB2}.STAGE|ARM.Build.0 = STAGE|Any CPU
		{0D8E9CEB-A9B3-4A89-8A47-04417D46DAB2}.STAGE|x64.ActiveCfg = STAGE|Any CPU
		{0D8E9CEB-A9B3-4A89-8A47-04417D46DAB2}.STAGE|x64.Build.0 = STAGE|Any CPU
		{0D8E9CEB-A9B3-4A89-8A47-04417D46DAB2}.STAGE|x86.ActiveCfg = STAGE|Any CPU
		{0D8E9CEB-A9B3-4A89-8A47-04417D46DAB2}.STAGE|x86.Build.0 = STAGE|Any CPU
		{282955A5-8980-48F5-8F6E-4AE9E74AE189}.DEBUG|Any CPU.ActiveCfg = Debug|Any CPU
		{282955A5-8980-48F5-8F6E-4AE9E74AE189}.DEBUG|Any CPU.Build.0 = Debug|Any CPU
		{282955A5-8980-48F5-8F6E-4AE9E74AE189}.DEBUG|ARM.ActiveCfg = Debug|Any CPU
		{282955A5-8980-48F5-8F6E-4AE9E74AE189}.DEBUG|ARM.Build.0 = Debug|Any CPU
		{282955A5-8980-48F5-8F6E-4AE9E74AE189}.DEBUG|x64.ActiveCfg = Debug|Any CPU
		{282955A5-8980-48F5-8F6E-4AE9E74AE189}.DEBUG|x64.Build.0 = Debug|Any CPU
		{282955A5-8980-48F5-8F6E-4AE9E74AE189}.DEBUG|x86.ActiveCfg = Debug|Any CPU
		{282955A5-8980-48F5-8F6E-4AE9E74AE189}.DEBUG|x86.Build.0 = Debug|Any CPU
		{282955A5-8980-48F5-8F6E-4AE9E74AE189}.QA|Any CPU.ActiveCfg = QA|Any CPU
		{282955A5-8980-48F5-8F6E-4AE9E74AE189}.QA|Any CPU.Build.0 = QA|Any CPU
		{282955A5-8980-48F5-8F6E-4AE9E74AE189}.QA|ARM.ActiveCfg = QA|Any CPU
		{282955A5-8980-48F5-8F6E-4AE9E74AE189}.QA|ARM.Build.0 = QA|Any CPU
		{282955A5-8980-48F5-8F6E-4AE9E74AE189}.QA|x64.ActiveCfg = QA|Any CPU
		{282955A5-8980-48F5-8F6E-4AE9E74AE189}.QA|x64.Build.0 = QA|Any CPU
		{282955A5-8980-48F5-8F6E-4AE9E74AE189}.QA|x86.ActiveCfg = QA|Any CPU
		{282955A5-8980-48F5-8F6E-4AE9E74AE189}.QA|x86.Build.0 = QA|Any CPU
		{282955A5-8980-48F5-8F6E-4AE9E74AE189}.STAGE|Any CPU.ActiveCfg = STAGE|Any CPU
		{282955A5-8980-48F5-8F6E-4AE9E74AE189}.STAGE|Any CPU.Build.0 = STAGE|Any CPU
		{282955A5-8980-48F5-8F6E-4AE9E74AE189}.STAGE|ARM.ActiveCfg = STAGE|Any CPU
		{282955A5-8980-48F5-8F6E-4AE9E74AE189}.STAGE|ARM.Build.0 = STAGE|Any CPU
		{282955A5-8980-48F5-8F6E-4AE9E74AE189}.STAGE|x64.ActiveCfg = STAGE|Any CPU
		{282955A5-8980-48F5-8F6E-4AE9E74AE189}.STAGE|x64.Build.0 = STAGE|Any CPU
		{282955A5-8980-48F5-8F6E-4AE9E74AE189}.STAGE|x86.ActiveCfg = STAGE|Any CPU
		{282955A5-8980-48F5-8F6E-4AE9E74AE189}.STAGE|x86.Build.0 = STAGE|Any CPU
		{1AFF3507-F2C7-4240-A9D4-B166BEAC9B6F}.DEBUG|Any CPU.ActiveCfg = Debug|Any CPU
		{1AFF3507-F2C7-4240-A9D4-B166BEAC9B6F}.DEBUG|Any CPU.Build.0 = Debug|Any CPU
		{1AFF3507-F2C7-4240-A9D4-B166BEAC9B6F}.DEBUG|ARM.ActiveCfg = Debug|Any CPU
		{1AFF3507-F2C7-4240-A9D4-B166BEAC9B6F}.DEBUG|ARM.Build.0 = Debug|Any CPU
		{1AFF3507-F2C7-4240-A9D4-B166BEAC9B6F}.DEBUG|x64.ActiveCfg = Debug|Any CPU
		{1AFF3507-F2C7-4240-A9D4-B166BEAC9B6F}.DEBUG|x64.Build.0 = Debug|Any CPU
		{1AFF3507-F2C7-4240-A9D4-B166BEAC9B6F}.DEBUG|x86.ActiveCfg = Debug|Any CPU
		{1AFF3507-F2C7-4240-A9D4-B166BEAC9B6F}.DEBUG|x86.Build.0 = Debug|Any CPU
		{1AFF3507-F2C7-4240-A9D4-B166BEAC9B6F}.QA|Any CPU.ActiveCfg = QA|Any CPU
		{1AFF3507-F2C7-4240-A9D4-B166BEAC9B6F}.QA|Any CPU.Build.0 = QA|Any CPU
		{1AFF3507-F2C7-4240-A9D4-B166BEAC9B6F}.QA|ARM.ActiveCfg = QA|Any CPU
		{1AFF3507-F2C7-4240-A9D4-B166BEAC9B6F}.QA|ARM.Build.0 = QA|Any CPU
		{1AFF3507-F2C7-4240-A9D4-B166BEAC9B6F}.QA|x64.ActiveCfg = QA|Any CPU
		{1AFF3507-F2C7-4240-A9D4-B166BEAC9B6F}.QA|x64.Build.0 = QA|Any CPU
		{1AFF3507-F2C7-4240-A9D4-B166BEAC9B6F}.QA|x86.ActiveCfg = QA|Any CPU
		{1AFF3507-F2C7-4240-A9D4-B166BEAC9B6F}.QA|x86.Build.0 = QA|Any CPU
		{1AFF3507-F2C7-4240-A9D4-B166BEAC9B6F}.STAGE|Any CPU.ActiveCfg = STAGE|Any CPU
		{1AFF3507-F2C7-4240-A9D4-B166BEAC9B6F}.STAGE|Any CPU.Build.0 = STAGE|Any CPU
		{1AFF3507-F2C7-4240-A9D4-B166BEAC9B6F}.STAGE|ARM.ActiveCfg = STAGE|Any CPU
		{1AFF3507-F2C7-4240-A9D4-B166BEAC9B6F}.STAGE|ARM.Build.0 = STAGE|Any CPU
		{1AFF3507-F2C7-4240-A9D4-B166BEAC9B6F}.STAGE|x64.ActiveCfg = STAGE|Any CPU
		{1AFF3507-F2C7-4240-A9D4-B166BEAC9B6F}.STAGE|x64.Build.0 = STAGE|Any CPU
		{1AFF3507-F2C7-4240-A9D4-B166BEAC9B6F}.STAGE|x86.ActiveCfg = STAGE|Any CPU
		{1AFF3507-F2C7-4240-A9D4-B166BEAC9B6F}.STAGE|x86.Build.0 = STAGE|Any CPU
	EndGlobalSection
	GlobalSection(SolutionProperties) = preSolution
		HideSolutionNode = FALSE
	EndGlobalSection
	GlobalSection(NestedProjects) = preSolution
		{BD61AD2E-71C8-4E3D-9B79-C34660CD6CD7} = {1DF0F472-E4CA-4EFD-9459-F5B90E2E8E67}
		{B1DF9A0A-2218-4F91-83AB-2830EA2B2014} = {1DF0F472-E4CA-4EFD-9459-F5B90E2E8E67}
		{49932FF4-0BB7-4B74-99DB-5E8D78D8051E} = {1DF0F472-E4CA-4EFD-9459-F5B90E2E8E67}
		{3C224657-2F76-4997-BE2E-B8CC8D8F98D5} = {1DF0F472-E4CA-4EFD-9459-F5B90E2E8E67}
		{782C017B-03B5-491A-8058-0E98A56A7730} = {1DF0F472-E4CA-4EFD-9459-F5B90E2E8E67}
		{066E5471-7F04-4DB7-85D3-69D6D6464F46} = {E8AA67CB-09C6-4E4B-AFF1-0D5875903C34}
		{BE3F14A5-B8E0-4D4F-B873-8D21DD8D1F0B} = {74747D87-4B09-479B-B2FC-63F2CCAC4201}
		{52921B2D-65F6-4069-B5B5-5BC2E36823D3} = {74747D87-4B09-479B-B2FC-63F2CCAC4201}
		{AFA64BA1-DEC5-4CE5-84BC-C1984EF08539} = {74747D87-4B09-479B-B2FC-63F2CCAC4201}
		{63C58E46-5934-446F-ABF9-08D9395FCA89} = {74747D87-4B09-479B-B2FC-63F2CCAC4201}
		{3F76EC74-87E9-41EB-A4BF-14B42D7BEC13} = {74747D87-4B09-479B-B2FC-63F2CCAC4201}
		{0AF83D6C-F5BE-420E-A60B-6C0A5BA32198} = {A48D5A62-96E5-4D44-818C-18748101CCC5}
		{98C10EF5-874B-4E97-8996-62AE5E4ADF57} = {A48D5A62-96E5-4D44-818C-18748101CCC5}
		{B1CB28FF-86E6-4989-BB10-F790E96452BC} = {A48D5A62-96E5-4D44-818C-18748101CCC5}
		{D6DE1943-0BBA-48B7-A9CF-42B122837E01} = {A48D5A62-96E5-4D44-818C-18748101CCC5}
		{D78AD8D0-5D1E-468B-9406-3F501A24F30F} = {A48D5A62-96E5-4D44-818C-18748101CCC5}
		{7C6F2754-83B4-499D-916A-01D4DF9B2F42} = {1DF0F472-E4CA-4EFD-9459-F5B90E2E8E67}
		{FEB95B08-B353-4446-9756-ACC6B363F505} = {E8AA67CB-09C6-4E4B-AFF1-0D5875903C34}
		{2CF946A9-5E40-46F4-821B-E9F7F2A71032} = {E8AA67CB-09C6-4E4B-AFF1-0D5875903C34}
		{E8AA67CB-09C6-4E4B-AFF1-0D5875903C34} = {1DF0F472-E4CA-4EFD-9459-F5B90E2E8E67}
		{41D201A3-7C12-42F7-9208-BF2A8224DE3C} = {1DF0F472-E4CA-4EFD-9459-F5B90E2E8E67}
		{FB3976A8-B006-4458-9309-74C1DC0527CF} = {1DF0F472-E4CA-4EFD-9459-F5B90E2E8E67}
		{1655D07C-3977-421E-96EF-818B33F4582F} = {1DF0F472-E4CA-4EFD-9459-F5B90E2E8E67}
		{1324787E-16DD-40DD-B81E-62C750A4CE0B} = {1BC68BA5-84FB-42A9-B733-6BFBB327EF8B}
		{E979D9FB-3C1F-40BC-A135-207DE454F35D} = {1BC68BA5-84FB-42A9-B733-6BFBB327EF8B}
		{35D95A27-61C9-4951-B5F9-5D087B7E3570} = {1BC68BA5-84FB-42A9-B733-6BFBB327EF8B}
		{27D8C2B5-1977-4990-AC21-7B775918FD97} = {1BC68BA5-84FB-42A9-B733-6BFBB327EF8B}
		{DBA0A06A-9557-4ECD-82B4-9E859F7B5D81} = {E8AA67CB-09C6-4E4B-AFF1-0D5875903C34}
		{CD72BD04-655A-45B6-9BF3-DB6F1C6FDA3D} = {E8AA67CB-09C6-4E4B-AFF1-0D5875903C34}
		{0D8E9CEB-A9B3-4A89-8A47-04417D46DAB2} = {E8AA67CB-09C6-4E4B-AFF1-0D5875903C34}
		{282955A5-8980-48F5-8F6E-4AE9E74AE189} = {E8AA67CB-09C6-4E4B-AFF1-0D5875903C34}
		{1AFF3507-F2C7-4240-A9D4-B166BEAC9B6F} = {E8AA67CB-09C6-4E4B-AFF1-0D5875903C34}
	EndGlobalSection
	GlobalSection(ExtensibilityGlobals) = postSolution
		SolutionGuid = {5CA92FF2-B2AC-41BA-ADDD-1F259867B5F4}
	EndGlobalSection
EndGlobal
