
Microsoft Visual Studio Solution File, Format Version 12.00
# Visual Studio Version 16
VisualStudioVersion = 16.0.28803.452
MinimumVisualStudioVersion = 10.0.40219.1
Project("{2150E333-8FDC-42A3-9474-1A3956D46DE8}") = "src", "src", "{1DF0F472-E4CA-4EFD-9459-F5B90E2E8E67}"
EndProject
Project("{9A19103F-16F7-4668-BE54-9A1E7A4F7556}") = "Bellatrix.Web", "src\Bellatrix.Web\Bellatrix.Web.csproj", "{BD61AD2E-71C8-4E3D-9B79-C34660CD6CD7}"
EndProject
Project("{2150E333-8FDC-42A3-9474-1A3956D46DE8}") = "Solution Items", "Solution Items", "{49ABB9ED-76B9-4A05-8DE8-648923CF792B}"
	ProjectSection(SolutionItems) = preProject
		.editorconfig = .editorconfig
		shared\.gitignore = shared\.gitignore
		shared\.tfignore = shared\.tfignore
		shared\bellatrix_icon.png = shared\bellatrix_icon.png
		LICENSE = LICENSE
		shared\LICENSE.txt = shared\LICENSE.txt
		shared\SharedAssemblyInfo.targets = shared\SharedAssemblyInfo.targets
		shared\stylecop.json = shared\stylecop.json
		shared\StyleCopeRules.ruleset = shared\StyleCopeRules.ruleset
	EndProjectSection
EndProject
Project("{2150E333-8FDC-42A3-9474-1A3956D46DE8}") = "frameworktests", "frameworktests", "{A48D5A62-96E5-4D44-818C-18748101CCC5}"
EndProject
Project("{9A19103F-16F7-4668-BE54-9A1E7A4F7556}") = "Bellatrix.API", "src\Bellatrix.Api\Bellatrix.API.csproj", "{B1DF9A0A-2218-4F91-83AB-2830EA2B2014}"
EndProject
Project("{9A19103F-16F7-4668-BE54-9A1E7A4F7556}") = "Bellatrix.Layout", "src\Bellatrix.Layout\Bellatrix.Layout.csproj", "{49932FF4-0BB7-4B74-99DB-5E8D78D8051E}"
EndProject
Project("{9A19103F-16F7-4668-BE54-9A1E7A4F7556}") = "Bellatrix.Desktop", "src\Bellatrix.Desktop\Bellatrix.Desktop.csproj", "{3C224657-2F76-4997-BE2E-B8CC8D8F98D5}"
EndProject
Project("{2150E333-8FDC-42A3-9474-1A3956D46DE8}") = "starthere", "starthere", "{1BC68BA5-84FB-42A9-B733-6BFBB327EF8B}"
EndProject
Project("{9A19103F-16F7-4668-BE54-9A1E7A4F7556}") = "Bellatrix.Mobile", "src\Bellatrix.Mobile\Bellatrix.Mobile.csproj", "{782C017B-03B5-491A-8058-0E98A56A7730}"
EndProject
Project("{2150E333-8FDC-42A3-9474-1A3956D46DE8}") = "mobile", "mobile", "{FF669221-B138-4C09-A822-5DD365336BA9}"
EndProject
Project("{9A19103F-16F7-4668-BE54-9A1E7A4F7556}") = "Bellatrix.Results.Allure", "src\Bellatrix.Allure\Bellatrix.Results.Allure.csproj", "{066E5471-7F04-4DB7-85D3-69D6D6464F46}"
EndProject
Project("{9A19103F-16F7-4668-BE54-9A1E7A4F7556}") = "Bellatrix.API.GettingStarted", "templates\Bellatrix.API.GettingStarted\Bellatrix.API.GettingStarted.csproj", "{BE3F14A5-B8E0-4D4F-B873-8D21DD8D1F0B}"
EndProject
Project("{9A19103F-16F7-4668-BE54-9A1E7A4F7556}") = "Bellatrix.Desktop.GettingStarted", "templates\Bellatrix.Desktop.GettingStarted\Bellatrix.Desktop.GettingStarted.csproj", "{52921B2D-65F6-4069-B5B5-5BC2E36823D3}"
EndProject
Project("{9A19103F-16F7-4668-BE54-9A1E7A4F7556}") = "Bellatrix.IOS.GettingStarted", "templates\Bellatrix.IOS.GettingStarted\Bellatrix.IOS.GettingStarted.csproj", "{AFA64BA1-DEC5-4CE5-84BC-C1984EF08539}"
EndProject
Project("{9A19103F-16F7-4668-BE54-9A1E7A4F7556}") = "Bellatrix.IOS.MSTest.Tests", "templates\Bellatrix.IOS.MSTest.tests\Bellatrix.IOS.MSTest.Tests.csproj", "{20B772BB-F54A-40B3-9264-76E51507D82E}"
EndProject
Project("{9A19103F-16F7-4668-BE54-9A1E7A4F7556}") = "Bellatrix.IOS.NUnit.Tests", "templates\Bellatrix.IOS.NUnit.tests\Bellatrix.IOS.NUnit.Tests.csproj", "{F62A49A3-93FF-4AA4-8399-29DA9EC3CC24}"
EndProject
Project("{9A19103F-16F7-4668-BE54-9A1E7A4F7556}") = "Bellatrix.Android.GettingStarted", "templates\Bellatrix.Android.GettingStarted\Bellatrix.Android.GettingStarted.csproj", "{63C58E46-5934-446F-ABF9-08D9395FCA89}"
EndProject
Project("{9A19103F-16F7-4668-BE54-9A1E7A4F7556}") = "Bellatrix.Web.GettingStarted", "templates\Bellatrix.Web.GettingStarted\Bellatrix.Web.GettingStarted.csproj", "{3F76EC74-87E9-41EB-A4BF-14B42D7BEC13}"
EndProject
Project("{9A19103F-16F7-4668-BE54-9A1E7A4F7556}") = "Bellatrix.API.Tests", "tests\Bellatrix.API.tests\Bellatrix.API.Tests.csproj", "{0AF83D6C-F5BE-420E-A60B-6C0A5BA32198}"
EndProject
Project("{9A19103F-16F7-4668-BE54-9A1E7A4F7556}") = "Bellatrix.Desktop.Tests", "tests\Bellatrix.Desktop.tests\Bellatrix.Desktop.Tests.csproj", "{98C10EF5-874B-4E97-8996-62AE5E4ADF57}"
EndProject
Project("{9A19103F-16F7-4668-BE54-9A1E7A4F7556}") = "Bellatrix.Mobile.Android.Tests", "tests\Bellatrix.Mobile.Android.tests\Bellatrix.Mobile.Android.Tests.csproj", "{B1CB28FF-86E6-4989-BB10-F790E96452BC}"
EndProject
Project("{9A19103F-16F7-4668-BE54-9A1E7A4F7556}") = "Bellatrix.Mobile.IOS.Tests", "tests\Bellatrix.Mobile.IOS.tests\Bellatrix.Mobile.IOS.Tests.csproj", "{D6DE1943-0BBA-48B7-A9CF-42B122837E01}"
EndProject
Project("{9A19103F-16F7-4668-BE54-9A1E7A4F7556}") = "Bellatrix.Web.Tests", "tests\Bellatrix.Web.tests\Bellatrix.Web.Tests.csproj", "{D78AD8D0-5D1E-468B-9406-3F501A24F30F}"
EndProject
Project("{9A19103F-16F7-4668-BE54-9A1E7A4F7556}") = "Bellatrix.Android.MSTest.Tests", "templates\Bellatrix.Android.MSTest.tests\Bellatrix.Android.MSTest.Tests.csproj", "{D6A2F442-6DB8-4330-B99B-1BC59B177DA9}"
EndProject
Project("{9A19103F-16F7-4668-BE54-9A1E7A4F7556}") = "Bellatrix.Android.NUnit.Tests", "templates\Bellatrix.Android.NUnit.tests\Bellatrix.Android.NUnit.Tests.csproj", "{442C769E-4749-4626-AEC9-C95D35DB7212}"
EndProject
Project("{9A19103F-16F7-4668-BE54-9A1E7A4F7556}") = "Bellatrix.ImageRecognition", "src\Bellatrix.ImageRecognition\Bellatrix.ImageRecognition.csproj", "{7C6F2754-83B4-499D-916A-01D4DF9B2F42}"
EndProject
Project("{9A19103F-16F7-4668-BE54-9A1E7A4F7556}") = "Bellatrix.DynamicTestCases", "src\Bellatrix.DynamicTestCases\Bellatrix.DynamicTestCases.csproj", "{FEB95B08-B353-4446-9756-ACC6B363F505}"
EndProject
Project("{9A19103F-16F7-4668-BE54-9A1E7A4F7556}") = "Bellatrix.DynamicTestCases.QTest", "src\Bellatrix.DynamicTestCases.QTest\Bellatrix.DynamicTestCases.QTest.csproj", "{1BF0DF18-0985-4CDA-9D3D-913495F30E46}"
EndProject
Project("{9A19103F-16F7-4668-BE54-9A1E7A4F7556}") = "Bellatrix.DynamicTestCases.AzureDevOps", "src\Bellatrix.DynamicTestCases.AzureDevOps\Bellatrix.DynamicTestCases.AzureDevOps.csproj", "{46C17FD7-88EE-4C6F-AC1C-D0190BDCD901}"
EndProject
Project("{9A19103F-16F7-4668-BE54-9A1E7A4F7556}") = "Bellatrix.BugReporting", "src\Bellatrix.BugReporting\Bellatrix.BugReporting.csproj", "{2CF946A9-5E40-46F4-821B-E9F7F2A71032}"
EndProject
Project("{2150E333-8FDC-42A3-9474-1A3956D46DE8}") = "integrations", "integrations", "{E8AA67CB-09C6-4E4B-AFF1-0D5875903C34}"
EndProject
Project("{9A19103F-16F7-4668-BE54-9A1E7A4F7556}") = "Bellatrix.BugReporting.AzureDevOps", "src\Bellatrix.BugReporting.AzureDevOps\Bellatrix.BugReporting.AzureDevOps.csproj", "{21284859-45E0-48D1-829D-509F7A143B78}"
EndProject
Project("{9A19103F-16F7-4668-BE54-9A1E7A4F7556}") = "Bellatrix.BugReporting.Jira", "src\Bellatrix.BugReporting.Jira\Bellatrix.BugReporting.Jira.csproj", "{539C7302-9003-4AAB-871B-3721F7A43FC7}"
EndProject
Project("{9A19103F-16F7-4668-BE54-9A1E7A4F7556}") = "Bellatrix.Core", "src\Bellatrix.Core\Bellatrix.Core.csproj", "{41D201A3-7C12-42F7-9208-BF2A8224DE3C}"
EndProject
Project("{9A19103F-16F7-4668-BE54-9A1E7A4F7556}") = "Bellatrix.Plugins.Screenshots", "src\Bellatrix.Plugins.Screenshots\Bellatrix.Plugins.Screenshots.csproj", "{FB3976A8-B006-4458-9309-74C1DC0527CF}"
EndProject
Project("{9A19103F-16F7-4668-BE54-9A1E7A4F7556}") = "Bellatrix.Plugins.Video", "src\Bellatrix.Plugins.Video\Bellatrix.Plugins.Video.csproj", "{1655D07C-3977-421E-96EF-818B33F4582F}"
EndProject
Project("{9A19103F-16F7-4668-BE54-9A1E7A4F7556}") = "Bellatrix.API.Tests", "templates\Bellatrix.API.Tests\Bellatrix.API.Tests.csproj", "{1324787E-16DD-40DD-B81E-62C750A4CE0B}"
EndProject
Project("{9A19103F-16F7-4668-BE54-9A1E7A4F7556}") = "Bellatrix.Desktop.Tests", "templates\Bellatrix.Desktop.Tests\Bellatrix.Desktop.Tests.csproj", "{E979D9FB-3C1F-40BC-A135-207DE454F35D}"
EndProject
Project("{2150E333-8FDC-42A3-9474-1A3956D46DE8}") = "starterkits", "starterkits", "{74747D87-4B09-479B-B2FC-63F2CCAC4201}"
EndProject
Project("{9A19103F-16F7-4668-BE54-9A1E7A4F7556}") = "Bellatrix.Web.Tests", "templates\Bellatrix.Web.Tests\Bellatrix.Web.Tests.csproj", "{35D95A27-61C9-4951-B5F9-5D087B7E3570}"
EndProject
Global
	GlobalSection(SolutionConfigurationPlatforms) = preSolution
		Debug|Any CPU = Debug|Any CPU
		Debug|ARM = Debug|ARM
		Debug|x64 = Debug|x64
		Debug|x86 = Debug|x86
		Release|Any CPU = Release|Any CPU
		Release|ARM = Release|ARM
		Release|x64 = Release|x64
		Release|x86 = Release|x86
	EndGlobalSection
	GlobalSection(ProjectConfigurationPlatforms) = postSolution
		{BD61AD2E-71C8-4E3D-9B79-C34660CD6CD7}.Debug|Any CPU.ActiveCfg = Debug|Any CPU
		{BD61AD2E-71C8-4E3D-9B79-C34660CD6CD7}.Debug|Any CPU.Build.0 = Debug|Any CPU
		{BD61AD2E-71C8-4E3D-9B79-C34660CD6CD7}.Debug|ARM.ActiveCfg = Debug|Any CPU
		{BD61AD2E-71C8-4E3D-9B79-C34660CD6CD7}.Debug|ARM.Build.0 = Debug|Any CPU
		{BD61AD2E-71C8-4E3D-9B79-C34660CD6CD7}.Debug|x64.ActiveCfg = Debug|Any CPU
		{BD61AD2E-71C8-4E3D-9B79-C34660CD6CD7}.Debug|x64.Build.0 = Debug|Any CPU
		{BD61AD2E-71C8-4E3D-9B79-C34660CD6CD7}.Debug|x86.ActiveCfg = Debug|Any CPU
		{BD61AD2E-71C8-4E3D-9B79-C34660CD6CD7}.Debug|x86.Build.0 = Debug|Any CPU
		{BD61AD2E-71C8-4E3D-9B79-C34660CD6CD7}.Release|Any CPU.ActiveCfg = Release|Any CPU
		{BD61AD2E-71C8-4E3D-9B79-C34660CD6CD7}.Release|Any CPU.Build.0 = Release|Any CPU
		{BD61AD2E-71C8-4E3D-9B79-C34660CD6CD7}.Release|ARM.ActiveCfg = Release|Any CPU
		{BD61AD2E-71C8-4E3D-9B79-C34660CD6CD7}.Release|ARM.Build.0 = Release|Any CPU
		{BD61AD2E-71C8-4E3D-9B79-C34660CD6CD7}.Release|x64.ActiveCfg = Release|Any CPU
		{BD61AD2E-71C8-4E3D-9B79-C34660CD6CD7}.Release|x64.Build.0 = Release|Any CPU
		{BD61AD2E-71C8-4E3D-9B79-C34660CD6CD7}.Release|x86.ActiveCfg = Release|Any CPU
		{BD61AD2E-71C8-4E3D-9B79-C34660CD6CD7}.Release|x86.Build.0 = Release|Any CPU
		{B1DF9A0A-2218-4F91-83AB-2830EA2B2014}.Debug|Any CPU.ActiveCfg = Debug|Any CPU
		{B1DF9A0A-2218-4F91-83AB-2830EA2B2014}.Debug|Any CPU.Build.0 = Debug|Any CPU
		{B1DF9A0A-2218-4F91-83AB-2830EA2B2014}.Debug|ARM.ActiveCfg = Debug|Any CPU
		{B1DF9A0A-2218-4F91-83AB-2830EA2B2014}.Debug|ARM.Build.0 = Debug|Any CPU
		{B1DF9A0A-2218-4F91-83AB-2830EA2B2014}.Debug|x64.ActiveCfg = Debug|Any CPU
		{B1DF9A0A-2218-4F91-83AB-2830EA2B2014}.Debug|x64.Build.0 = Debug|Any CPU
		{B1DF9A0A-2218-4F91-83AB-2830EA2B2014}.Debug|x86.ActiveCfg = Debug|Any CPU
		{B1DF9A0A-2218-4F91-83AB-2830EA2B2014}.Debug|x86.Build.0 = Debug|Any CPU
		{B1DF9A0A-2218-4F91-83AB-2830EA2B2014}.Release|Any CPU.ActiveCfg = Release|Any CPU
		{B1DF9A0A-2218-4F91-83AB-2830EA2B2014}.Release|Any CPU.Build.0 = Release|Any CPU
		{B1DF9A0A-2218-4F91-83AB-2830EA2B2014}.Release|ARM.ActiveCfg = Release|Any CPU
		{B1DF9A0A-2218-4F91-83AB-2830EA2B2014}.Release|ARM.Build.0 = Release|Any CPU
		{B1DF9A0A-2218-4F91-83AB-2830EA2B2014}.Release|x64.ActiveCfg = Release|Any CPU
		{B1DF9A0A-2218-4F91-83AB-2830EA2B2014}.Release|x64.Build.0 = Release|Any CPU
		{B1DF9A0A-2218-4F91-83AB-2830EA2B2014}.Release|x86.ActiveCfg = Release|Any CPU
		{B1DF9A0A-2218-4F91-83AB-2830EA2B2014}.Release|x86.Build.0 = Release|Any CPU
		{49932FF4-0BB7-4B74-99DB-5E8D78D8051E}.Debug|Any CPU.ActiveCfg = Debug|Any CPU
		{49932FF4-0BB7-4B74-99DB-5E8D78D8051E}.Debug|Any CPU.Build.0 = Debug|Any CPU
		{49932FF4-0BB7-4B74-99DB-5E8D78D8051E}.Debug|ARM.ActiveCfg = Debug|Any CPU
		{49932FF4-0BB7-4B74-99DB-5E8D78D8051E}.Debug|ARM.Build.0 = Debug|Any CPU
		{49932FF4-0BB7-4B74-99DB-5E8D78D8051E}.Debug|x64.ActiveCfg = Debug|Any CPU
		{49932FF4-0BB7-4B74-99DB-5E8D78D8051E}.Debug|x64.Build.0 = Debug|Any CPU
		{49932FF4-0BB7-4B74-99DB-5E8D78D8051E}.Debug|x86.ActiveCfg = Debug|Any CPU
		{49932FF4-0BB7-4B74-99DB-5E8D78D8051E}.Debug|x86.Build.0 = Debug|Any CPU
		{49932FF4-0BB7-4B74-99DB-5E8D78D8051E}.Release|Any CPU.ActiveCfg = Release|Any CPU
		{49932FF4-0BB7-4B74-99DB-5E8D78D8051E}.Release|Any CPU.Build.0 = Release|Any CPU
		{49932FF4-0BB7-4B74-99DB-5E8D78D8051E}.Release|ARM.ActiveCfg = Release|Any CPU
		{49932FF4-0BB7-4B74-99DB-5E8D78D8051E}.Release|ARM.Build.0 = Release|Any CPU
		{49932FF4-0BB7-4B74-99DB-5E8D78D8051E}.Release|x64.ActiveCfg = Release|Any CPU
		{49932FF4-0BB7-4B74-99DB-5E8D78D8051E}.Release|x64.Build.0 = Release|Any CPU
		{49932FF4-0BB7-4B74-99DB-5E8D78D8051E}.Release|x86.ActiveCfg = Release|Any CPU
		{49932FF4-0BB7-4B74-99DB-5E8D78D8051E}.Release|x86.Build.0 = Release|Any CPU
		{3C224657-2F76-4997-BE2E-B8CC8D8F98D5}.Debug|Any CPU.ActiveCfg = Debug|Any CPU
		{3C224657-2F76-4997-BE2E-B8CC8D8F98D5}.Debug|Any CPU.Build.0 = Debug|Any CPU
		{3C224657-2F76-4997-BE2E-B8CC8D8F98D5}.Debug|ARM.ActiveCfg = Debug|Any CPU
		{3C224657-2F76-4997-BE2E-B8CC8D8F98D5}.Debug|ARM.Build.0 = Debug|Any CPU
		{3C224657-2F76-4997-BE2E-B8CC8D8F98D5}.Debug|x64.ActiveCfg = Debug|Any CPU
		{3C224657-2F76-4997-BE2E-B8CC8D8F98D5}.Debug|x64.Build.0 = Debug|Any CPU
		{3C224657-2F76-4997-BE2E-B8CC8D8F98D5}.Debug|x86.ActiveCfg = Debug|Any CPU
		{3C224657-2F76-4997-BE2E-B8CC8D8F98D5}.Debug|x86.Build.0 = Debug|Any CPU
		{3C224657-2F76-4997-BE2E-B8CC8D8F98D5}.Release|Any CPU.ActiveCfg = Release|Any CPU
		{3C224657-2F76-4997-BE2E-B8CC8D8F98D5}.Release|Any CPU.Build.0 = Release|Any CPU
		{3C224657-2F76-4997-BE2E-B8CC8D8F98D5}.Release|ARM.ActiveCfg = Release|Any CPU
		{3C224657-2F76-4997-BE2E-B8CC8D8F98D5}.Release|ARM.Build.0 = Release|Any CPU
		{3C224657-2F76-4997-BE2E-B8CC8D8F98D5}.Release|x64.ActiveCfg = Release|Any CPU
		{3C224657-2F76-4997-BE2E-B8CC8D8F98D5}.Release|x64.Build.0 = Release|Any CPU
		{3C224657-2F76-4997-BE2E-B8CC8D8F98D5}.Release|x86.ActiveCfg = Release|Any CPU
		{3C224657-2F76-4997-BE2E-B8CC8D8F98D5}.Release|x86.Build.0 = Release|Any CPU
		{782C017B-03B5-491A-8058-0E98A56A7730}.Debug|Any CPU.ActiveCfg = Debug|Any CPU
		{782C017B-03B5-491A-8058-0E98A56A7730}.Debug|Any CPU.Build.0 = Debug|Any CPU
		{782C017B-03B5-491A-8058-0E98A56A7730}.Debug|ARM.ActiveCfg = Debug|Any CPU
		{782C017B-03B5-491A-8058-0E98A56A7730}.Debug|ARM.Build.0 = Debug|Any CPU
		{782C017B-03B5-491A-8058-0E98A56A7730}.Debug|x64.ActiveCfg = Debug|Any CPU
		{782C017B-03B5-491A-8058-0E98A56A7730}.Debug|x64.Build.0 = Debug|Any CPU
		{782C017B-03B5-491A-8058-0E98A56A7730}.Debug|x86.ActiveCfg = Debug|Any CPU
		{782C017B-03B5-491A-8058-0E98A56A7730}.Debug|x86.Build.0 = Debug|Any CPU
		{782C017B-03B5-491A-8058-0E98A56A7730}.Release|Any CPU.ActiveCfg = Release|Any CPU
		{782C017B-03B5-491A-8058-0E98A56A7730}.Release|Any CPU.Build.0 = Release|Any CPU
		{782C017B-03B5-491A-8058-0E98A56A7730}.Release|ARM.ActiveCfg = Release|Any CPU
		{782C017B-03B5-491A-8058-0E98A56A7730}.Release|ARM.Build.0 = Release|Any CPU
		{782C017B-03B5-491A-8058-0E98A56A7730}.Release|x64.ActiveCfg = Release|Any CPU
		{782C017B-03B5-491A-8058-0E98A56A7730}.Release|x64.Build.0 = Release|Any CPU
		{782C017B-03B5-491A-8058-0E98A56A7730}.Release|x86.ActiveCfg = Release|Any CPU
		{782C017B-03B5-491A-8058-0E98A56A7730}.Release|x86.Build.0 = Release|Any CPU
		{066E5471-7F04-4DB7-85D3-69D6D6464F46}.Debug|Any CPU.ActiveCfg = Debug|Any CPU
		{066E5471-7F04-4DB7-85D3-69D6D6464F46}.Debug|Any CPU.Build.0 = Debug|Any CPU
		{066E5471-7F04-4DB7-85D3-69D6D6464F46}.Debug|ARM.ActiveCfg = Debug|Any CPU
		{066E5471-7F04-4DB7-85D3-69D6D6464F46}.Debug|ARM.Build.0 = Debug|Any CPU
		{066E5471-7F04-4DB7-85D3-69D6D6464F46}.Debug|x64.ActiveCfg = Debug|Any CPU
		{066E5471-7F04-4DB7-85D3-69D6D6464F46}.Debug|x64.Build.0 = Debug|Any CPU
		{066E5471-7F04-4DB7-85D3-69D6D6464F46}.Debug|x86.ActiveCfg = Debug|Any CPU
		{066E5471-7F04-4DB7-85D3-69D6D6464F46}.Debug|x86.Build.0 = Debug|Any CPU
		{066E5471-7F04-4DB7-85D3-69D6D6464F46}.Release|Any CPU.ActiveCfg = Release|Any CPU
		{066E5471-7F04-4DB7-85D3-69D6D6464F46}.Release|Any CPU.Build.0 = Release|Any CPU
		{066E5471-7F04-4DB7-85D3-69D6D6464F46}.Release|ARM.ActiveCfg = Release|Any CPU
		{066E5471-7F04-4DB7-85D3-69D6D6464F46}.Release|ARM.Build.0 = Release|Any CPU
		{066E5471-7F04-4DB7-85D3-69D6D6464F46}.Release|x64.ActiveCfg = Release|Any CPU
		{066E5471-7F04-4DB7-85D3-69D6D6464F46}.Release|x64.Build.0 = Release|Any CPU
		{066E5471-7F04-4DB7-85D3-69D6D6464F46}.Release|x86.ActiveCfg = Release|Any CPU
		{066E5471-7F04-4DB7-85D3-69D6D6464F46}.Release|x86.Build.0 = Release|Any CPU
		{BE3F14A5-B8E0-4D4F-B873-8D21DD8D1F0B}.Debug|Any CPU.ActiveCfg = Debug|Any CPU
		{BE3F14A5-B8E0-4D4F-B873-8D21DD8D1F0B}.Debug|Any CPU.Build.0 = Debug|Any CPU
		{BE3F14A5-B8E0-4D4F-B873-8D21DD8D1F0B}.Debug|ARM.ActiveCfg = Debug|Any CPU
		{BE3F14A5-B8E0-4D4F-B873-8D21DD8D1F0B}.Debug|ARM.Build.0 = Debug|Any CPU
		{BE3F14A5-B8E0-4D4F-B873-8D21DD8D1F0B}.Debug|x64.ActiveCfg = Debug|Any CPU
		{BE3F14A5-B8E0-4D4F-B873-8D21DD8D1F0B}.Debug|x64.Build.0 = Debug|Any CPU
		{BE3F14A5-B8E0-4D4F-B873-8D21DD8D1F0B}.Debug|x86.ActiveCfg = Debug|Any CPU
		{BE3F14A5-B8E0-4D4F-B873-8D21DD8D1F0B}.Debug|x86.Build.0 = Debug|Any CPU
		{BE3F14A5-B8E0-4D4F-B873-8D21DD8D1F0B}.Release|Any CPU.ActiveCfg = Release|Any CPU
		{BE3F14A5-B8E0-4D4F-B873-8D21DD8D1F0B}.Release|Any CPU.Build.0 = Release|Any CPU
		{BE3F14A5-B8E0-4D4F-B873-8D21DD8D1F0B}.Release|ARM.ActiveCfg = Release|Any CPU
		{BE3F14A5-B8E0-4D4F-B873-8D21DD8D1F0B}.Release|ARM.Build.0 = Release|Any CPU
		{BE3F14A5-B8E0-4D4F-B873-8D21DD8D1F0B}.Release|x64.ActiveCfg = Release|Any CPU
		{BE3F14A5-B8E0-4D4F-B873-8D21DD8D1F0B}.Release|x64.Build.0 = Release|Any CPU
		{BE3F14A5-B8E0-4D4F-B873-8D21DD8D1F0B}.Release|x86.ActiveCfg = Release|Any CPU
		{BE3F14A5-B8E0-4D4F-B873-8D21DD8D1F0B}.Release|x86.Build.0 = Release|Any CPU
		{52921B2D-65F6-4069-B5B5-5BC2E36823D3}.Debug|Any CPU.ActiveCfg = Debug|Any CPU
		{52921B2D-65F6-4069-B5B5-5BC2E36823D3}.Debug|Any CPU.Build.0 = Debug|Any CPU
		{52921B2D-65F6-4069-B5B5-5BC2E36823D3}.Debug|ARM.ActiveCfg = Debug|Any CPU
		{52921B2D-65F6-4069-B5B5-5BC2E36823D3}.Debug|ARM.Build.0 = Debug|Any CPU
		{52921B2D-65F6-4069-B5B5-5BC2E36823D3}.Debug|x64.ActiveCfg = Debug|Any CPU
		{52921B2D-65F6-4069-B5B5-5BC2E36823D3}.Debug|x64.Build.0 = Debug|Any CPU
		{52921B2D-65F6-4069-B5B5-5BC2E36823D3}.Debug|x86.ActiveCfg = Debug|Any CPU
		{52921B2D-65F6-4069-B5B5-5BC2E36823D3}.Debug|x86.Build.0 = Debug|Any CPU
		{52921B2D-65F6-4069-B5B5-5BC2E36823D3}.Release|Any CPU.ActiveCfg = Release|Any CPU
		{52921B2D-65F6-4069-B5B5-5BC2E36823D3}.Release|Any CPU.Build.0 = Release|Any CPU
		{52921B2D-65F6-4069-B5B5-5BC2E36823D3}.Release|ARM.ActiveCfg = Release|Any CPU
		{52921B2D-65F6-4069-B5B5-5BC2E36823D3}.Release|ARM.Build.0 = Release|Any CPU
		{52921B2D-65F6-4069-B5B5-5BC2E36823D3}.Release|x64.ActiveCfg = Release|Any CPU
		{52921B2D-65F6-4069-B5B5-5BC2E36823D3}.Release|x64.Build.0 = Release|Any CPU
		{52921B2D-65F6-4069-B5B5-5BC2E36823D3}.Release|x86.ActiveCfg = Release|Any CPU
		{52921B2D-65F6-4069-B5B5-5BC2E36823D3}.Release|x86.Build.0 = Release|Any CPU
		{AFA64BA1-DEC5-4CE5-84BC-C1984EF08539}.Debug|Any CPU.ActiveCfg = Debug|Any CPU
		{AFA64BA1-DEC5-4CE5-84BC-C1984EF08539}.Debug|Any CPU.Build.0 = Debug|Any CPU
		{AFA64BA1-DEC5-4CE5-84BC-C1984EF08539}.Debug|ARM.ActiveCfg = Debug|Any CPU
		{AFA64BA1-DEC5-4CE5-84BC-C1984EF08539}.Debug|ARM.Build.0 = Debug|Any CPU
		{AFA64BA1-DEC5-4CE5-84BC-C1984EF08539}.Debug|x64.ActiveCfg = Debug|Any CPU
		{AFA64BA1-DEC5-4CE5-84BC-C1984EF08539}.Debug|x64.Build.0 = Debug|Any CPU
		{AFA64BA1-DEC5-4CE5-84BC-C1984EF08539}.Debug|x86.ActiveCfg = Debug|Any CPU
		{AFA64BA1-DEC5-4CE5-84BC-C1984EF08539}.Debug|x86.Build.0 = Debug|Any CPU
		{AFA64BA1-DEC5-4CE5-84BC-C1984EF08539}.Release|Any CPU.ActiveCfg = Release|Any CPU
		{AFA64BA1-DEC5-4CE5-84BC-C1984EF08539}.Release|Any CPU.Build.0 = Release|Any CPU
		{AFA64BA1-DEC5-4CE5-84BC-C1984EF08539}.Release|ARM.ActiveCfg = Release|Any CPU
		{AFA64BA1-DEC5-4CE5-84BC-C1984EF08539}.Release|ARM.Build.0 = Release|Any CPU
		{AFA64BA1-DEC5-4CE5-84BC-C1984EF08539}.Release|x64.ActiveCfg = Release|Any CPU
		{AFA64BA1-DEC5-4CE5-84BC-C1984EF08539}.Release|x64.Build.0 = Release|Any CPU
		{AFA64BA1-DEC5-4CE5-84BC-C1984EF08539}.Release|x86.ActiveCfg = Release|Any CPU
		{AFA64BA1-DEC5-4CE5-84BC-C1984EF08539}.Release|x86.Build.0 = Release|Any CPU
		{20B772BB-F54A-40B3-9264-76E51507D82E}.Debug|Any CPU.ActiveCfg = Debug|Any CPU
		{20B772BB-F54A-40B3-9264-76E51507D82E}.Debug|Any CPU.Build.0 = Debug|Any CPU
		{20B772BB-F54A-40B3-9264-76E51507D82E}.Debug|ARM.ActiveCfg = Debug|Any CPU
		{20B772BB-F54A-40B3-9264-76E51507D82E}.Debug|ARM.Build.0 = Debug|Any CPU
		{20B772BB-F54A-40B3-9264-76E51507D82E}.Debug|x64.ActiveCfg = Debug|Any CPU
		{20B772BB-F54A-40B3-9264-76E51507D82E}.Debug|x64.Build.0 = Debug|Any CPU
		{20B772BB-F54A-40B3-9264-76E51507D82E}.Debug|x86.ActiveCfg = Debug|Any CPU
		{20B772BB-F54A-40B3-9264-76E51507D82E}.Debug|x86.Build.0 = Debug|Any CPU
		{20B772BB-F54A-40B3-9264-76E51507D82E}.Release|Any CPU.ActiveCfg = Release|Any CPU
		{20B772BB-F54A-40B3-9264-76E51507D82E}.Release|Any CPU.Build.0 = Release|Any CPU
		{20B772BB-F54A-40B3-9264-76E51507D82E}.Release|ARM.ActiveCfg = Release|Any CPU
		{20B772BB-F54A-40B3-9264-76E51507D82E}.Release|ARM.Build.0 = Release|Any CPU
		{20B772BB-F54A-40B3-9264-76E51507D82E}.Release|x64.ActiveCfg = Release|Any CPU
		{20B772BB-F54A-40B3-9264-76E51507D82E}.Release|x64.Build.0 = Release|Any CPU
		{20B772BB-F54A-40B3-9264-76E51507D82E}.Release|x86.ActiveCfg = Release|Any CPU
		{20B772BB-F54A-40B3-9264-76E51507D82E}.Release|x86.Build.0 = Release|Any CPU
		{F62A49A3-93FF-4AA4-8399-29DA9EC3CC24}.Debug|Any CPU.ActiveCfg = Debug|Any CPU
		{F62A49A3-93FF-4AA4-8399-29DA9EC3CC24}.Debug|Any CPU.Build.0 = Debug|Any CPU
		{F62A49A3-93FF-4AA4-8399-29DA9EC3CC24}.Debug|ARM.ActiveCfg = Debug|Any CPU
		{F62A49A3-93FF-4AA4-8399-29DA9EC3CC24}.Debug|ARM.Build.0 = Debug|Any CPU
		{F62A49A3-93FF-4AA4-8399-29DA9EC3CC24}.Debug|x64.ActiveCfg = Debug|Any CPU
		{F62A49A3-93FF-4AA4-8399-29DA9EC3CC24}.Debug|x64.Build.0 = Debug|Any CPU
		{F62A49A3-93FF-4AA4-8399-29DA9EC3CC24}.Debug|x86.ActiveCfg = Debug|Any CPU
		{F62A49A3-93FF-4AA4-8399-29DA9EC3CC24}.Debug|x86.Build.0 = Debug|Any CPU
		{F62A49A3-93FF-4AA4-8399-29DA9EC3CC24}.Release|Any CPU.ActiveCfg = Release|Any CPU
		{F62A49A3-93FF-4AA4-8399-29DA9EC3CC24}.Release|Any CPU.Build.0 = Release|Any CPU
		{F62A49A3-93FF-4AA4-8399-29DA9EC3CC24}.Release|ARM.ActiveCfg = Release|Any CPU
		{F62A49A3-93FF-4AA4-8399-29DA9EC3CC24}.Release|ARM.Build.0 = Release|Any CPU
		{F62A49A3-93FF-4AA4-8399-29DA9EC3CC24}.Release|x64.ActiveCfg = Release|Any CPU
		{F62A49A3-93FF-4AA4-8399-29DA9EC3CC24}.Release|x64.Build.0 = Release|Any CPU
		{F62A49A3-93FF-4AA4-8399-29DA9EC3CC24}.Release|x86.ActiveCfg = Release|Any CPU
		{F62A49A3-93FF-4AA4-8399-29DA9EC3CC24}.Release|x86.Build.0 = Release|Any CPU
		{63C58E46-5934-446F-ABF9-08D9395FCA89}.Debug|Any CPU.ActiveCfg = Debug|Any CPU
		{63C58E46-5934-446F-ABF9-08D9395FCA89}.Debug|Any CPU.Build.0 = Debug|Any CPU
		{63C58E46-5934-446F-ABF9-08D9395FCA89}.Debug|ARM.ActiveCfg = Debug|Any CPU
		{63C58E46-5934-446F-ABF9-08D9395FCA89}.Debug|ARM.Build.0 = Debug|Any CPU
		{63C58E46-5934-446F-ABF9-08D9395FCA89}.Debug|x64.ActiveCfg = Debug|Any CPU
		{63C58E46-5934-446F-ABF9-08D9395FCA89}.Debug|x64.Build.0 = Debug|Any CPU
		{63C58E46-5934-446F-ABF9-08D9395FCA89}.Debug|x86.ActiveCfg = Debug|Any CPU
		{63C58E46-5934-446F-ABF9-08D9395FCA89}.Debug|x86.Build.0 = Debug|Any CPU
		{63C58E46-5934-446F-ABF9-08D9395FCA89}.Release|Any CPU.ActiveCfg = Release|Any CPU
		{63C58E46-5934-446F-ABF9-08D9395FCA89}.Release|Any CPU.Build.0 = Release|Any CPU
		{63C58E46-5934-446F-ABF9-08D9395FCA89}.Release|ARM.ActiveCfg = Release|Any CPU
		{63C58E46-5934-446F-ABF9-08D9395FCA89}.Release|ARM.Build.0 = Release|Any CPU
		{63C58E46-5934-446F-ABF9-08D9395FCA89}.Release|x64.ActiveCfg = Release|Any CPU
		{63C58E46-5934-446F-ABF9-08D9395FCA89}.Release|x64.Build.0 = Release|Any CPU
		{63C58E46-5934-446F-ABF9-08D9395FCA89}.Release|x86.ActiveCfg = Release|Any CPU
		{63C58E46-5934-446F-ABF9-08D9395FCA89}.Release|x86.Build.0 = Release|Any CPU
		{3F76EC74-87E9-41EB-A4BF-14B42D7BEC13}.Debug|Any CPU.ActiveCfg = Debug|Any CPU
		{3F76EC74-87E9-41EB-A4BF-14B42D7BEC13}.Debug|Any CPU.Build.0 = Debug|Any CPU
		{3F76EC74-87E9-41EB-A4BF-14B42D7BEC13}.Debug|ARM.ActiveCfg = Debug|Any CPU
		{3F76EC74-87E9-41EB-A4BF-14B42D7BEC13}.Debug|ARM.Build.0 = Debug|Any CPU
		{3F76EC74-87E9-41EB-A4BF-14B42D7BEC13}.Debug|x64.ActiveCfg = Debug|Any CPU
		{3F76EC74-87E9-41EB-A4BF-14B42D7BEC13}.Debug|x64.Build.0 = Debug|Any CPU
		{3F76EC74-87E9-41EB-A4BF-14B42D7BEC13}.Debug|x86.ActiveCfg = Debug|Any CPU
		{3F76EC74-87E9-41EB-A4BF-14B42D7BEC13}.Debug|x86.Build.0 = Debug|Any CPU
		{3F76EC74-87E9-41EB-A4BF-14B42D7BEC13}.Release|Any CPU.ActiveCfg = Release|Any CPU
		{3F76EC74-87E9-41EB-A4BF-14B42D7BEC13}.Release|Any CPU.Build.0 = Release|Any CPU
		{3F76EC74-87E9-41EB-A4BF-14B42D7BEC13}.Release|ARM.ActiveCfg = Release|Any CPU
		{3F76EC74-87E9-41EB-A4BF-14B42D7BEC13}.Release|ARM.Build.0 = Release|Any CPU
		{3F76EC74-87E9-41EB-A4BF-14B42D7BEC13}.Release|x64.ActiveCfg = Release|Any CPU
		{3F76EC74-87E9-41EB-A4BF-14B42D7BEC13}.Release|x64.Build.0 = Release|Any CPU
		{3F76EC74-87E9-41EB-A4BF-14B42D7BEC13}.Release|x86.ActiveCfg = Release|Any CPU
		{3F76EC74-87E9-41EB-A4BF-14B42D7BEC13}.Release|x86.Build.0 = Release|Any CPU
		{0AF83D6C-F5BE-420E-A60B-6C0A5BA32198}.Debug|Any CPU.ActiveCfg = Debug|Any CPU
		{0AF83D6C-F5BE-420E-A60B-6C0A5BA32198}.Debug|Any CPU.Build.0 = Debug|Any CPU
		{0AF83D6C-F5BE-420E-A60B-6C0A5BA32198}.Debug|ARM.ActiveCfg = Debug|Any CPU
		{0AF83D6C-F5BE-420E-A60B-6C0A5BA32198}.Debug|ARM.Build.0 = Debug|Any CPU
		{0AF83D6C-F5BE-420E-A60B-6C0A5BA32198}.Debug|x64.ActiveCfg = Debug|Any CPU
		{0AF83D6C-F5BE-420E-A60B-6C0A5BA32198}.Debug|x64.Build.0 = Debug|Any CPU
		{0AF83D6C-F5BE-420E-A60B-6C0A5BA32198}.Debug|x86.ActiveCfg = Debug|Any CPU
		{0AF83D6C-F5BE-420E-A60B-6C0A5BA32198}.Debug|x86.Build.0 = Debug|Any CPU
		{0AF83D6C-F5BE-420E-A60B-6C0A5BA32198}.Release|Any CPU.ActiveCfg = Release|Any CPU
		{0AF83D6C-F5BE-420E-A60B-6C0A5BA32198}.Release|Any CPU.Build.0 = Release|Any CPU
		{0AF83D6C-F5BE-420E-A60B-6C0A5BA32198}.Release|ARM.ActiveCfg = Release|Any CPU
		{0AF83D6C-F5BE-420E-A60B-6C0A5BA32198}.Release|ARM.Build.0 = Release|Any CPU
		{0AF83D6C-F5BE-420E-A60B-6C0A5BA32198}.Release|x64.ActiveCfg = Release|Any CPU
		{0AF83D6C-F5BE-420E-A60B-6C0A5BA32198}.Release|x64.Build.0 = Release|Any CPU
		{0AF83D6C-F5BE-420E-A60B-6C0A5BA32198}.Release|x86.ActiveCfg = Release|Any CPU
		{0AF83D6C-F5BE-420E-A60B-6C0A5BA32198}.Release|x86.Build.0 = Release|Any CPU
		{98C10EF5-874B-4E97-8996-62AE5E4ADF57}.Debug|Any CPU.ActiveCfg = Debug|Any CPU
		{98C10EF5-874B-4E97-8996-62AE5E4ADF57}.Debug|Any CPU.Build.0 = Debug|Any CPU
		{98C10EF5-874B-4E97-8996-62AE5E4ADF57}.Debug|ARM.ActiveCfg = Debug|Any CPU
		{98C10EF5-874B-4E97-8996-62AE5E4ADF57}.Debug|ARM.Build.0 = Debug|Any CPU
		{98C10EF5-874B-4E97-8996-62AE5E4ADF57}.Debug|x64.ActiveCfg = Debug|Any CPU
		{98C10EF5-874B-4E97-8996-62AE5E4ADF57}.Debug|x64.Build.0 = Debug|Any CPU
		{98C10EF5-874B-4E97-8996-62AE5E4ADF57}.Debug|x86.ActiveCfg = Debug|Any CPU
		{98C10EF5-874B-4E97-8996-62AE5E4ADF57}.Debug|x86.Build.0 = Debug|Any CPU
		{98C10EF5-874B-4E97-8996-62AE5E4ADF57}.Release|Any CPU.ActiveCfg = Release|Any CPU
		{98C10EF5-874B-4E97-8996-62AE5E4ADF57}.Release|Any CPU.Build.0 = Release|Any CPU
		{98C10EF5-874B-4E97-8996-62AE5E4ADF57}.Release|ARM.ActiveCfg = Release|Any CPU
		{98C10EF5-874B-4E97-8996-62AE5E4ADF57}.Release|ARM.Build.0 = Release|Any CPU
		{98C10EF5-874B-4E97-8996-62AE5E4ADF57}.Release|x64.ActiveCfg = Release|Any CPU
		{98C10EF5-874B-4E97-8996-62AE5E4ADF57}.Release|x64.Build.0 = Release|Any CPU
		{98C10EF5-874B-4E97-8996-62AE5E4ADF57}.Release|x86.ActiveCfg = Release|Any CPU
		{98C10EF5-874B-4E97-8996-62AE5E4ADF57}.Release|x86.Build.0 = Release|Any CPU
		{B1CB28FF-86E6-4989-BB10-F790E96452BC}.Debug|Any CPU.ActiveCfg = Debug|Any CPU
		{B1CB28FF-86E6-4989-BB10-F790E96452BC}.Debug|Any CPU.Build.0 = Debug|Any CPU
		{B1CB28FF-86E6-4989-BB10-F790E96452BC}.Debug|ARM.ActiveCfg = Debug|Any CPU
		{B1CB28FF-86E6-4989-BB10-F790E96452BC}.Debug|ARM.Build.0 = Debug|Any CPU
		{B1CB28FF-86E6-4989-BB10-F790E96452BC}.Debug|x64.ActiveCfg = Debug|Any CPU
		{B1CB28FF-86E6-4989-BB10-F790E96452BC}.Debug|x64.Build.0 = Debug|Any CPU
		{B1CB28FF-86E6-4989-BB10-F790E96452BC}.Debug|x86.ActiveCfg = Debug|Any CPU
		{B1CB28FF-86E6-4989-BB10-F790E96452BC}.Debug|x86.Build.0 = Debug|Any CPU
		{B1CB28FF-86E6-4989-BB10-F790E96452BC}.Release|Any CPU.ActiveCfg = Release|Any CPU
		{B1CB28FF-86E6-4989-BB10-F790E96452BC}.Release|Any CPU.Build.0 = Release|Any CPU
		{B1CB28FF-86E6-4989-BB10-F790E96452BC}.Release|ARM.ActiveCfg = Release|Any CPU
		{B1CB28FF-86E6-4989-BB10-F790E96452BC}.Release|ARM.Build.0 = Release|Any CPU
		{B1CB28FF-86E6-4989-BB10-F790E96452BC}.Release|x64.ActiveCfg = Release|Any CPU
		{B1CB28FF-86E6-4989-BB10-F790E96452BC}.Release|x64.Build.0 = Release|Any CPU
		{B1CB28FF-86E6-4989-BB10-F790E96452BC}.Release|x86.ActiveCfg = Release|Any CPU
		{B1CB28FF-86E6-4989-BB10-F790E96452BC}.Release|x86.Build.0 = Release|Any CPU
		{D6DE1943-0BBA-48B7-A9CF-42B122837E01}.Debug|Any CPU.ActiveCfg = Debug|Any CPU
		{D6DE1943-0BBA-48B7-A9CF-42B122837E01}.Debug|Any CPU.Build.0 = Debug|Any CPU
		{D6DE1943-0BBA-48B7-A9CF-42B122837E01}.Debug|ARM.ActiveCfg = Debug|Any CPU
		{D6DE1943-0BBA-48B7-A9CF-42B122837E01}.Debug|ARM.Build.0 = Debug|Any CPU
		{D6DE1943-0BBA-48B7-A9CF-42B122837E01}.Debug|x64.ActiveCfg = Debug|Any CPU
		{D6DE1943-0BBA-48B7-A9CF-42B122837E01}.Debug|x64.Build.0 = Debug|Any CPU
		{D6DE1943-0BBA-48B7-A9CF-42B122837E01}.Debug|x86.ActiveCfg = Debug|Any CPU
		{D6DE1943-0BBA-48B7-A9CF-42B122837E01}.Debug|x86.Build.0 = Debug|Any CPU
		{D6DE1943-0BBA-48B7-A9CF-42B122837E01}.Release|Any CPU.ActiveCfg = Release|Any CPU
		{D6DE1943-0BBA-48B7-A9CF-42B122837E01}.Release|Any CPU.Build.0 = Release|Any CPU
		{D6DE1943-0BBA-48B7-A9CF-42B122837E01}.Release|ARM.ActiveCfg = Release|Any CPU
		{D6DE1943-0BBA-48B7-A9CF-42B122837E01}.Release|ARM.Build.0 = Release|Any CPU
		{D6DE1943-0BBA-48B7-A9CF-42B122837E01}.Release|x64.ActiveCfg = Release|Any CPU
		{D6DE1943-0BBA-48B7-A9CF-42B122837E01}.Release|x64.Build.0 = Release|Any CPU
		{D6DE1943-0BBA-48B7-A9CF-42B122837E01}.Release|x86.ActiveCfg = Release|Any CPU
		{D6DE1943-0BBA-48B7-A9CF-42B122837E01}.Release|x86.Build.0 = Release|Any CPU
		{D78AD8D0-5D1E-468B-9406-3F501A24F30F}.Debug|Any CPU.ActiveCfg = Debug|Any CPU
		{D78AD8D0-5D1E-468B-9406-3F501A24F30F}.Debug|Any CPU.Build.0 = Debug|Any CPU
		{D78AD8D0-5D1E-468B-9406-3F501A24F30F}.Debug|ARM.ActiveCfg = Debug|Any CPU
		{D78AD8D0-5D1E-468B-9406-3F501A24F30F}.Debug|ARM.Build.0 = Debug|Any CPU
		{D78AD8D0-5D1E-468B-9406-3F501A24F30F}.Debug|x64.ActiveCfg = Debug|Any CPU
		{D78AD8D0-5D1E-468B-9406-3F501A24F30F}.Debug|x64.Build.0 = Debug|Any CPU
		{D78AD8D0-5D1E-468B-9406-3F501A24F30F}.Debug|x86.ActiveCfg = Debug|Any CPU
		{D78AD8D0-5D1E-468B-9406-3F501A24F30F}.Debug|x86.Build.0 = Debug|Any CPU
		{D78AD8D0-5D1E-468B-9406-3F501A24F30F}.Release|Any CPU.ActiveCfg = Release|Any CPU
		{D78AD8D0-5D1E-468B-9406-3F501A24F30F}.Release|Any CPU.Build.0 = Release|Any CPU
		{D78AD8D0-5D1E-468B-9406-3F501A24F30F}.Release|ARM.ActiveCfg = Release|Any CPU
		{D78AD8D0-5D1E-468B-9406-3F501A24F30F}.Release|ARM.Build.0 = Release|Any CPU
		{D78AD8D0-5D1E-468B-9406-3F501A24F30F}.Release|x64.ActiveCfg = Release|Any CPU
		{D78AD8D0-5D1E-468B-9406-3F501A24F30F}.Release|x64.Build.0 = Release|Any CPU
		{D78AD8D0-5D1E-468B-9406-3F501A24F30F}.Release|x86.ActiveCfg = Release|Any CPU
		{D78AD8D0-5D1E-468B-9406-3F501A24F30F}.Release|x86.Build.0 = Release|Any CPU
		{D6A2F442-6DB8-4330-B99B-1BC59B177DA9}.Debug|Any CPU.ActiveCfg = Debug|Any CPU
		{D6A2F442-6DB8-4330-B99B-1BC59B177DA9}.Debug|Any CPU.Build.0 = Debug|Any CPU
		{D6A2F442-6DB8-4330-B99B-1BC59B177DA9}.Debug|ARM.ActiveCfg = Debug|Any CPU
		{D6A2F442-6DB8-4330-B99B-1BC59B177DA9}.Debug|ARM.Build.0 = Debug|Any CPU
		{D6A2F442-6DB8-4330-B99B-1BC59B177DA9}.Debug|x64.ActiveCfg = Debug|Any CPU
		{D6A2F442-6DB8-4330-B99B-1BC59B177DA9}.Debug|x64.Build.0 = Debug|Any CPU
		{D6A2F442-6DB8-4330-B99B-1BC59B177DA9}.Debug|x86.ActiveCfg = Debug|Any CPU
		{D6A2F442-6DB8-4330-B99B-1BC59B177DA9}.Debug|x86.Build.0 = Debug|Any CPU
		{D6A2F442-6DB8-4330-B99B-1BC59B177DA9}.Release|Any CPU.ActiveCfg = Release|Any CPU
		{D6A2F442-6DB8-4330-B99B-1BC59B177DA9}.Release|Any CPU.Build.0 = Release|Any CPU
		{D6A2F442-6DB8-4330-B99B-1BC59B177DA9}.Release|ARM.ActiveCfg = Release|Any CPU
		{D6A2F442-6DB8-4330-B99B-1BC59B177DA9}.Release|ARM.Build.0 = Release|Any CPU
		{D6A2F442-6DB8-4330-B99B-1BC59B177DA9}.Release|x64.ActiveCfg = Release|Any CPU
		{D6A2F442-6DB8-4330-B99B-1BC59B177DA9}.Release|x64.Build.0 = Release|Any CPU
		{D6A2F442-6DB8-4330-B99B-1BC59B177DA9}.Release|x86.ActiveCfg = Release|Any CPU
		{D6A2F442-6DB8-4330-B99B-1BC59B177DA9}.Release|x86.Build.0 = Release|Any CPU
		{442C769E-4749-4626-AEC9-C95D35DB7212}.Debug|Any CPU.ActiveCfg = Debug|Any CPU
		{442C769E-4749-4626-AEC9-C95D35DB7212}.Debug|Any CPU.Build.0 = Debug|Any CPU
		{442C769E-4749-4626-AEC9-C95D35DB7212}.Debug|ARM.ActiveCfg = Debug|Any CPU
		{442C769E-4749-4626-AEC9-C95D35DB7212}.Debug|ARM.Build.0 = Debug|Any CPU
		{442C769E-4749-4626-AEC9-C95D35DB7212}.Debug|x64.ActiveCfg = Debug|Any CPU
		{442C769E-4749-4626-AEC9-C95D35DB7212}.Debug|x64.Build.0 = Debug|Any CPU
		{442C769E-4749-4626-AEC9-C95D35DB7212}.Debug|x86.ActiveCfg = Debug|Any CPU
		{442C769E-4749-4626-AEC9-C95D35DB7212}.Debug|x86.Build.0 = Debug|Any CPU
		{442C769E-4749-4626-AEC9-C95D35DB7212}.Release|Any CPU.ActiveCfg = Release|Any CPU
		{442C769E-4749-4626-AEC9-C95D35DB7212}.Release|Any CPU.Build.0 = Release|Any CPU
		{442C769E-4749-4626-AEC9-C95D35DB7212}.Release|ARM.ActiveCfg = Release|Any CPU
		{442C769E-4749-4626-AEC9-C95D35DB7212}.Release|ARM.Build.0 = Release|Any CPU
		{442C769E-4749-4626-AEC9-C95D35DB7212}.Release|x64.ActiveCfg = Release|Any CPU
		{442C769E-4749-4626-AEC9-C95D35DB7212}.Release|x64.Build.0 = Release|Any CPU
		{442C769E-4749-4626-AEC9-C95D35DB7212}.Release|x86.ActiveCfg = Release|Any CPU
		{442C769E-4749-4626-AEC9-C95D35DB7212}.Release|x86.Build.0 = Release|Any CPU
		{7C6F2754-83B4-499D-916A-01D4DF9B2F42}.Debug|Any CPU.ActiveCfg = Debug|Any CPU
		{7C6F2754-83B4-499D-916A-01D4DF9B2F42}.Debug|Any CPU.Build.0 = Debug|Any CPU
		{7C6F2754-83B4-499D-916A-01D4DF9B2F42}.Debug|ARM.ActiveCfg = Debug|Any CPU
		{7C6F2754-83B4-499D-916A-01D4DF9B2F42}.Debug|ARM.Build.0 = Debug|Any CPU
		{7C6F2754-83B4-499D-916A-01D4DF9B2F42}.Debug|x64.ActiveCfg = Debug|Any CPU
		{7C6F2754-83B4-499D-916A-01D4DF9B2F42}.Debug|x64.Build.0 = Debug|Any CPU
		{7C6F2754-83B4-499D-916A-01D4DF9B2F42}.Debug|x86.ActiveCfg = Debug|Any CPU
		{7C6F2754-83B4-499D-916A-01D4DF9B2F42}.Debug|x86.Build.0 = Debug|Any CPU
		{7C6F2754-83B4-499D-916A-01D4DF9B2F42}.Release|Any CPU.ActiveCfg = Release|Any CPU
		{7C6F2754-83B4-499D-916A-01D4DF9B2F42}.Release|Any CPU.Build.0 = Release|Any CPU
		{7C6F2754-83B4-499D-916A-01D4DF9B2F42}.Release|ARM.ActiveCfg = Release|Any CPU
		{7C6F2754-83B4-499D-916A-01D4DF9B2F42}.Release|ARM.Build.0 = Release|Any CPU
		{7C6F2754-83B4-499D-916A-01D4DF9B2F42}.Release|x64.ActiveCfg = Release|Any CPU
		{7C6F2754-83B4-499D-916A-01D4DF9B2F42}.Release|x64.Build.0 = Release|Any CPU
		{7C6F2754-83B4-499D-916A-01D4DF9B2F42}.Release|x86.ActiveCfg = Release|Any CPU
		{7C6F2754-83B4-499D-916A-01D4DF9B2F42}.Release|x86.Build.0 = Release|Any CPU
		{FEB95B08-B353-4446-9756-ACC6B363F505}.Debug|Any CPU.ActiveCfg = Debug|Any CPU
		{FEB95B08-B353-4446-9756-ACC6B363F505}.Debug|Any CPU.Build.0 = Debug|Any CPU
		{FEB95B08-B353-4446-9756-ACC6B363F505}.Debug|ARM.ActiveCfg = Debug|Any CPU
		{FEB95B08-B353-4446-9756-ACC6B363F505}.Debug|ARM.Build.0 = Debug|Any CPU
		{FEB95B08-B353-4446-9756-ACC6B363F505}.Debug|x64.ActiveCfg = Debug|Any CPU
		{FEB95B08-B353-4446-9756-ACC6B363F505}.Debug|x64.Build.0 = Debug|Any CPU
		{FEB95B08-B353-4446-9756-ACC6B363F505}.Debug|x86.ActiveCfg = Debug|Any CPU
		{FEB95B08-B353-4446-9756-ACC6B363F505}.Debug|x86.Build.0 = Debug|Any CPU
		{FEB95B08-B353-4446-9756-ACC6B363F505}.Release|Any CPU.ActiveCfg = Release|Any CPU
		{FEB95B08-B353-4446-9756-ACC6B363F505}.Release|Any CPU.Build.0 = Release|Any CPU
		{FEB95B08-B353-4446-9756-ACC6B363F505}.Release|ARM.ActiveCfg = Release|Any CPU
		{FEB95B08-B353-4446-9756-ACC6B363F505}.Release|ARM.Build.0 = Release|Any CPU
		{FEB95B08-B353-4446-9756-ACC6B363F505}.Release|x64.ActiveCfg = Release|Any CPU
		{FEB95B08-B353-4446-9756-ACC6B363F505}.Release|x64.Build.0 = Release|Any CPU
		{FEB95B08-B353-4446-9756-ACC6B363F505}.Release|x86.ActiveCfg = Release|Any CPU
		{FEB95B08-B353-4446-9756-ACC6B363F505}.Release|x86.Build.0 = Release|Any CPU
		{1BF0DF18-0985-4CDA-9D3D-913495F30E46}.Debug|Any CPU.ActiveCfg = Debug|Any CPU
		{1BF0DF18-0985-4CDA-9D3D-913495F30E46}.Debug|Any CPU.Build.0 = Debug|Any CPU
		{1BF0DF18-0985-4CDA-9D3D-913495F30E46}.Debug|ARM.ActiveCfg = Debug|Any CPU
		{1BF0DF18-0985-4CDA-9D3D-913495F30E46}.Debug|ARM.Build.0 = Debug|Any CPU
		{1BF0DF18-0985-4CDA-9D3D-913495F30E46}.Debug|x64.ActiveCfg = Debug|Any CPU
		{1BF0DF18-0985-4CDA-9D3D-913495F30E46}.Debug|x64.Build.0 = Debug|Any CPU
		{1BF0DF18-0985-4CDA-9D3D-913495F30E46}.Debug|x86.ActiveCfg = Debug|Any CPU
		{1BF0DF18-0985-4CDA-9D3D-913495F30E46}.Debug|x86.Build.0 = Debug|Any CPU
		{1BF0DF18-0985-4CDA-9D3D-913495F30E46}.Release|Any CPU.ActiveCfg = Release|Any CPU
		{1BF0DF18-0985-4CDA-9D3D-913495F30E46}.Release|Any CPU.Build.0 = Release|Any CPU
		{1BF0DF18-0985-4CDA-9D3D-913495F30E46}.Release|ARM.ActiveCfg = Release|Any CPU
		{1BF0DF18-0985-4CDA-9D3D-913495F30E46}.Release|ARM.Build.0 = Release|Any CPU
		{1BF0DF18-0985-4CDA-9D3D-913495F30E46}.Release|x64.ActiveCfg = Release|Any CPU
		{1BF0DF18-0985-4CDA-9D3D-913495F30E46}.Release|x64.Build.0 = Release|Any CPU
		{1BF0DF18-0985-4CDA-9D3D-913495F30E46}.Release|x86.ActiveCfg = Release|Any CPU
		{1BF0DF18-0985-4CDA-9D3D-913495F30E46}.Release|x86.Build.0 = Release|Any CPU
		{46C17FD7-88EE-4C6F-AC1C-D0190BDCD901}.Debug|Any CPU.ActiveCfg = Debug|Any CPU
		{46C17FD7-88EE-4C6F-AC1C-D0190BDCD901}.Debug|Any CPU.Build.0 = Debug|Any CPU
		{46C17FD7-88EE-4C6F-AC1C-D0190BDCD901}.Debug|ARM.ActiveCfg = Debug|Any CPU
		{46C17FD7-88EE-4C6F-AC1C-D0190BDCD901}.Debug|ARM.Build.0 = Debug|Any CPU
		{46C17FD7-88EE-4C6F-AC1C-D0190BDCD901}.Debug|x64.ActiveCfg = Debug|Any CPU
		{46C17FD7-88EE-4C6F-AC1C-D0190BDCD901}.Debug|x64.Build.0 = Debug|Any CPU
		{46C17FD7-88EE-4C6F-AC1C-D0190BDCD901}.Debug|x86.ActiveCfg = Debug|Any CPU
		{46C17FD7-88EE-4C6F-AC1C-D0190BDCD901}.Debug|x86.Build.0 = Debug|Any CPU
		{46C17FD7-88EE-4C6F-AC1C-D0190BDCD901}.Release|Any CPU.ActiveCfg = Release|Any CPU
		{46C17FD7-88EE-4C6F-AC1C-D0190BDCD901}.Release|Any CPU.Build.0 = Release|Any CPU
		{46C17FD7-88EE-4C6F-AC1C-D0190BDCD901}.Release|ARM.ActiveCfg = Release|Any CPU
		{46C17FD7-88EE-4C6F-AC1C-D0190BDCD901}.Release|ARM.Build.0 = Release|Any CPU
		{46C17FD7-88EE-4C6F-AC1C-D0190BDCD901}.Release|x64.ActiveCfg = Release|Any CPU
		{46C17FD7-88EE-4C6F-AC1C-D0190BDCD901}.Release|x64.Build.0 = Release|Any CPU
		{46C17FD7-88EE-4C6F-AC1C-D0190BDCD901}.Release|x86.ActiveCfg = Release|Any CPU
		{46C17FD7-88EE-4C6F-AC1C-D0190BDCD901}.Release|x86.Build.0 = Release|Any CPU
		{2CF946A9-5E40-46F4-821B-E9F7F2A71032}.Debug|Any CPU.ActiveCfg = Debug|Any CPU
		{2CF946A9-5E40-46F4-821B-E9F7F2A71032}.Debug|Any CPU.Build.0 = Debug|Any CPU
		{2CF946A9-5E40-46F4-821B-E9F7F2A71032}.Debug|ARM.ActiveCfg = Debug|Any CPU
		{2CF946A9-5E40-46F4-821B-E9F7F2A71032}.Debug|ARM.Build.0 = Debug|Any CPU
		{2CF946A9-5E40-46F4-821B-E9F7F2A71032}.Debug|x64.ActiveCfg = Debug|Any CPU
		{2CF946A9-5E40-46F4-821B-E9F7F2A71032}.Debug|x64.Build.0 = Debug|Any CPU
		{2CF946A9-5E40-46F4-821B-E9F7F2A71032}.Debug|x86.ActiveCfg = Debug|Any CPU
		{2CF946A9-5E40-46F4-821B-E9F7F2A71032}.Debug|x86.Build.0 = Debug|Any CPU
		{2CF946A9-5E40-46F4-821B-E9F7F2A71032}.Release|Any CPU.ActiveCfg = Release|Any CPU
		{2CF946A9-5E40-46F4-821B-E9F7F2A71032}.Release|Any CPU.Build.0 = Release|Any CPU
		{2CF946A9-5E40-46F4-821B-E9F7F2A71032}.Release|ARM.ActiveCfg = Release|Any CPU
		{2CF946A9-5E40-46F4-821B-E9F7F2A71032}.Release|ARM.Build.0 = Release|Any CPU
		{2CF946A9-5E40-46F4-821B-E9F7F2A71032}.Release|x64.ActiveCfg = Release|Any CPU
		{2CF946A9-5E40-46F4-821B-E9F7F2A71032}.Release|x64.Build.0 = Release|Any CPU
		{2CF946A9-5E40-46F4-821B-E9F7F2A71032}.Release|x86.ActiveCfg = Release|Any CPU
		{2CF946A9-5E40-46F4-821B-E9F7F2A71032}.Release|x86.Build.0 = Release|Any CPU
		{21284859-45E0-48D1-829D-509F7A143B78}.Debug|Any CPU.ActiveCfg = Debug|Any CPU
		{21284859-45E0-48D1-829D-509F7A143B78}.Debug|Any CPU.Build.0 = Debug|Any CPU
		{21284859-45E0-48D1-829D-509F7A143B78}.Debug|ARM.ActiveCfg = Debug|Any CPU
		{21284859-45E0-48D1-829D-509F7A143B78}.Debug|ARM.Build.0 = Debug|Any CPU
		{21284859-45E0-48D1-829D-509F7A143B78}.Debug|x64.ActiveCfg = Debug|Any CPU
		{21284859-45E0-48D1-829D-509F7A143B78}.Debug|x64.Build.0 = Debug|Any CPU
		{21284859-45E0-48D1-829D-509F7A143B78}.Debug|x86.ActiveCfg = Debug|Any CPU
		{21284859-45E0-48D1-829D-509F7A143B78}.Debug|x86.Build.0 = Debug|Any CPU
		{21284859-45E0-48D1-829D-509F7A143B78}.Release|Any CPU.ActiveCfg = Release|Any CPU
		{21284859-45E0-48D1-829D-509F7A143B78}.Release|Any CPU.Build.0 = Release|Any CPU
		{21284859-45E0-48D1-829D-509F7A143B78}.Release|ARM.ActiveCfg = Release|Any CPU
		{21284859-45E0-48D1-829D-509F7A143B78}.Release|ARM.Build.0 = Release|Any CPU
		{21284859-45E0-48D1-829D-509F7A143B78}.Release|x64.ActiveCfg = Release|Any CPU
		{21284859-45E0-48D1-829D-509F7A143B78}.Release|x64.Build.0 = Release|Any CPU
		{21284859-45E0-48D1-829D-509F7A143B78}.Release|x86.ActiveCfg = Release|Any CPU
		{21284859-45E0-48D1-829D-509F7A143B78}.Release|x86.Build.0 = Release|Any CPU
		{539C7302-9003-4AAB-871B-3721F7A43FC7}.Debug|Any CPU.ActiveCfg = Debug|Any CPU
		{539C7302-9003-4AAB-871B-3721F7A43FC7}.Debug|Any CPU.Build.0 = Debug|Any CPU
		{539C7302-9003-4AAB-871B-3721F7A43FC7}.Debug|ARM.ActiveCfg = Debug|Any CPU
		{539C7302-9003-4AAB-871B-3721F7A43FC7}.Debug|ARM.Build.0 = Debug|Any CPU
		{539C7302-9003-4AAB-871B-3721F7A43FC7}.Debug|x64.ActiveCfg = Debug|Any CPU
		{539C7302-9003-4AAB-871B-3721F7A43FC7}.Debug|x64.Build.0 = Debug|Any CPU
		{539C7302-9003-4AAB-871B-3721F7A43FC7}.Debug|x86.ActiveCfg = Debug|Any CPU
		{539C7302-9003-4AAB-871B-3721F7A43FC7}.Debug|x86.Build.0 = Debug|Any CPU
		{539C7302-9003-4AAB-871B-3721F7A43FC7}.Release|Any CPU.ActiveCfg = Release|Any CPU
		{539C7302-9003-4AAB-871B-3721F7A43FC7}.Release|Any CPU.Build.0 = Release|Any CPU
		{539C7302-9003-4AAB-871B-3721F7A43FC7}.Release|ARM.ActiveCfg = Release|Any CPU
		{539C7302-9003-4AAB-871B-3721F7A43FC7}.Release|ARM.Build.0 = Release|Any CPU
		{539C7302-9003-4AAB-871B-3721F7A43FC7}.Release|x64.ActiveCfg = Release|Any CPU
		{539C7302-9003-4AAB-871B-3721F7A43FC7}.Release|x64.Build.0 = Release|Any CPU
		{539C7302-9003-4AAB-871B-3721F7A43FC7}.Release|x86.ActiveCfg = Release|Any CPU
		{539C7302-9003-4AAB-871B-3721F7A43FC7}.Release|x86.Build.0 = Release|Any CPU
		{41D201A3-7C12-42F7-9208-BF2A8224DE3C}.Debug|Any CPU.ActiveCfg = Debug|Any CPU
		{41D201A3-7C12-42F7-9208-BF2A8224DE3C}.Debug|Any CPU.Build.0 = Debug|Any CPU
		{41D201A3-7C12-42F7-9208-BF2A8224DE3C}.Debug|ARM.ActiveCfg = Debug|Any CPU
		{41D201A3-7C12-42F7-9208-BF2A8224DE3C}.Debug|ARM.Build.0 = Debug|Any CPU
		{41D201A3-7C12-42F7-9208-BF2A8224DE3C}.Debug|x64.ActiveCfg = Debug|Any CPU
		{41D201A3-7C12-42F7-9208-BF2A8224DE3C}.Debug|x64.Build.0 = Debug|Any CPU
		{41D201A3-7C12-42F7-9208-BF2A8224DE3C}.Debug|x86.ActiveCfg = Debug|Any CPU
		{41D201A3-7C12-42F7-9208-BF2A8224DE3C}.Debug|x86.Build.0 = Debug|Any CPU
		{41D201A3-7C12-42F7-9208-BF2A8224DE3C}.Release|Any CPU.ActiveCfg = Release|Any CPU
		{41D201A3-7C12-42F7-9208-BF2A8224DE3C}.Release|Any CPU.Build.0 = Release|Any CPU
		{41D201A3-7C12-42F7-9208-BF2A8224DE3C}.Release|ARM.ActiveCfg = Release|Any CPU
		{41D201A3-7C12-42F7-9208-BF2A8224DE3C}.Release|ARM.Build.0 = Release|Any CPU
		{41D201A3-7C12-42F7-9208-BF2A8224DE3C}.Release|x64.ActiveCfg = Release|Any CPU
		{41D201A3-7C12-42F7-9208-BF2A8224DE3C}.Release|x64.Build.0 = Release|Any CPU
		{41D201A3-7C12-42F7-9208-BF2A8224DE3C}.Release|x86.ActiveCfg = Release|Any CPU
		{41D201A3-7C12-42F7-9208-BF2A8224DE3C}.Release|x86.Build.0 = Release|Any CPU
		{FB3976A8-B006-4458-9309-74C1DC0527CF}.Debug|Any CPU.ActiveCfg = Debug|Any CPU
		{FB3976A8-B006-4458-9309-74C1DC0527CF}.Debug|Any CPU.Build.0 = Debug|Any CPU
		{FB3976A8-B006-4458-9309-74C1DC0527CF}.Debug|ARM.ActiveCfg = Debug|Any CPU
		{FB3976A8-B006-4458-9309-74C1DC0527CF}.Debug|ARM.Build.0 = Debug|Any CPU
		{FB3976A8-B006-4458-9309-74C1DC0527CF}.Debug|x64.ActiveCfg = Debug|Any CPU
		{FB3976A8-B006-4458-9309-74C1DC0527CF}.Debug|x64.Build.0 = Debug|Any CPU
		{FB3976A8-B006-4458-9309-74C1DC0527CF}.Debug|x86.ActiveCfg = Debug|Any CPU
		{FB3976A8-B006-4458-9309-74C1DC0527CF}.Debug|x86.Build.0 = Debug|Any CPU
		{FB3976A8-B006-4458-9309-74C1DC0527CF}.Release|Any CPU.ActiveCfg = Release|Any CPU
		{FB3976A8-B006-4458-9309-74C1DC0527CF}.Release|Any CPU.Build.0 = Release|Any CPU
		{FB3976A8-B006-4458-9309-74C1DC0527CF}.Release|ARM.ActiveCfg = Release|Any CPU
		{FB3976A8-B006-4458-9309-74C1DC0527CF}.Release|ARM.Build.0 = Release|Any CPU
		{FB3976A8-B006-4458-9309-74C1DC0527CF}.Release|x64.ActiveCfg = Release|Any CPU
		{FB3976A8-B006-4458-9309-74C1DC0527CF}.Release|x64.Build.0 = Release|Any CPU
		{FB3976A8-B006-4458-9309-74C1DC0527CF}.Release|x86.ActiveCfg = Release|Any CPU
		{FB3976A8-B006-4458-9309-74C1DC0527CF}.Release|x86.Build.0 = Release|Any CPU
		{1655D07C-3977-421E-96EF-818B33F4582F}.Debug|Any CPU.ActiveCfg = Debug|Any CPU
		{1655D07C-3977-421E-96EF-818B33F4582F}.Debug|Any CPU.Build.0 = Debug|Any CPU
		{1655D07C-3977-421E-96EF-818B33F4582F}.Debug|ARM.ActiveCfg = Debug|Any CPU
		{1655D07C-3977-421E-96EF-818B33F4582F}.Debug|ARM.Build.0 = Debug|Any CPU
		{1655D07C-3977-421E-96EF-818B33F4582F}.Debug|x64.ActiveCfg = Debug|Any CPU
		{1655D07C-3977-421E-96EF-818B33F4582F}.Debug|x64.Build.0 = Debug|Any CPU
		{1655D07C-3977-421E-96EF-818B33F4582F}.Debug|x86.ActiveCfg = Debug|Any CPU
		{1655D07C-3977-421E-96EF-818B33F4582F}.Debug|x86.Build.0 = Debug|Any CPU
		{1655D07C-3977-421E-96EF-818B33F4582F}.Release|Any CPU.ActiveCfg = Release|Any CPU
		{1655D07C-3977-421E-96EF-818B33F4582F}.Release|Any CPU.Build.0 = Release|Any CPU
		{1655D07C-3977-421E-96EF-818B33F4582F}.Release|ARM.ActiveCfg = Release|Any CPU
		{1655D07C-3977-421E-96EF-818B33F4582F}.Release|ARM.Build.0 = Release|Any CPU
		{1655D07C-3977-421E-96EF-818B33F4582F}.Release|x64.ActiveCfg = Release|Any CPU
		{1655D07C-3977-421E-96EF-818B33F4582F}.Release|x64.Build.0 = Release|Any CPU
		{1655D07C-3977-421E-96EF-818B33F4582F}.Release|x86.ActiveCfg = Release|Any CPU
		{1655D07C-3977-421E-96EF-818B33F4582F}.Release|x86.Build.0 = Release|Any CPU
		{1324787E-16DD-40DD-B81E-62C750A4CE0B}.Debug|Any CPU.ActiveCfg = Debug|Any CPU
		{1324787E-16DD-40DD-B81E-62C750A4CE0B}.Debug|Any CPU.Build.0 = Debug|Any CPU
		{1324787E-16DD-40DD-B81E-62C750A4CE0B}.Debug|ARM.ActiveCfg = Debug|Any CPU
		{1324787E-16DD-40DD-B81E-62C750A4CE0B}.Debug|ARM.Build.0 = Debug|Any CPU
		{1324787E-16DD-40DD-B81E-62C750A4CE0B}.Debug|x64.ActiveCfg = Debug|Any CPU
		{1324787E-16DD-40DD-B81E-62C750A4CE0B}.Debug|x64.Build.0 = Debug|Any CPU
		{1324787E-16DD-40DD-B81E-62C750A4CE0B}.Debug|x86.ActiveCfg = Debug|Any CPU
		{1324787E-16DD-40DD-B81E-62C750A4CE0B}.Debug|x86.Build.0 = Debug|Any CPU
		{1324787E-16DD-40DD-B81E-62C750A4CE0B}.Release|Any CPU.ActiveCfg = Release|Any CPU
		{1324787E-16DD-40DD-B81E-62C750A4CE0B}.Release|Any CPU.Build.0 = Release|Any CPU
		{1324787E-16DD-40DD-B81E-62C750A4CE0B}.Release|ARM.ActiveCfg = Release|Any CPU
		{1324787E-16DD-40DD-B81E-62C750A4CE0B}.Release|ARM.Build.0 = Release|Any CPU
		{1324787E-16DD-40DD-B81E-62C750A4CE0B}.Release|x64.ActiveCfg = Release|Any CPU
		{1324787E-16DD-40DD-B81E-62C750A4CE0B}.Release|x64.Build.0 = Release|Any CPU
		{1324787E-16DD-40DD-B81E-62C750A4CE0B}.Release|x86.ActiveCfg = Release|Any CPU
		{1324787E-16DD-40DD-B81E-62C750A4CE0B}.Release|x86.Build.0 = Release|Any CPU
		{E979D9FB-3C1F-40BC-A135-207DE454F35D}.Debug|Any CPU.ActiveCfg = Debug|Any CPU
		{E979D9FB-3C1F-40BC-A135-207DE454F35D}.Debug|Any CPU.Build.0 = Debug|Any CPU
		{E979D9FB-3C1F-40BC-A135-207DE454F35D}.Debug|ARM.ActiveCfg = Debug|Any CPU
		{E979D9FB-3C1F-40BC-A135-207DE454F35D}.Debug|ARM.Build.0 = Debug|Any CPU
		{E979D9FB-3C1F-40BC-A135-207DE454F35D}.Debug|x64.ActiveCfg = Debug|Any CPU
		{E979D9FB-3C1F-40BC-A135-207DE454F35D}.Debug|x64.Build.0 = Debug|Any CPU
		{E979D9FB-3C1F-40BC-A135-207DE454F35D}.Debug|x86.ActiveCfg = Debug|Any CPU
		{E979D9FB-3C1F-40BC-A135-207DE454F35D}.Debug|x86.Build.0 = Debug|Any CPU
		{E979D9FB-3C1F-40BC-A135-207DE454F35D}.Release|Any CPU.ActiveCfg = Release|Any CPU
		{E979D9FB-3C1F-40BC-A135-207DE454F35D}.Release|Any CPU.Build.0 = Release|Any CPU
		{E979D9FB-3C1F-40BC-A135-207DE454F35D}.Release|ARM.ActiveCfg = Release|Any CPU
		{E979D9FB-3C1F-40BC-A135-207DE454F35D}.Release|ARM.Build.0 = Release|Any CPU
		{E979D9FB-3C1F-40BC-A135-207DE454F35D}.Release|x64.ActiveCfg = Release|Any CPU
		{E979D9FB-3C1F-40BC-A135-207DE454F35D}.Release|x64.Build.0 = Release|Any CPU
		{E979D9FB-3C1F-40BC-A135-207DE454F35D}.Release|x86.ActiveCfg = Release|Any CPU
		{E979D9FB-3C1F-40BC-A135-207DE454F35D}.Release|x86.Build.0 = Release|Any CPU
		{35D95A27-61C9-4951-B5F9-5D087B7E3570}.Debug|Any CPU.ActiveCfg = Debug|Any CPU
		{35D95A27-61C9-4951-B5F9-5D087B7E3570}.Debug|Any CPU.Build.0 = Debug|Any CPU
		{35D95A27-61C9-4951-B5F9-5D087B7E3570}.Debug|ARM.ActiveCfg = Debug|Any CPU
		{35D95A27-61C9-4951-B5F9-5D087B7E3570}.Debug|ARM.Build.0 = Debug|Any CPU
		{35D95A27-61C9-4951-B5F9-5D087B7E3570}.Debug|x64.ActiveCfg = Debug|Any CPU
		{35D95A27-61C9-4951-B5F9-5D087B7E3570}.Debug|x64.Build.0 = Debug|Any CPU
		{35D95A27-61C9-4951-B5F9-5D087B7E3570}.Debug|x86.ActiveCfg = Debug|Any CPU
		{35D95A27-61C9-4951-B5F9-5D087B7E3570}.Debug|x86.Build.0 = Debug|Any CPU
		{35D95A27-61C9-4951-B5F9-5D087B7E3570}.Release|Any CPU.ActiveCfg = Release|Any CPU
		{35D95A27-61C9-4951-B5F9-5D087B7E3570}.Release|Any CPU.Build.0 = Release|Any CPU
		{35D95A27-61C9-4951-B5F9-5D087B7E3570}.Release|ARM.ActiveCfg = Release|Any CPU
		{35D95A27-61C9-4951-B5F9-5D087B7E3570}.Release|ARM.Build.0 = Release|Any CPU
		{35D95A27-61C9-4951-B5F9-5D087B7E3570}.Release|x64.ActiveCfg = Release|Any CPU
		{35D95A27-61C9-4951-B5F9-5D087B7E3570}.Release|x64.Build.0 = Release|Any CPU
		{35D95A27-61C9-4951-B5F9-5D087B7E3570}.Release|x86.ActiveCfg = Release|Any CPU
		{35D95A27-61C9-4951-B5F9-5D087B7E3570}.Release|x86.Build.0 = Release|Any CPU
	EndGlobalSection
	GlobalSection(SolutionProperties) = preSolution
		HideSolutionNode = FALSE
	EndGlobalSection
	GlobalSection(NestedProjects) = preSolution
		{BD61AD2E-71C8-4E3D-9B79-C34660CD6CD7} = {1DF0F472-E4CA-4EFD-9459-F5B90E2E8E67}
		{B1DF9A0A-2218-4F91-83AB-2830EA2B2014} = {1DF0F472-E4CA-4EFD-9459-F5B90E2E8E67}
		{49932FF4-0BB7-4B74-99DB-5E8D78D8051E} = {1DF0F472-E4CA-4EFD-9459-F5B90E2E8E67}
		{3C224657-2F76-4997-BE2E-B8CC8D8F98D5} = {1DF0F472-E4CA-4EFD-9459-F5B90E2E8E67}
		{782C017B-03B5-491A-8058-0E98A56A7730} = {1DF0F472-E4CA-4EFD-9459-F5B90E2E8E67}
		{FF669221-B138-4C09-A822-5DD365336BA9} = {1BC68BA5-84FB-42A9-B733-6BFBB327EF8B}
		{066E5471-7F04-4DB7-85D3-69D6D6464F46} = {E8AA67CB-09C6-4E4B-AFF1-0D5875903C34}
		{BE3F14A5-B8E0-4D4F-B873-8D21DD8D1F0B} = {74747D87-4B09-479B-B2FC-63F2CCAC4201}
		{52921B2D-65F6-4069-B5B5-5BC2E36823D3} = {74747D87-4B09-479B-B2FC-63F2CCAC4201}
		{AFA64BA1-DEC5-4CE5-84BC-C1984EF08539} = {FF669221-B138-4C09-A822-5DD365336BA9}
		{20B772BB-F54A-40B3-9264-76E51507D82E} = {FF669221-B138-4C09-A822-5DD365336BA9}
		{F62A49A3-93FF-4AA4-8399-29DA9EC3CC24} = {FF669221-B138-4C09-A822-5DD365336BA9}
		{63C58E46-5934-446F-ABF9-08D9395FCA89} = {74747D87-4B09-479B-B2FC-63F2CCAC4201}
		{3F76EC74-87E9-41EB-A4BF-14B42D7BEC13} = {74747D87-4B09-479B-B2FC-63F2CCAC4201}
		{0AF83D6C-F5BE-420E-A60B-6C0A5BA32198} = {A48D5A62-96E5-4D44-818C-18748101CCC5}
		{98C10EF5-874B-4E97-8996-62AE5E4ADF57} = {A48D5A62-96E5-4D44-818C-18748101CCC5}
		{B1CB28FF-86E6-4989-BB10-F790E96452BC} = {A48D5A62-96E5-4D44-818C-18748101CCC5}
		{D6DE1943-0BBA-48B7-A9CF-42B122837E01} = {A48D5A62-96E5-4D44-818C-18748101CCC5}
		{D78AD8D0-5D1E-468B-9406-3F501A24F30F} = {A48D5A62-96E5-4D44-818C-18748101CCC5}
		{D6A2F442-6DB8-4330-B99B-1BC59B177DA9} = {FF669221-B138-4C09-A822-5DD365336BA9}
		{442C769E-4749-4626-AEC9-C95D35DB7212} = {FF669221-B138-4C09-A822-5DD365336BA9}
		{7C6F2754-83B4-499D-916A-01D4DF9B2F42} = {1DF0F472-E4CA-4EFD-9459-F5B90E2E8E67}
		{FEB95B08-B353-4446-9756-ACC6B363F505} = {E8AA67CB-09C6-4E4B-AFF1-0D5875903C34}
		{1BF0DF18-0985-4CDA-9D3D-913495F30E46} = {E8AA67CB-09C6-4E4B-AFF1-0D5875903C34}
		{46C17FD7-88EE-4C6F-AC1C-D0190BDCD901} = {E8AA67CB-09C6-4E4B-AFF1-0D5875903C34}
		{2CF946A9-5E40-46F4-821B-E9F7F2A71032} = {E8AA67CB-09C6-4E4B-AFF1-0D5875903C34}
		{E8AA67CB-09C6-4E4B-AFF1-0D5875903C34} = {1DF0F472-E4CA-4EFD-9459-F5B90E2E8E67}
		{21284859-45E0-48D1-829D-509F7A143B78} = {E8AA67CB-09C6-4E4B-AFF1-0D5875903C34}
		{539C7302-9003-4AAB-871B-3721F7A43FC7} = {E8AA67CB-09C6-4E4B-AFF1-0D5875903C34}
		{41D201A3-7C12-42F7-9208-BF2A8224DE3C} = {1DF0F472-E4CA-4EFD-9459-F5B90E2E8E67}
		{FB3976A8-B006-4458-9309-74C1DC0527CF} = {1DF0F472-E4CA-4EFD-9459-F5B90E2E8E67}
		{1655D07C-3977-421E-96EF-818B33F4582F} = {1DF0F472-E4CA-4EFD-9459-F5B90E2E8E67}
		{1324787E-16DD-40DD-B81E-62C750A4CE0B} = {1BC68BA5-84FB-42A9-B733-6BFBB327EF8B}
		{E979D9FB-3C1F-40BC-A135-207DE454F35D} = {1BC68BA5-84FB-42A9-B733-6BFBB327EF8B}
		{35D95A27-61C9-4951-B5F9-5D087B7E3570} = {1BC68BA5-84FB-42A9-B733-6BFBB327EF8B}
	EndGlobalSection
	GlobalSection(ExtensibilityGlobals) = postSolution
		SolutionGuid = {5CA92FF2-B2AC-41BA-ADDD-1F259867B5F4}
	EndGlobalSection
EndGlobal
